#############################################################################
# Makefile for building: ../bin/guido2image
# Generated by qmake (3.0) (Qt 5.3.2)
# Project:  guido2image.pro
# Template: app
# Command: /Users/fober/Qt5.3.2/5.3/clang_64/bin/qmake -o project.pbxproj guido2image.pro
#############################################################################

MAKEFILE      = project.pbxproj

####### Compiler, tools and options

CC            = /Applications/Xcode.app/Contents/Developer/Toolchains/XcodeDefault.xctoolchain/usr/bin/clang
CXX           = /Applications/Xcode.app/Contents/Developer/Toolchains/XcodeDefault.xctoolchain/usr/bin/clang++
DEFINES       = -DUSE_UNISTD -DQT_NO_DEBUG -DQT_PRINTSUPPORT_LIB -DQT_WIDGETS_LIB -DQT_GUI_LIB -DQT_CORE_LIB
CFLAGS        = -pipe -O2 -isysroot /Applications/Xcode.app/Contents/Developer/Platforms/MacOSX.platform/Developer/SDKs/MacOSX10.9.sdk -mmacosx-version-min=10.6 -Wall -W -fPIE $(DEFINES)
CXXFLAGS      = -pipe -mmacosx-version-min=10.6 -O2 -isysroot /Applications/Xcode.app/Contents/Developer/Platforms/MacOSX.platform/Developer/SDKs/MacOSX10.9.sdk -mmacosx-version-min=10.6 -Wall -W -fPIE $(DEFINES)
INCPATH       = -I/Users/fober/Qt5.3.2/5.3/clang_64/mkspecs/macx-clang -I. -I../GuidoQt/include -I../../src/engine/include -I/Users/fober/Qt5.3.2/5.3/clang_64/lib/QtPrintSupport.framework/Versions/5/Headers -I/Users/fober/Qt5.3.2/5.3/clang_64/lib/QtWidgets.framework/Versions/5/Headers -I/Users/fober/Qt5.3.2/5.3/clang_64/lib/QtGui.framework/Versions/5/Headers -I/Users/fober/Qt5.3.2/5.3/clang_64/lib/QtCore.framework/Versions/5/Headers -I. -I/Applications/Xcode.app/Contents/Developer/Platforms/MacOSX.platform/Developer/SDKs/MacOSX10.9.sdk/System/Library/Frameworks/OpenGL.framework/Versions/A/Headers -I/Applications/Xcode.app/Contents/Developer/Platforms/MacOSX.platform/Developer/SDKs/MacOSX10.9.sdk/System/Library/Frameworks/AGL.framework/Headers -F/Users/fober/Qt5.3.2/5.3/clang_64/lib
LINK          = /Applications/Xcode.app/Contents/Developer/Toolchains/XcodeDefault.xctoolchain/usr/bin/clang++
LFLAGS        = -headerpad_max_install_names -Wl,-syslibroot,/Applications/Xcode.app/Contents/Developer/Platforms/MacOSX.platform/Developer/SDKs/MacOSX10.9.sdk -mmacosx-version-min=10.6
LIBS          = $(SUBLIBS) -F/Users/fober/Qt5.3.2/5.3/clang_64/lib -L.. -lGuidoQt -F../../build/MacOS/Release -framework GUIDOEngine -framework QtPrintSupport -framework QtWidgets -framework QtGui -framework QtCore -framework OpenGL -framework AGL 
AR            = /Applications/Xcode.app/Contents/Developer/Toolchains/XcodeDefault.xctoolchain/usr/bin/ar cq
RANLIB        = /Applications/Xcode.app/Contents/Developer/Toolchains/XcodeDefault.xctoolchain/usr/bin/ranlib -s
QMAKE         = /Users/fober/Qt5.3.2/5.3/clang_64/bin/qmake
TAR           = tar -cf
COMPRESS      = gzip -9f
COPY          = cp -f
SED           = sed
COPY_FILE     = cp -f
COPY_DIR      = cp -f -R
STRIP         = 
INSTALL_FILE  = $(COPY_FILE)
INSTALL_DIR   = $(COPY_DIR)
INSTALL_PROGRAM = $(COPY_FILE)
DEL_FILE      = rm -f
SYMLINK       = ln -f -s
DEL_DIR       = rmdir
MOVE          = mv -f
CHK_DIR_EXISTS= test -d
MKDIR         = mkdir -p

####### Output directory

OBJECTS_DIR   = ./

####### Files

SOURCES       = main.cpp 
OBJECTS       = main.o
DIST          = /Users/fober/Qt5.3.2/5.3/clang_64/mkspecs/features/spec_pre.prf \
		/Users/fober/Qt5.3.2/5.3/clang_64/mkspecs/qdevice.pri \
		/Users/fober/Qt5.3.2/5.3/clang_64/mkspecs/features/device_config.prf \
		/Users/fober/Qt5.3.2/5.3/clang_64/mkspecs/common/shell-unix.conf \
		/Users/fober/Qt5.3.2/5.3/clang_64/mkspecs/common/unix.conf \
		/Users/fober/Qt5.3.2/5.3/clang_64/mkspecs/common/mac.conf \
		/Users/fober/Qt5.3.2/5.3/clang_64/mkspecs/common/macx.conf \
		/Users/fober/Qt5.3.2/5.3/clang_64/mkspecs/common/gcc-base.conf \
		/Users/fober/Qt5.3.2/5.3/clang_64/mkspecs/common/gcc-base-mac.conf \
		/Users/fober/Qt5.3.2/5.3/clang_64/mkspecs/common/clang.conf \
		/Users/fober/Qt5.3.2/5.3/clang_64/mkspecs/common/clang-mac.conf \
		/Users/fober/Qt5.3.2/5.3/clang_64/mkspecs/qconfig.pri \
		/Users/fober/Qt5.3.2/5.3/clang_64/mkspecs/modules/qt_lib_bluetooth.pri \
		/Users/fober/Qt5.3.2/5.3/clang_64/mkspecs/modules/qt_lib_bluetooth_private.pri \
		/Users/fober/Qt5.3.2/5.3/clang_64/mkspecs/modules/qt_lib_bootstrap_private.pri \
		/Users/fober/Qt5.3.2/5.3/clang_64/mkspecs/modules/qt_lib_clucene_private.pri \
		/Users/fober/Qt5.3.2/5.3/clang_64/mkspecs/modules/qt_lib_concurrent.pri \
		/Users/fober/Qt5.3.2/5.3/clang_64/mkspecs/modules/qt_lib_concurrent_private.pri \
		/Users/fober/Qt5.3.2/5.3/clang_64/mkspecs/modules/qt_lib_core.pri \
		/Users/fober/Qt5.3.2/5.3/clang_64/mkspecs/modules/qt_lib_core_private.pri \
		/Users/fober/Qt5.3.2/5.3/clang_64/mkspecs/modules/qt_lib_dbus.pri \
		/Users/fober/Qt5.3.2/5.3/clang_64/mkspecs/modules/qt_lib_dbus_private.pri \
		/Users/fober/Qt5.3.2/5.3/clang_64/mkspecs/modules/qt_lib_declarative.pri \
		/Users/fober/Qt5.3.2/5.3/clang_64/mkspecs/modules/qt_lib_declarative_private.pri \
		/Users/fober/Qt5.3.2/5.3/clang_64/mkspecs/modules/qt_lib_designer.pri \
		/Users/fober/Qt5.3.2/5.3/clang_64/mkspecs/modules/qt_lib_designer_private.pri \
		/Users/fober/Qt5.3.2/5.3/clang_64/mkspecs/modules/qt_lib_designercomponents_private.pri \
		/Users/fober/Qt5.3.2/5.3/clang_64/mkspecs/modules/qt_lib_enginio.pri \
		/Users/fober/Qt5.3.2/5.3/clang_64/mkspecs/modules/qt_lib_enginio_private.pri \
		/Users/fober/Qt5.3.2/5.3/clang_64/mkspecs/modules/qt_lib_gui.pri \
		/Users/fober/Qt5.3.2/5.3/clang_64/mkspecs/modules/qt_lib_gui_private.pri \
		/Users/fober/Qt5.3.2/5.3/clang_64/mkspecs/modules/qt_lib_help.pri \
		/Users/fober/Qt5.3.2/5.3/clang_64/mkspecs/modules/qt_lib_help_private.pri \
		/Users/fober/Qt5.3.2/5.3/clang_64/mkspecs/modules/qt_lib_macextras.pri \
		/Users/fober/Qt5.3.2/5.3/clang_64/mkspecs/modules/qt_lib_macextras_private.pri \
		/Users/fober/Qt5.3.2/5.3/clang_64/mkspecs/modules/qt_lib_multimedia.pri \
		/Users/fober/Qt5.3.2/5.3/clang_64/mkspecs/modules/qt_lib_multimedia_private.pri \
		/Users/fober/Qt5.3.2/5.3/clang_64/mkspecs/modules/qt_lib_multimediawidgets.pri \
		/Users/fober/Qt5.3.2/5.3/clang_64/mkspecs/modules/qt_lib_multimediawidgets_private.pri \
		/Users/fober/Qt5.3.2/5.3/clang_64/mkspecs/modules/qt_lib_network.pri \
		/Users/fober/Qt5.3.2/5.3/clang_64/mkspecs/modules/qt_lib_network_private.pri \
		/Users/fober/Qt5.3.2/5.3/clang_64/mkspecs/modules/qt_lib_nfc.pri \
		/Users/fober/Qt5.3.2/5.3/clang_64/mkspecs/modules/qt_lib_nfc_private.pri \
		/Users/fober/Qt5.3.2/5.3/clang_64/mkspecs/modules/qt_lib_opengl.pri \
		/Users/fober/Qt5.3.2/5.3/clang_64/mkspecs/modules/qt_lib_opengl_private.pri \
		/Users/fober/Qt5.3.2/5.3/clang_64/mkspecs/modules/qt_lib_openglextensions.pri \
		/Users/fober/Qt5.3.2/5.3/clang_64/mkspecs/modules/qt_lib_openglextensions_private.pri \
		/Users/fober/Qt5.3.2/5.3/clang_64/mkspecs/modules/qt_lib_platformsupport_private.pri \
		/Users/fober/Qt5.3.2/5.3/clang_64/mkspecs/modules/qt_lib_positioning.pri \
		/Users/fober/Qt5.3.2/5.3/clang_64/mkspecs/modules/qt_lib_positioning_private.pri \
		/Users/fober/Qt5.3.2/5.3/clang_64/mkspecs/modules/qt_lib_printsupport.pri \
		/Users/fober/Qt5.3.2/5.3/clang_64/mkspecs/modules/qt_lib_printsupport_private.pri \
		/Users/fober/Qt5.3.2/5.3/clang_64/mkspecs/modules/qt_lib_qml.pri \
		/Users/fober/Qt5.3.2/5.3/clang_64/mkspecs/modules/qt_lib_qml_private.pri \
		/Users/fober/Qt5.3.2/5.3/clang_64/mkspecs/modules/qt_lib_qmldevtools_private.pri \
		/Users/fober/Qt5.3.2/5.3/clang_64/mkspecs/modules/qt_lib_qmltest.pri \
		/Users/fober/Qt5.3.2/5.3/clang_64/mkspecs/modules/qt_lib_qmltest_private.pri \
		/Users/fober/Qt5.3.2/5.3/clang_64/mkspecs/modules/qt_lib_qtmultimediaquicktools_private.pri \
		/Users/fober/Qt5.3.2/5.3/clang_64/mkspecs/modules/qt_lib_quick.pri \
		/Users/fober/Qt5.3.2/5.3/clang_64/mkspecs/modules/qt_lib_quick_private.pri \
		/Users/fober/Qt5.3.2/5.3/clang_64/mkspecs/modules/qt_lib_quickparticles_private.pri \
		/Users/fober/Qt5.3.2/5.3/clang_64/mkspecs/modules/qt_lib_quickwidgets.pri \
		/Users/fober/Qt5.3.2/5.3/clang_64/mkspecs/modules/qt_lib_quickwidgets_private.pri \
		/Users/fober/Qt5.3.2/5.3/clang_64/mkspecs/modules/qt_lib_script.pri \
		/Users/fober/Qt5.3.2/5.3/clang_64/mkspecs/modules/qt_lib_script_private.pri \
		/Users/fober/Qt5.3.2/5.3/clang_64/mkspecs/modules/qt_lib_scripttools.pri \
		/Users/fober/Qt5.3.2/5.3/clang_64/mkspecs/modules/qt_lib_scripttools_private.pri \
		/Users/fober/Qt5.3.2/5.3/clang_64/mkspecs/modules/qt_lib_sensors.pri \
		/Users/fober/Qt5.3.2/5.3/clang_64/mkspecs/modules/qt_lib_sensors_private.pri \
		/Users/fober/Qt5.3.2/5.3/clang_64/mkspecs/modules/qt_lib_serialport.pri \
		/Users/fober/Qt5.3.2/5.3/clang_64/mkspecs/modules/qt_lib_serialport_private.pri \
		/Users/fober/Qt5.3.2/5.3/clang_64/mkspecs/modules/qt_lib_sql.pri \
		/Users/fober/Qt5.3.2/5.3/clang_64/mkspecs/modules/qt_lib_sql_private.pri \
		/Users/fober/Qt5.3.2/5.3/clang_64/mkspecs/modules/qt_lib_svg.pri \
		/Users/fober/Qt5.3.2/5.3/clang_64/mkspecs/modules/qt_lib_svg_private.pri \
		/Users/fober/Qt5.3.2/5.3/clang_64/mkspecs/modules/qt_lib_testlib.pri \
		/Users/fober/Qt5.3.2/5.3/clang_64/mkspecs/modules/qt_lib_testlib_private.pri \
		/Users/fober/Qt5.3.2/5.3/clang_64/mkspecs/modules/qt_lib_uitools.pri \
		/Users/fober/Qt5.3.2/5.3/clang_64/mkspecs/modules/qt_lib_uitools_private.pri \
		/Users/fober/Qt5.3.2/5.3/clang_64/mkspecs/modules/qt_lib_webkit.pri \
		/Users/fober/Qt5.3.2/5.3/clang_64/mkspecs/modules/qt_lib_webkit_private.pri \
		/Users/fober/Qt5.3.2/5.3/clang_64/mkspecs/modules/qt_lib_webkitwidgets.pri \
		/Users/fober/Qt5.3.2/5.3/clang_64/mkspecs/modules/qt_lib_webkitwidgets_private.pri \
		/Users/fober/Qt5.3.2/5.3/clang_64/mkspecs/modules/qt_lib_websockets.pri \
		/Users/fober/Qt5.3.2/5.3/clang_64/mkspecs/modules/qt_lib_websockets_private.pri \
		/Users/fober/Qt5.3.2/5.3/clang_64/mkspecs/modules/qt_lib_widgets.pri \
		/Users/fober/Qt5.3.2/5.3/clang_64/mkspecs/modules/qt_lib_widgets_private.pri \
		/Users/fober/Qt5.3.2/5.3/clang_64/mkspecs/modules/qt_lib_xml.pri \
		/Users/fober/Qt5.3.2/5.3/clang_64/mkspecs/modules/qt_lib_xml_private.pri \
		/Users/fober/Qt5.3.2/5.3/clang_64/mkspecs/modules/qt_lib_xmlpatterns.pri \
		/Users/fober/Qt5.3.2/5.3/clang_64/mkspecs/modules/qt_lib_xmlpatterns_private.pri \
		/Users/fober/Qt5.3.2/5.3/clang_64/mkspecs/features/qt_functions.prf \
		/Users/fober/Qt5.3.2/5.3/clang_64/mkspecs/features/qt_config.prf \
		/Users/fober/Qt5.3.2/5.3/clang_64/mkspecs/macx-clang/qmake.conf \
		/Users/fober/Qt5.3.2/5.3/clang_64/mkspecs/features/spec_post.prf \
		.qmake.stash \
		/Users/fober/Qt5.3.2/5.3/clang_64/mkspecs/features/exclusive_builds.prf \
		/Users/fober/Qt5.3.2/5.3/clang_64/mkspecs/features/default_pre.prf \
		/Users/fober/Qt5.3.2/5.3/clang_64/mkspecs/features/mac/default_pre.prf \
		../GUIDOEngineLink.pri \
		/Users/fober/Qt5.3.2/5.3/clang_64/mkspecs/features/resolve_config.prf \
		/Users/fober/Qt5.3.2/5.3/clang_64/mkspecs/features/default_post.prf \
		/Users/fober/Qt5.3.2/5.3/clang_64/mkspecs/features/mac/sdk.prf \
		/Users/fober/Qt5.3.2/5.3/clang_64/mkspecs/features/mac/default_post.prf \
		/Users/fober/Qt5.3.2/5.3/clang_64/mkspecs/features/mac/objective_c.prf \
		/Users/fober/Qt5.3.2/5.3/clang_64/mkspecs/features/warn_on.prf \
		/Users/fober/Qt5.3.2/5.3/clang_64/mkspecs/features/qt.prf \
		/Users/fober/Qt5.3.2/5.3/clang_64/mkspecs/features/resources.prf \
		/Users/fober/Qt5.3.2/5.3/clang_64/mkspecs/features/moc.prf \
		/Users/fober/Qt5.3.2/5.3/clang_64/mkspecs/features/unix/opengl.prf \
		/Users/fober/Qt5.3.2/5.3/clang_64/mkspecs/features/uic.prf \
		/Users/fober/Qt5.3.2/5.3/clang_64/mkspecs/features/unix/thread.prf \
		/Users/fober/Qt5.3.2/5.3/clang_64/mkspecs/features/mac/rez.prf \
		/Users/fober/Qt5.3.2/5.3/clang_64/mkspecs/features/testcase_targets.prf \
		/Users/fober/Qt5.3.2/5.3/clang_64/mkspecs/features/exceptions.prf \
		/Users/fober/Qt5.3.2/5.3/clang_64/mkspecs/features/yacc.prf \
		/Users/fober/Qt5.3.2/5.3/clang_64/mkspecs/features/lex.prf \
		guido2image.pro main.cpp
QMAKE_TARGET  = guido2image
DESTDIR       = ../bin/#avoid trailing-slash linebreak
TARGET        = ../bin/guido2image

####### Custom Compiler Variables
QMAKE_COMP_QMAKE_OBJECTIVE_CFLAGS = -pipe \
		-O2 \
		-isysroot \
		/Applications/Xcode.app/Contents/Developer/Platforms/MacOSX.platform/Developer/SDKs/MacOSX10.9.sdk \
		-mmacosx-version-min=10.6 \
		-Wall \
		-W



first: all
####### Implicit rules

.SUFFIXES: .o .c .cpp .cc .cxx .C

.cpp.o:
	$(CXX) -c $(CXXFLAGS) $(INCPATH) -o "$@" "$<"

.cc.o:
	$(CXX) -c $(CXXFLAGS) $(INCPATH) -o "$@" "$<"

.cxx.o:
	$(CXX) -c $(CXXFLAGS) $(INCPATH) -o "$@" "$<"

.C.o:
	$(CXX) -c $(CXXFLAGS) $(INCPATH) -o "$@" "$<"

.c.o:
	$(CC) -c $(CFLAGS) $(INCPATH) -o "$@" "$<"

####### Build rules

all: project.pbxproj $(TARGET)

$(TARGET):  $(OBJECTS)  
	@test -d ../bin/ || mkdir -p ../bin/
	$(LINK) $(LFLAGS) -o $(TARGET) $(OBJECTS) $(OBJCOMP) $(LIBS)

project.pbxproj: guido2image.pro /Users/fober/Qt5.3.2/5.3/clang_64/mkspecs/macx-clang/qmake.conf /Users/fober/Qt5.3.2/5.3/clang_64/mkspecs/features/spec_pre.prf \
		/Users/fober/Qt5.3.2/5.3/clang_64/mkspecs/qdevice.pri \
		/Users/fober/Qt5.3.2/5.3/clang_64/mkspecs/features/device_config.prf \
		/Users/fober/Qt5.3.2/5.3/clang_64/mkspecs/common/shell-unix.conf \
		/Users/fober/Qt5.3.2/5.3/clang_64/mkspecs/common/unix.conf \
		/Users/fober/Qt5.3.2/5.3/clang_64/mkspecs/common/mac.conf \
		/Users/fober/Qt5.3.2/5.3/clang_64/mkspecs/common/macx.conf \
		/Users/fober/Qt5.3.2/5.3/clang_64/mkspecs/common/gcc-base.conf \
		/Users/fober/Qt5.3.2/5.3/clang_64/mkspecs/common/gcc-base-mac.conf \
		/Users/fober/Qt5.3.2/5.3/clang_64/mkspecs/common/clang.conf \
		/Users/fober/Qt5.3.2/5.3/clang_64/mkspecs/common/clang-mac.conf \
		/Users/fober/Qt5.3.2/5.3/clang_64/mkspecs/qconfig.pri \
		/Users/fober/Qt5.3.2/5.3/clang_64/mkspecs/modules/qt_lib_bluetooth.pri \
		/Users/fober/Qt5.3.2/5.3/clang_64/mkspecs/modules/qt_lib_bluetooth_private.pri \
		/Users/fober/Qt5.3.2/5.3/clang_64/mkspecs/modules/qt_lib_bootstrap_private.pri \
		/Users/fober/Qt5.3.2/5.3/clang_64/mkspecs/modules/qt_lib_clucene_private.pri \
		/Users/fober/Qt5.3.2/5.3/clang_64/mkspecs/modules/qt_lib_concurrent.pri \
		/Users/fober/Qt5.3.2/5.3/clang_64/mkspecs/modules/qt_lib_concurrent_private.pri \
		/Users/fober/Qt5.3.2/5.3/clang_64/mkspecs/modules/qt_lib_core.pri \
		/Users/fober/Qt5.3.2/5.3/clang_64/mkspecs/modules/qt_lib_core_private.pri \
		/Users/fober/Qt5.3.2/5.3/clang_64/mkspecs/modules/qt_lib_dbus.pri \
		/Users/fober/Qt5.3.2/5.3/clang_64/mkspecs/modules/qt_lib_dbus_private.pri \
		/Users/fober/Qt5.3.2/5.3/clang_64/mkspecs/modules/qt_lib_declarative.pri \
		/Users/fober/Qt5.3.2/5.3/clang_64/mkspecs/modules/qt_lib_declarative_private.pri \
		/Users/fober/Qt5.3.2/5.3/clang_64/mkspecs/modules/qt_lib_designer.pri \
		/Users/fober/Qt5.3.2/5.3/clang_64/mkspecs/modules/qt_lib_designer_private.pri \
		/Users/fober/Qt5.3.2/5.3/clang_64/mkspecs/modules/qt_lib_designercomponents_private.pri \
		/Users/fober/Qt5.3.2/5.3/clang_64/mkspecs/modules/qt_lib_enginio.pri \
		/Users/fober/Qt5.3.2/5.3/clang_64/mkspecs/modules/qt_lib_enginio_private.pri \
		/Users/fober/Qt5.3.2/5.3/clang_64/mkspecs/modules/qt_lib_gui.pri \
		/Users/fober/Qt5.3.2/5.3/clang_64/mkspecs/modules/qt_lib_gui_private.pri \
		/Users/fober/Qt5.3.2/5.3/clang_64/mkspecs/modules/qt_lib_help.pri \
		/Users/fober/Qt5.3.2/5.3/clang_64/mkspecs/modules/qt_lib_help_private.pri \
		/Users/fober/Qt5.3.2/5.3/clang_64/mkspecs/modules/qt_lib_macextras.pri \
		/Users/fober/Qt5.3.2/5.3/clang_64/mkspecs/modules/qt_lib_macextras_private.pri \
		/Users/fober/Qt5.3.2/5.3/clang_64/mkspecs/modules/qt_lib_multimedia.pri \
		/Users/fober/Qt5.3.2/5.3/clang_64/mkspecs/modules/qt_lib_multimedia_private.pri \
		/Users/fober/Qt5.3.2/5.3/clang_64/mkspecs/modules/qt_lib_multimediawidgets.pri \
		/Users/fober/Qt5.3.2/5.3/clang_64/mkspecs/modules/qt_lib_multimediawidgets_private.pri \
		/Users/fober/Qt5.3.2/5.3/clang_64/mkspecs/modules/qt_lib_network.pri \
		/Users/fober/Qt5.3.2/5.3/clang_64/mkspecs/modules/qt_lib_network_private.pri \
		/Users/fober/Qt5.3.2/5.3/clang_64/mkspecs/modules/qt_lib_nfc.pri \
		/Users/fober/Qt5.3.2/5.3/clang_64/mkspecs/modules/qt_lib_nfc_private.pri \
		/Users/fober/Qt5.3.2/5.3/clang_64/mkspecs/modules/qt_lib_opengl.pri \
		/Users/fober/Qt5.3.2/5.3/clang_64/mkspecs/modules/qt_lib_opengl_private.pri \
		/Users/fober/Qt5.3.2/5.3/clang_64/mkspecs/modules/qt_lib_openglextensions.pri \
		/Users/fober/Qt5.3.2/5.3/clang_64/mkspecs/modules/qt_lib_openglextensions_private.pri \
		/Users/fober/Qt5.3.2/5.3/clang_64/mkspecs/modules/qt_lib_platformsupport_private.pri \
		/Users/fober/Qt5.3.2/5.3/clang_64/mkspecs/modules/qt_lib_positioning.pri \
		/Users/fober/Qt5.3.2/5.3/clang_64/mkspecs/modules/qt_lib_positioning_private.pri \
		/Users/fober/Qt5.3.2/5.3/clang_64/mkspecs/modules/qt_lib_printsupport.pri \
		/Users/fober/Qt5.3.2/5.3/clang_64/mkspecs/modules/qt_lib_printsupport_private.pri \
		/Users/fober/Qt5.3.2/5.3/clang_64/mkspecs/modules/qt_lib_qml.pri \
		/Users/fober/Qt5.3.2/5.3/clang_64/mkspecs/modules/qt_lib_qml_private.pri \
		/Users/fober/Qt5.3.2/5.3/clang_64/mkspecs/modules/qt_lib_qmldevtools_private.pri \
		/Users/fober/Qt5.3.2/5.3/clang_64/mkspecs/modules/qt_lib_qmltest.pri \
		/Users/fober/Qt5.3.2/5.3/clang_64/mkspecs/modules/qt_lib_qmltest_private.pri \
		/Users/fober/Qt5.3.2/5.3/clang_64/mkspecs/modules/qt_lib_qtmultimediaquicktools_private.pri \
		/Users/fober/Qt5.3.2/5.3/clang_64/mkspecs/modules/qt_lib_quick.pri \
		/Users/fober/Qt5.3.2/5.3/clang_64/mkspecs/modules/qt_lib_quick_private.pri \
		/Users/fober/Qt5.3.2/5.3/clang_64/mkspecs/modules/qt_lib_quickparticles_private.pri \
		/Users/fober/Qt5.3.2/5.3/clang_64/mkspecs/modules/qt_lib_quickwidgets.pri \
		/Users/fober/Qt5.3.2/5.3/clang_64/mkspecs/modules/qt_lib_quickwidgets_private.pri \
		/Users/fober/Qt5.3.2/5.3/clang_64/mkspecs/modules/qt_lib_script.pri \
		/Users/fober/Qt5.3.2/5.3/clang_64/mkspecs/modules/qt_lib_script_private.pri \
		/Users/fober/Qt5.3.2/5.3/clang_64/mkspecs/modules/qt_lib_scripttools.pri \
		/Users/fober/Qt5.3.2/5.3/clang_64/mkspecs/modules/qt_lib_scripttools_private.pri \
		/Users/fober/Qt5.3.2/5.3/clang_64/mkspecs/modules/qt_lib_sensors.pri \
		/Users/fober/Qt5.3.2/5.3/clang_64/mkspecs/modules/qt_lib_sensors_private.pri \
		/Users/fober/Qt5.3.2/5.3/clang_64/mkspecs/modules/qt_lib_serialport.pri \
		/Users/fober/Qt5.3.2/5.3/clang_64/mkspecs/modules/qt_lib_serialport_private.pri \
		/Users/fober/Qt5.3.2/5.3/clang_64/mkspecs/modules/qt_lib_sql.pri \
		/Users/fober/Qt5.3.2/5.3/clang_64/mkspecs/modules/qt_lib_sql_private.pri \
		/Users/fober/Qt5.3.2/5.3/clang_64/mkspecs/modules/qt_lib_svg.pri \
		/Users/fober/Qt5.3.2/5.3/clang_64/mkspecs/modules/qt_lib_svg_private.pri \
		/Users/fober/Qt5.3.2/5.3/clang_64/mkspecs/modules/qt_lib_testlib.pri \
		/Users/fober/Qt5.3.2/5.3/clang_64/mkspecs/modules/qt_lib_testlib_private.pri \
		/Users/fober/Qt5.3.2/5.3/clang_64/mkspecs/modules/qt_lib_uitools.pri \
		/Users/fober/Qt5.3.2/5.3/clang_64/mkspecs/modules/qt_lib_uitools_private.pri \
		/Users/fober/Qt5.3.2/5.3/clang_64/mkspecs/modules/qt_lib_webkit.pri \
		/Users/fober/Qt5.3.2/5.3/clang_64/mkspecs/modules/qt_lib_webkit_private.pri \
		/Users/fober/Qt5.3.2/5.3/clang_64/mkspecs/modules/qt_lib_webkitwidgets.pri \
		/Users/fober/Qt5.3.2/5.3/clang_64/mkspecs/modules/qt_lib_webkitwidgets_private.pri \
		/Users/fober/Qt5.3.2/5.3/clang_64/mkspecs/modules/qt_lib_websockets.pri \
		/Users/fober/Qt5.3.2/5.3/clang_64/mkspecs/modules/qt_lib_websockets_private.pri \
		/Users/fober/Qt5.3.2/5.3/clang_64/mkspecs/modules/qt_lib_widgets.pri \
		/Users/fober/Qt5.3.2/5.3/clang_64/mkspecs/modules/qt_lib_widgets_private.pri \
		/Users/fober/Qt5.3.2/5.3/clang_64/mkspecs/modules/qt_lib_xml.pri \
		/Users/fober/Qt5.3.2/5.3/clang_64/mkspecs/modules/qt_lib_xml_private.pri \
		/Users/fober/Qt5.3.2/5.3/clang_64/mkspecs/modules/qt_lib_xmlpatterns.pri \
		/Users/fober/Qt5.3.2/5.3/clang_64/mkspecs/modules/qt_lib_xmlpatterns_private.pri \
		/Users/fober/Qt5.3.2/5.3/clang_64/mkspecs/features/qt_functions.prf \
		/Users/fober/Qt5.3.2/5.3/clang_64/mkspecs/features/qt_config.prf \
		/Users/fober/Qt5.3.2/5.3/clang_64/mkspecs/macx-clang/qmake.conf \
		/Users/fober/Qt5.3.2/5.3/clang_64/mkspecs/features/spec_post.prf \
		.qmake.stash \
		/Users/fober/Qt5.3.2/5.3/clang_64/mkspecs/features/exclusive_builds.prf \
		/Users/fober/Qt5.3.2/5.3/clang_64/mkspecs/features/default_pre.prf \
		/Users/fober/Qt5.3.2/5.3/clang_64/mkspecs/features/mac/default_pre.prf \
		../GUIDOEngineLink.pri \
		/Users/fober/Qt5.3.2/5.3/clang_64/mkspecs/features/resolve_config.prf \
		/Users/fober/Qt5.3.2/5.3/clang_64/mkspecs/features/default_post.prf \
		/Users/fober/Qt5.3.2/5.3/clang_64/mkspecs/features/mac/sdk.prf \
		/Users/fober/Qt5.3.2/5.3/clang_64/mkspecs/features/mac/default_post.prf \
		/Users/fober/Qt5.3.2/5.3/clang_64/mkspecs/features/mac/objective_c.prf \
		/Users/fober/Qt5.3.2/5.3/clang_64/mkspecs/features/warn_on.prf \
		/Users/fober/Qt5.3.2/5.3/clang_64/mkspecs/features/qt.prf \
		/Users/fober/Qt5.3.2/5.3/clang_64/mkspecs/features/resources.prf \
		/Users/fober/Qt5.3.2/5.3/clang_64/mkspecs/features/moc.prf \
		/Users/fober/Qt5.3.2/5.3/clang_64/mkspecs/features/unix/opengl.prf \
		/Users/fober/Qt5.3.2/5.3/clang_64/mkspecs/features/uic.prf \
		/Users/fober/Qt5.3.2/5.3/clang_64/mkspecs/features/unix/thread.prf \
		/Users/fober/Qt5.3.2/5.3/clang_64/mkspecs/features/mac/rez.prf \
		/Users/fober/Qt5.3.2/5.3/clang_64/mkspecs/features/testcase_targets.prf \
		/Users/fober/Qt5.3.2/5.3/clang_64/mkspecs/features/exceptions.prf \
		/Users/fober/Qt5.3.2/5.3/clang_64/mkspecs/features/yacc.prf \
		/Users/fober/Qt5.3.2/5.3/clang_64/mkspecs/features/lex.prf \
		guido2image.pro \
		/Users/fober/Qt5.3.2/5.3/clang_64/lib/QtPrintSupport.framework/QtPrintSupport.prl \
		/Users/fober/Qt5.3.2/5.3/clang_64/lib/QtWidgets.framework/QtWidgets.prl \
		/Users/fober/Qt5.3.2/5.3/clang_64/lib/QtGui.framework/QtGui.prl \
		/Users/fober/Qt5.3.2/5.3/clang_64/lib/QtCore.framework/QtCore.prl
	$(QMAKE) -o project.pbxproj guido2image.pro
/Users/fober/Qt5.3.2/5.3/clang_64/mkspecs/features/spec_pre.prf:
/Users/fober/Qt5.3.2/5.3/clang_64/mkspecs/qdevice.pri:
/Users/fober/Qt5.3.2/5.3/clang_64/mkspecs/features/device_config.prf:
/Users/fober/Qt5.3.2/5.3/clang_64/mkspecs/common/shell-unix.conf:
/Users/fober/Qt5.3.2/5.3/clang_64/mkspecs/common/unix.conf:
/Users/fober/Qt5.3.2/5.3/clang_64/mkspecs/common/mac.conf:
/Users/fober/Qt5.3.2/5.3/clang_64/mkspecs/common/macx.conf:
/Users/fober/Qt5.3.2/5.3/clang_64/mkspecs/common/gcc-base.conf:
/Users/fober/Qt5.3.2/5.3/clang_64/mkspecs/common/gcc-base-mac.conf:
/Users/fober/Qt5.3.2/5.3/clang_64/mkspecs/common/clang.conf:
/Users/fober/Qt5.3.2/5.3/clang_64/mkspecs/common/clang-mac.conf:
/Users/fober/Qt5.3.2/5.3/clang_64/mkspecs/qconfig.pri:
/Users/fober/Qt5.3.2/5.3/clang_64/mkspecs/modules/qt_lib_bluetooth.pri:
/Users/fober/Qt5.3.2/5.3/clang_64/mkspecs/modules/qt_lib_bluetooth_private.pri:
/Users/fober/Qt5.3.2/5.3/clang_64/mkspecs/modules/qt_lib_bootstrap_private.pri:
/Users/fober/Qt5.3.2/5.3/clang_64/mkspecs/modules/qt_lib_clucene_private.pri:
/Users/fober/Qt5.3.2/5.3/clang_64/mkspecs/modules/qt_lib_concurrent.pri:
/Users/fober/Qt5.3.2/5.3/clang_64/mkspecs/modules/qt_lib_concurrent_private.pri:
/Users/fober/Qt5.3.2/5.3/clang_64/mkspecs/modules/qt_lib_core.pri:
/Users/fober/Qt5.3.2/5.3/clang_64/mkspecs/modules/qt_lib_core_private.pri:
/Users/fober/Qt5.3.2/5.3/clang_64/mkspecs/modules/qt_lib_dbus.pri:
/Users/fober/Qt5.3.2/5.3/clang_64/mkspecs/modules/qt_lib_dbus_private.pri:
/Users/fober/Qt5.3.2/5.3/clang_64/mkspecs/modules/qt_lib_declarative.pri:
/Users/fober/Qt5.3.2/5.3/clang_64/mkspecs/modules/qt_lib_declarative_private.pri:
/Users/fober/Qt5.3.2/5.3/clang_64/mkspecs/modules/qt_lib_designer.pri:
/Users/fober/Qt5.3.2/5.3/clang_64/mkspecs/modules/qt_lib_designer_private.pri:
/Users/fober/Qt5.3.2/5.3/clang_64/mkspecs/modules/qt_lib_designercomponents_private.pri:
/Users/fober/Qt5.3.2/5.3/clang_64/mkspecs/modules/qt_lib_enginio.pri:
/Users/fober/Qt5.3.2/5.3/clang_64/mkspecs/modules/qt_lib_enginio_private.pri:
/Users/fober/Qt5.3.2/5.3/clang_64/mkspecs/modules/qt_lib_gui.pri:
/Users/fober/Qt5.3.2/5.3/clang_64/mkspecs/modules/qt_lib_gui_private.pri:
/Users/fober/Qt5.3.2/5.3/clang_64/mkspecs/modules/qt_lib_help.pri:
/Users/fober/Qt5.3.2/5.3/clang_64/mkspecs/modules/qt_lib_help_private.pri:
/Users/fober/Qt5.3.2/5.3/clang_64/mkspecs/modules/qt_lib_macextras.pri:
/Users/fober/Qt5.3.2/5.3/clang_64/mkspecs/modules/qt_lib_macextras_private.pri:
/Users/fober/Qt5.3.2/5.3/clang_64/mkspecs/modules/qt_lib_multimedia.pri:
/Users/fober/Qt5.3.2/5.3/clang_64/mkspecs/modules/qt_lib_multimedia_private.pri:
/Users/fober/Qt5.3.2/5.3/clang_64/mkspecs/modules/qt_lib_multimediawidgets.pri:
/Users/fober/Qt5.3.2/5.3/clang_64/mkspecs/modules/qt_lib_multimediawidgets_private.pri:
/Users/fober/Qt5.3.2/5.3/clang_64/mkspecs/modules/qt_lib_network.pri:
/Users/fober/Qt5.3.2/5.3/clang_64/mkspecs/modules/qt_lib_network_private.pri:
/Users/fober/Qt5.3.2/5.3/clang_64/mkspecs/modules/qt_lib_nfc.pri:
/Users/fober/Qt5.3.2/5.3/clang_64/mkspecs/modules/qt_lib_nfc_private.pri:
/Users/fober/Qt5.3.2/5.3/clang_64/mkspecs/modules/qt_lib_opengl.pri:
/Users/fober/Qt5.3.2/5.3/clang_64/mkspecs/modules/qt_lib_opengl_private.pri:
/Users/fober/Qt5.3.2/5.3/clang_64/mkspecs/modules/qt_lib_openglextensions.pri:
/Users/fober/Qt5.3.2/5.3/clang_64/mkspecs/modules/qt_lib_openglextensions_private.pri:
/Users/fober/Qt5.3.2/5.3/clang_64/mkspecs/modules/qt_lib_platformsupport_private.pri:
/Users/fober/Qt5.3.2/5.3/clang_64/mkspecs/modules/qt_lib_positioning.pri:
/Users/fober/Qt5.3.2/5.3/clang_64/mkspecs/modules/qt_lib_positioning_private.pri:
/Users/fober/Qt5.3.2/5.3/clang_64/mkspecs/modules/qt_lib_printsupport.pri:
/Users/fober/Qt5.3.2/5.3/clang_64/mkspecs/modules/qt_lib_printsupport_private.pri:
/Users/fober/Qt5.3.2/5.3/clang_64/mkspecs/modules/qt_lib_qml.pri:
/Users/fober/Qt5.3.2/5.3/clang_64/mkspecs/modules/qt_lib_qml_private.pri:
/Users/fober/Qt5.3.2/5.3/clang_64/mkspecs/modules/qt_lib_qmldevtools_private.pri:
/Users/fober/Qt5.3.2/5.3/clang_64/mkspecs/modules/qt_lib_qmltest.pri:
/Users/fober/Qt5.3.2/5.3/clang_64/mkspecs/modules/qt_lib_qmltest_private.pri:
/Users/fober/Qt5.3.2/5.3/clang_64/mkspecs/modules/qt_lib_qtmultimediaquicktools_private.pri:
/Users/fober/Qt5.3.2/5.3/clang_64/mkspecs/modules/qt_lib_quick.pri:
/Users/fober/Qt5.3.2/5.3/clang_64/mkspecs/modules/qt_lib_quick_private.pri:
/Users/fober/Qt5.3.2/5.3/clang_64/mkspecs/modules/qt_lib_quickparticles_private.pri:
/Users/fober/Qt5.3.2/5.3/clang_64/mkspecs/modules/qt_lib_quickwidgets.pri:
/Users/fober/Qt5.3.2/5.3/clang_64/mkspecs/modules/qt_lib_quickwidgets_private.pri:
/Users/fober/Qt5.3.2/5.3/clang_64/mkspecs/modules/qt_lib_script.pri:
/Users/fober/Qt5.3.2/5.3/clang_64/mkspecs/modules/qt_lib_script_private.pri:
/Users/fober/Qt5.3.2/5.3/clang_64/mkspecs/modules/qt_lib_scripttools.pri:
/Users/fober/Qt5.3.2/5.3/clang_64/mkspecs/modules/qt_lib_scripttools_private.pri:
/Users/fober/Qt5.3.2/5.3/clang_64/mkspecs/modules/qt_lib_sensors.pri:
/Users/fober/Qt5.3.2/5.3/clang_64/mkspecs/modules/qt_lib_sensors_private.pri:
/Users/fober/Qt5.3.2/5.3/clang_64/mkspecs/modules/qt_lib_serialport.pri:
/Users/fober/Qt5.3.2/5.3/clang_64/mkspecs/modules/qt_lib_serialport_private.pri:
/Users/fober/Qt5.3.2/5.3/clang_64/mkspecs/modules/qt_lib_sql.pri:
/Users/fober/Qt5.3.2/5.3/clang_64/mkspecs/modules/qt_lib_sql_private.pri:
/Users/fober/Qt5.3.2/5.3/clang_64/mkspecs/modules/qt_lib_svg.pri:
/Users/fober/Qt5.3.2/5.3/clang_64/mkspecs/modules/qt_lib_svg_private.pri:
/Users/fober/Qt5.3.2/5.3/clang_64/mkspecs/modules/qt_lib_testlib.pri:
/Users/fober/Qt5.3.2/5.3/clang_64/mkspecs/modules/qt_lib_testlib_private.pri:
/Users/fober/Qt5.3.2/5.3/clang_64/mkspecs/modules/qt_lib_uitools.pri:
/Users/fober/Qt5.3.2/5.3/clang_64/mkspecs/modules/qt_lib_uitools_private.pri:
/Users/fober/Qt5.3.2/5.3/clang_64/mkspecs/modules/qt_lib_webkit.pri:
/Users/fober/Qt5.3.2/5.3/clang_64/mkspecs/modules/qt_lib_webkit_private.pri:
/Users/fober/Qt5.3.2/5.3/clang_64/mkspecs/modules/qt_lib_webkitwidgets.pri:
/Users/fober/Qt5.3.2/5.3/clang_64/mkspecs/modules/qt_lib_webkitwidgets_private.pri:
/Users/fober/Qt5.3.2/5.3/clang_64/mkspecs/modules/qt_lib_websockets.pri:
/Users/fober/Qt5.3.2/5.3/clang_64/mkspecs/modules/qt_lib_websockets_private.pri:
/Users/fober/Qt5.3.2/5.3/clang_64/mkspecs/modules/qt_lib_widgets.pri:
/Users/fober/Qt5.3.2/5.3/clang_64/mkspecs/modules/qt_lib_widgets_private.pri:
/Users/fober/Qt5.3.2/5.3/clang_64/mkspecs/modules/qt_lib_xml.pri:
/Users/fober/Qt5.3.2/5.3/clang_64/mkspecs/modules/qt_lib_xml_private.pri:
/Users/fober/Qt5.3.2/5.3/clang_64/mkspecs/modules/qt_lib_xmlpatterns.pri:
/Users/fober/Qt5.3.2/5.3/clang_64/mkspecs/modules/qt_lib_xmlpatterns_private.pri:
/Users/fober/Qt5.3.2/5.3/clang_64/mkspecs/features/qt_functions.prf:
/Users/fober/Qt5.3.2/5.3/clang_64/mkspecs/features/qt_config.prf:
/Users/fober/Qt5.3.2/5.3/clang_64/mkspecs/macx-clang/qmake.conf:
/Users/fober/Qt5.3.2/5.3/clang_64/mkspecs/features/spec_post.prf:
.qmake.stash:
/Users/fober/Qt5.3.2/5.3/clang_64/mkspecs/features/exclusive_builds.prf:
/Users/fober/Qt5.3.2/5.3/clang_64/mkspecs/features/default_pre.prf:
/Users/fober/Qt5.3.2/5.3/clang_64/mkspecs/features/mac/default_pre.prf:
../GUIDOEngineLink.pri:
/Users/fober/Qt5.3.2/5.3/clang_64/mkspecs/features/resolve_config.prf:
/Users/fober/Qt5.3.2/5.3/clang_64/mkspecs/features/default_post.prf:
/Users/fober/Qt5.3.2/5.3/clang_64/mkspecs/features/mac/sdk.prf:
/Users/fober/Qt5.3.2/5.3/clang_64/mkspecs/features/mac/default_post.prf:
/Users/fober/Qt5.3.2/5.3/clang_64/mkspecs/features/mac/objective_c.prf:
/Users/fober/Qt5.3.2/5.3/clang_64/mkspecs/features/warn_on.prf:
/Users/fober/Qt5.3.2/5.3/clang_64/mkspecs/features/qt.prf:
/Users/fober/Qt5.3.2/5.3/clang_64/mkspecs/features/resources.prf:
/Users/fober/Qt5.3.2/5.3/clang_64/mkspecs/features/moc.prf:
/Users/fober/Qt5.3.2/5.3/clang_64/mkspecs/features/unix/opengl.prf:
/Users/fober/Qt5.3.2/5.3/clang_64/mkspecs/features/uic.prf:
/Users/fober/Qt5.3.2/5.3/clang_64/mkspecs/features/unix/thread.prf:
/Users/fober/Qt5.3.2/5.3/clang_64/mkspecs/features/mac/rez.prf:
/Users/fober/Qt5.3.2/5.3/clang_64/mkspecs/features/testcase_targets.prf:
/Users/fober/Qt5.3.2/5.3/clang_64/mkspecs/features/exceptions.prf:
/Users/fober/Qt5.3.2/5.3/clang_64/mkspecs/features/yacc.prf:
/Users/fober/Qt5.3.2/5.3/clang_64/mkspecs/features/lex.prf:
guido2image.pro:
/Users/fober/Qt5.3.2/5.3/clang_64/lib/QtPrintSupport.framework/QtPrintSupport.prl:
/Users/fober/Qt5.3.2/5.3/clang_64/lib/QtWidgets.framework/QtWidgets.prl:
/Users/fober/Qt5.3.2/5.3/clang_64/lib/QtGui.framework/QtGui.prl:
/Users/fober/Qt5.3.2/5.3/clang_64/lib/QtCore.framework/QtCore.prl:
qmake: FORCE
	@$(QMAKE) -o project.pbxproj guido2image.pro

qmake_all: FORCE

dist: 
	@test -d .tmp/guido2image1.0.0 || mkdir -p .tmp/guido2image1.0.0
	$(COPY_FILE) --parents $(DIST) .tmp/guido2image1.0.0/ && $(COPY_FILE) --parents main.cpp .tmp/guido2image1.0.0/ && (cd `dirname .tmp/guido2image1.0.0` && $(TAR) guido2image1.0.0.tar guido2image1.0.0 && $(COMPRESS) guido2image1.0.0.tar) && $(MOVE) `dirname .tmp/guido2image1.0.0`/guido2image1.0.0.tar.gz . && $(DEL_FILE) -r .tmp/guido2image1.0.0


clean:compiler_clean 
	-$(DEL_FILE) $(OBJECTS)
	-$(DEL_FILE) *~ core *.core


distclean: clean 
	-$(DEL_FILE) ../bin/$(TARGET) 
	-$(DEL_FILE) project.pbxproj


####### Sub-libraries

mocclean: compiler_moc_header_clean compiler_moc_source_clean

mocables: compiler_moc_header_make_all compiler_moc_source_make_all

check: first

compiler_objective_c_make_all:
compiler_objective_c_clean:
compiler_rcc_make_all:
compiler_rcc_clean:
compiler_moc_header_make_all:
compiler_moc_header_clean:
compiler_moc_source_make_all:
compiler_moc_source_clean:
compiler_uic_make_all:
compiler_uic_clean:
compiler_rez_source_make_all:
compiler_rez_source_clean:
compiler_yacc_decl_make_all:
compiler_yacc_decl_clean:
compiler_yacc_impl_make_all:
compiler_yacc_impl_clean:
compiler_lex_make_all:
compiler_lex_clean:
compiler_clean: 

####### Compile

main.o: main.cpp /Users/fober/Qt5.3.2/5.3/clang_64/lib/QtWidgets.framework/Versions/5/Headers/QApplication \
		/Users/fober/Qt5.3.2/5.3/clang_64/lib/QtWidgets.framework/Versions/5/Headers/qapplication.h \
		/Users/fober/Qt5.3.2/5.3/clang_64/lib/QtCore.framework/Versions/5/Headers/QSize \
		/Users/fober/Qt5.3.2/5.3/clang_64/lib/QtCore.framework/Versions/5/Headers/qsize.h \
		/Users/fober/Qt5.3.2/5.3/clang_64/lib/QtCore.framework/Versions/5/Headers/QVariant \
		/Users/fober/Qt5.3.2/5.3/clang_64/lib/QtCore.framework/Versions/5/Headers/qvariant.h \
		/Users/fober/Qt5.3.2/5.3/clang_64/lib/QtCore.framework/Versions/5/Headers/QDebug \
		/Users/fober/Qt5.3.2/5.3/clang_64/lib/QtCore.framework/Versions/5/Headers/qdebug.h \
		../GuidoQt/include/Guido2Image.h \
		/Users/fober/Qt5.3.2/5.3/clang_64/lib/QtCore.framework/Versions/5/Headers/QRectF \
		/Users/fober/Qt5.3.2/5.3/clang_64/lib/QtCore.framework/Versions/5/Headers/qrect.h \
		/Users/fober/Qt5.3.2/5.3/clang_64/lib/QtCore.framework/Versions/5/Headers/QString \
		/Users/fober/Qt5.3.2/5.3/clang_64/lib/QtCore.framework/Versions/5/Headers/qstring.h \
		/Users/fober/Qt5.3.2/5.3/clang_64/lib/QtCore.framework/Versions/5/Headers/QIODevice \
		/Users/fober/Qt5.3.2/5.3/clang_64/lib/QtCore.framework/Versions/5/Headers/qiodevice.h \
		../../src/engine/include/GUIDOEngine.h \
		../../src/engine/include/GUIDOExport.h \
		../../src/engine/include/GUIDOPianoRoll.h \
		../../src/engine/include/GUIDOScoreMap.h \
		../../src/engine/include/TRect.h \
		../GuidoQt/include/QGuidoPainter.h \
		../../src/engine/include/GUIDOParse.h \
		/Users/fober/Qt5.3.2/5.3/clang_64/lib/QtGui.framework/Versions/5/Headers/QPainter \
		/Users/fober/Qt5.3.2/5.3/clang_64/lib/QtGui.framework/Versions/5/Headers/qpainter.h \
		/Users/fober/Qt5.3.2/5.3/clang_64/lib/QtCore.framework/Versions/5/Headers/QSizeF \
		/Users/fober/Qt5.3.2/5.3/clang_64/lib/QtCore.framework/Versions/5/Headers/QRect \
		/Users/fober/Qt5.3.2/5.3/clang_64/lib/QtGui.framework/Versions/5/Headers/QColor \
		/Users/fober/Qt5.3.2/5.3/clang_64/lib/QtGui.framework/Versions/5/Headers/qcolor.h \
		XGetopt.h
	$(CXX) -c $(CXXFLAGS) $(INCPATH) -o main.o main.cpp

####### Install

install:   FORCE

uninstall:   FORCE

FORCE:

