<?xml version="1.0" encoding="UTF-8" standalone="yes" ?>
<CodeBlocks_project_file>
	<FileVersion major="1" minor="6" />
	<Project>
		<Option title="GUIDOEngine" />
		<Option pch_mode="2" />
		<Option compiler="gcc" />
		<Build>
			<Target title="Debug">
				<Option output="..\GUIDOEngine" prefix_auto="1" extension_auto="1" />
				<Option object_output="obj\Debug\" />
				<Option type="3" />
				<Option compiler="gcc" />
				<Option createDefFile="1" />
				<Option createStaticLib="1" />
				<Compiler>
					<Add option="-Wall" />
					<Add option="-g" />
					<Add option="-DBUILD_DLL" />
					<Add option="-DGUIDOExport" />
					<Add option="-DGCC" />
					<Add option="-DWINVER=0x0500" />
				</Compiler>
				<Linker>
					<Add library="user32" />
					<Add library="gdi32" />
					<Add library="msimg32" />
				</Linker>
			</Target>
			<Target title="Release">
				<Option output="..\GUIDOEngine" prefix_auto="1" extension_auto="1" />
				<Option object_output="obj\Release\" />
				<Option type="3" />
				<Option compiler="gcc" />
				<Option createDefFile="1" />
				<Option createStaticLib="1" />
				<Compiler>
					<Add option="-O2" />
					<Add option="-Wall" />
					<Add option="-DBUILD_DLL" />
					<Add option="-DGUIDOExport" />
					<Add option="-DGCC" />
					<Add option="-DWINVER=0x0500" />
				</Compiler>
				<Linker>
					<Add option="-s" />
					<Add library="user32" />
					<Add library="gdi32" />
					<Add library="msimg32" />
				</Linker>
			</Target>
		</Build>
		<Compiler>
			<Add directory="..\..\..\src\abstract" />
			<Add directory="..\..\..\src\graphic" />
			<Add directory="..\..\..\src\include" />
			<Add directory="..\..\..\src\lib" />
			<Add directory="..\..\..\src\misc" />
			<Add directory="..\..\..\src\parser" />
			<Add directory="..\..\..\src\tools" />
		</Compiler>
		<Unit filename="..\..\..\src\abstract\ARABreak.cpp" />
		<Unit filename="..\..\..\src\abstract\ARABreak.h" />
		<Unit filename="..\..\..\src\abstract\ARAcc.cpp" />
		<Unit filename="..\..\..\src\abstract\ARAcc.h" />
		<Unit filename="..\..\..\src\abstract\ARAccelerando.cpp" />
		<Unit filename="..\..\..\src\abstract\ARAccelerando.h" />
		<Unit filename="..\..\..\src\abstract\ARAccent.cpp" />
		<Unit filename="..\..\..\src\abstract\ARAccent.h" />
		<Unit filename="..\..\..\src\abstract\ARAccol.cpp" />
		<Unit filename="..\..\..\src\abstract\ARAccol.h" />
		<Unit filename="..\..\..\src\abstract\ARAlter.cpp" />
		<Unit filename="..\..\..\src\abstract\ARAlter.h" />
		<Unit filename="..\..\..\src\abstract\ARAuto.cpp" />
		<Unit filename="..\..\..\src\abstract\ARAuto.h" />
		<Unit filename="..\..\..\src\abstract\ARAutoBeam.h" />
		<Unit filename="..\..\..\src\abstract\ARAutoBeamEnd.h" />
		<Unit filename="..\..\..\src\abstract\ARBar.cpp" />
		<Unit filename="..\..\..\src\abstract\ARBar.h" />
		<Unit filename="..\..\..\src\abstract\ARBarFormat.cpp" />
		<Unit filename="..\..\..\src\abstract\ARBarFormat.h" />
		<Unit filename="..\..\..\src\abstract\ARBase.h" />
		<Unit filename="..\..\..\src\abstract\ARBeam.cpp" />
		<Unit filename="..\..\..\src\abstract\ARBeam.h" />
		<Unit filename="..\..\..\src\abstract\ARBeamState.h" />
		<Unit filename="..\..\..\src\abstract\ARBembel.cpp" />
		<Unit filename="..\..\..\src\abstract\ARBembel.h" />
		<Unit filename="..\..\..\src\abstract\ARBowing.cpp" />
		<Unit filename="..\..\..\src\abstract\ARBowing.h" />
		<Unit filename="..\..\..\src\abstract\ARBreathMark.cpp" />
		<Unit filename="..\..\..\src\abstract\ARBreathMark.h" />
		<Unit filename="..\..\..\src\abstract\ARChord.cpp" />
		<Unit filename="..\..\..\src\abstract\ARChord.h" />
		<Unit filename="..\..\..\src\abstract\ARChordComma.cpp" />
		<Unit filename="..\..\..\src\abstract\ARChordComma.h" />
		<Unit filename="..\..\..\src\abstract\ARChordTag.cpp" />
		<Unit filename="..\..\..\src\abstract\ARChordTag.h" />
		<Unit filename="..\..\..\src\abstract\ARClef.cpp" />
		<Unit filename="..\..\..\src\abstract\ARClef.h" />
		<Unit filename="..\..\..\src\abstract\ARCoda.cpp" />
		<Unit filename="..\..\..\src\abstract\ARCoda.h" />
		<Unit filename="..\..\..\src\abstract\ARColor.cpp" />
		<Unit filename="..\..\..\src\abstract\ARColor.h" />
		<Unit filename="..\..\..\src\abstract\ARComposer.cpp" />
		<Unit filename="..\..\..\src\abstract\ARComposer.h" />
		<Unit filename="..\..\..\src\abstract\ARCrescBegin.h" />
		<Unit filename="..\..\..\src\abstract\ARCrescEnd.cpp" />
		<Unit filename="..\..\..\src\abstract\ARCrescEnd.h" />
		<Unit filename="..\..\..\src\abstract\ARCrescendo.cpp" />
		<Unit filename="..\..\..\src\abstract\ARCrescendo.h" />
		<Unit filename="..\..\..\src\abstract\ARCue.cpp" />
		<Unit filename="..\..\..\src\abstract\ARCue.h" />
		<Unit filename="..\..\..\src\abstract\ARDaCapo.cpp" />
		<Unit filename="..\..\..\src\abstract\ARDaCapo.h" />
		<Unit filename="..\..\..\src\abstract\ARDaCoda.cpp" />
		<Unit filename="..\..\..\src\abstract\ARDaCoda.h" />
		<Unit filename="..\..\..\src\abstract\ARDalSegno.cpp" />
		<Unit filename="..\..\..\src\abstract\ARDalSegno.h" />
		<Unit filename="..\..\..\src\abstract\ARDecrescendo.h" />
		<Unit filename="..\..\..\src\abstract\ARDefine.h" />
		<Unit filename="..\..\..\src\abstract\ARDefineTag.cpp" />
		<Unit filename="..\..\..\src\abstract\ARDefineTag.h" />
		<Unit filename="..\..\..\src\abstract\ARDimBegin.h" />
		<Unit filename="..\..\..\src\abstract\ARDimEnd.cpp" />
		<Unit filename="..\..\..\src\abstract\ARDimEnd.h" />
		<Unit filename="..\..\..\src\abstract\ARDiminuendo.cpp" />
		<Unit filename="..\..\..\src\abstract\ARDiminuendo.h" />
		<Unit filename="..\..\..\src\abstract\ARDisplayDuration.cpp" />
		<Unit filename="..\..\..\src\abstract\ARDisplayDuration.h" />
		<Unit filename="..\..\..\src\abstract\ARDotFormat.cpp" />
		<Unit filename="..\..\..\src\abstract\ARDotFormat.h" />
		<Unit filename="..\..\..\src\abstract\ARDoubleBar.cpp" />
		<Unit filename="..\..\..\src\abstract\ARDoubleBar.h" />
		<Unit filename="..\..\..\src\abstract\ARDrHoos.cpp" />
		<Unit filename="..\..\..\src\abstract\ARDrHoos.h" />
		<Unit filename="..\..\..\src\abstract\ARDrRenz.cpp" />
		<Unit filename="..\..\..\src\abstract\ARDrRenz.h" />
		<Unit filename="..\..\..\src\abstract\ARDummyRangeEnd.h" />
		<Unit filename="..\..\..\src\abstract\ARDynamics.cpp" />
		<Unit filename="..\..\..\src\abstract\ARDynamics.h" />
		<Unit filename="..\..\..\src\abstract\ARFactory.cpp" />
		<Unit filename="..\..\..\src\abstract\ARFactory.h" />
		<Unit filename="..\..\..\src\abstract\ARFermata.cpp" />
		<Unit filename="..\..\..\src\abstract\ARFermata.h" />
		<Unit filename="..\..\..\src\abstract\ARFine.cpp" />
		<Unit filename="..\..\..\src\abstract\ARFine.h" />
		<Unit filename="..\..\..\src\abstract\ARFingering.cpp" />
		<Unit filename="..\..\..\src\abstract\ARFingering.h" />
		<Unit filename="..\..\..\src\abstract\ARFinishBar.cpp" />
		<Unit filename="..\..\..\src\abstract\ARFinishBar.h" />
		<Unit filename="..\..\..\src\abstract\ARGrace.cpp" />
		<Unit filename="..\..\..\src\abstract\ARGrace.h" />
		<Unit filename="..\..\..\src\abstract\ARInstrument.cpp" />
		<Unit filename="..\..\..\src\abstract\ARInstrument.h" />
		<Unit filename="..\..\..\src\abstract\ARIntens.cpp" />
		<Unit filename="..\..\..\src\abstract\ARIntens.h" />
		<Unit filename="..\..\..\src\abstract\ARJump.cpp" />
		<Unit filename="..\..\..\src\abstract\ARJump.h" />
		<Unit filename="..\..\..\src\abstract\ARKey.cpp" />
		<Unit filename="..\..\..\src\abstract\ARKey.h" />
		<Unit filename="..\..\..\src\abstract\ARLabel.cpp" />
		<Unit filename="..\..\..\src\abstract\ARLabel.h" />
		<Unit filename="..\..\..\src\abstract\ARLyrics.cpp" />
		<Unit filename="..\..\..\src\abstract\ARLyrics.h" />
		<Unit filename="..\..\..\src\abstract\ARMTParameter.cpp" />
		<Unit filename="..\..\..\src\abstract\ARMTParameter.h" />
		<Unit filename="..\..\..\src\abstract\ARMarcato.cpp" />
		<Unit filename="..\..\..\src\abstract\ARMarcato.h" />
		<Unit filename="..\..\..\src\abstract\ARMark.cpp" />
		<Unit filename="..\..\..\src\abstract\ARMark.h" />
		<Unit filename="..\..\..\src\abstract\ARMerge.h" />
		<Unit filename="..\..\..\src\abstract\ARMeter.cpp" />
		<Unit filename="..\..\..\src\abstract\ARMeter.h" />
		<Unit filename="..\..\..\src\abstract\ARMusic.cpp" />
		<Unit filename="..\..\..\src\abstract\ARMusic.h" />
		<Unit filename="..\..\..\src\abstract\ARMusicalEvent.cpp" />
		<Unit filename="..\..\..\src\abstract\ARMusicalEvent.h" />
		<Unit filename="..\..\..\src\abstract\ARMusicalObject.cpp" />
		<Unit filename="..\..\..\src\abstract\ARMusicalObject.h" />
		<Unit filename="..\..\..\src\abstract\ARMusicalTag.cpp" />
		<Unit filename="..\..\..\src\abstract\ARMusicalTag.h" />
		<Unit filename="..\..\..\src\abstract\ARMusicalVoice.cpp" />
		<Unit filename="..\..\..\src\abstract\ARMusicalVoice.h" />
		<Unit filename="..\..\..\src\abstract\ARMusicalVoiceState.cpp" />
		<Unit filename="..\..\..\src\abstract\ARMusicalVoiceState.h" />
		<Unit filename="..\..\..\src\abstract\ARName.cpp" />
		<Unit filename="..\..\..\src\abstract\ARName.h" />
		<Unit filename="..\..\..\src\abstract\ARNaturalKey.cpp" />
		<Unit filename="..\..\..\src\abstract\ARNaturalKey.h" />
		<Unit filename="..\..\..\src\abstract\ARNewPage.h" />
		<Unit filename="..\..\..\src\abstract\ARNewSystem.cpp" />
		<Unit filename="..\..\..\src\abstract\ARNewSystem.h" />
		<Unit filename="..\..\..\src\abstract\ARNote.cpp" />
		<Unit filename="..\..\..\src\abstract\ARNote.h" />
		<Unit filename="..\..\..\src\abstract\ARNoteFormat.cpp" />
		<Unit filename="..\..\..\src\abstract\ARNoteFormat.h" />
		<Unit filename="..\..\..\src\abstract\ARNoteName.cpp" />
		<Unit filename="..\..\..\src\abstract\ARNoteName.h" />
		<Unit filename="..\..\..\src\abstract\AROctava.cpp" />
		<Unit filename="..\..\..\src\abstract\AROctava.h" />
		<Unit filename="..\..\..\src\abstract\ARPageFormat.cpp" />
		<Unit filename="..\..\..\src\abstract\ARPageFormat.h" />
		<Unit filename="..\..\..\src\abstract\ARPositionTag.h" />
		<Unit filename="..\..\..\src\abstract\ARPossibleBreak.h" />
		<Unit filename="..\..\..\src\abstract\ARRangeEnd.cpp" />
		<Unit filename="..\..\..\src\abstract\ARRangeEnd.h" />
		<Unit filename="..\..\..\src\abstract\ARRepeatBegin.cpp" />
		<Unit filename="..\..\..\src\abstract\ARRepeatBegin.h" />
		<Unit filename="..\..\..\src\abstract\ARRepeatEnd.cpp" />
		<Unit filename="..\..\..\src\abstract\ARRepeatEnd.h" />
		<Unit filename="..\..\..\src\abstract\ARRepeatEndRangeEnd.h" />
		<Unit filename="..\..\..\src\abstract\ARRest.cpp" />
		<Unit filename="..\..\..\src\abstract\ARRest.h" />
		<Unit filename="..\..\..\src\abstract\ARRestFormat.cpp" />
		<Unit filename="..\..\..\src\abstract\ARRestFormat.h" />
		<Unit filename="..\..\..\src\abstract\ARRitardando.cpp" />
		<Unit filename="..\..\..\src\abstract\ARRitardando.h" />
		<Unit filename="..\..\..\src\abstract\ARSecondGlue.h" />
		<Unit filename="..\..\..\src\abstract\ARSegno.cpp" />
		<Unit filename="..\..\..\src\abstract\ARSegno.h" />
		<Unit filename="..\..\..\src\abstract\ARShareLocation.cpp" />
		<Unit filename="..\..\..\src\abstract\ARShareLocation.h" />
		<Unit filename="..\..\..\src\abstract\ARShareStem.cpp" />
		<Unit filename="..\..\..\src\abstract\ARShareStem.h" />
		<Unit filename="..\..\..\src\abstract\ARSlur.cpp" />
		<Unit filename="..\..\..\src\abstract\ARSlur.h" />
		<Unit filename="..\..\..\src\abstract\ARSpace.cpp" />
		<Unit filename="..\..\..\src\abstract\ARSpace.h" />
		<Unit filename="..\..\..\src\abstract\ARSpecial.cpp" />
		<Unit filename="..\..\..\src\abstract\ARSpecial.h" />
		<Unit filename="..\..\..\src\abstract\ARStaccato.cpp" />
		<Unit filename="..\..\..\src\abstract\ARStaccato.h" />
		<Unit filename="..\..\..\src\abstract\ARStaff.cpp" />
		<Unit filename="..\..\..\src\abstract\ARStaff.h" />
		<Unit filename="..\..\..\src\abstract\ARStaffFormat.cpp" />
		<Unit filename="..\..\..\src\abstract\ARStaffFormat.h" />
		<Unit filename="..\..\..\src\abstract\ARStaffOff.h" />
		<Unit filename="..\..\..\src\abstract\ARStaffOn.h" />
		<Unit filename="..\..\..\src\abstract\ARSystemFormat.cpp" />
		<Unit filename="..\..\..\src\abstract\ARSystemFormat.h" />
		<Unit filename="..\..\..\src\abstract\ARTAccent.cpp" />
		<Unit filename="..\..\..\src\abstract\ARTAccent.h" />
		<Unit filename="..\..\..\src\abstract\ARTArticulation.cpp" />
		<Unit filename="..\..\..\src\abstract\ARTArticulation.h" />
		<Unit filename="..\..\..\src\abstract\ARTBowing.cpp" />
		<Unit filename="..\..\..\src\abstract\ARTBowing.h" />
		<Unit filename="..\..\..\src\abstract\ARTDummy.cpp" />
		<Unit filename="..\..\..\src\abstract\ARTDummy.h" />
		<Unit filename="..\..\..\src\abstract\ARTFermata.h" />
		<Unit filename="..\..\..\src\abstract\ARTHead.cpp" />
		<Unit filename="..\..\..\src\abstract\ARTHead.h" />
		<Unit filename="..\..\..\src\abstract\ARTPortato.cpp" />
		<Unit filename="..\..\..\src\abstract\ARTPortato.h" />
		<Unit filename="..\..\..\src\abstract\ARTStaccato.cpp" />
		<Unit filename="..\..\..\src\abstract\ARTStaccato.h" />
		<Unit filename="..\..\..\src\abstract\ARTStem.cpp" />
		<Unit filename="..\..\..\src\abstract\ARTStem.h" />
		<Unit filename="..\..\..\src\abstract\ARTagBegin.cpp" />
		<Unit filename="..\..\..\src\abstract\ARTagBegin.h" />
		<Unit filename="..\..\..\src\abstract\ARTagEnd.cpp" />
		<Unit filename="..\..\..\src\abstract\ARTagEnd.h" />
		<Unit filename="..\..\..\src\abstract\ARTempo.cpp" />
		<Unit filename="..\..\..\src\abstract\ARTempo.h" />
		<Unit filename="..\..\..\src\abstract\ARTenuto.cpp" />
		<Unit filename="..\..\..\src\abstract\ARTenuto.h" />
		<Unit filename="..\..\..\src\abstract\ARText.cpp" />
		<Unit filename="..\..\..\src\abstract\ARText.h" />
		<Unit filename="..\..\..\src\abstract\ARTie.cpp" />
		<Unit filename="..\..\..\src\abstract\ARTie.h" />
		<Unit filename="..\..\..\src\abstract\ARTitle.cpp" />
		<Unit filename="..\..\..\src\abstract\ARTitle.h" />
		<Unit filename="..\..\..\src\abstract\ARTremolo.cpp" />
		<Unit filename="..\..\..\src\abstract\ARTremolo.h" />
		<Unit filename="..\..\..\src\abstract\ARTrill.cpp" />
		<Unit filename="..\..\..\src\abstract\ARTrill.h" />
		<Unit filename="..\..\..\src\abstract\ARTuplet.cpp" />
		<Unit filename="..\..\..\src\abstract\ARTuplet.h" />
		<Unit filename="..\..\..\src\abstract\ARUnits.cpp" />
		<Unit filename="..\..\..\src\abstract\ARUnits.h" />
		<Unit filename="..\..\..\src\abstract\ARUserChordTag.cpp" />
		<Unit filename="..\..\..\src\abstract\ARUserChordTag.h" />
		<Unit filename="..\..\..\src\abstract\ARVoiceManager.cpp" />
		<Unit filename="..\..\..\src\abstract\ARVoiceManager.h" />
		<Unit filename="..\..\..\src\abstract\ARVolta.cpp" />
		<Unit filename="..\..\..\src\abstract\ARVolta.h" />
		<Unit filename="..\..\..\src\abstract\Fraction.cpp" />
		<Unit filename="..\..\..\src\abstract\Fraction.h" />
		<Unit filename="..\..\..\src\abstract\MoreMusicalTags.cpp" />
		<Unit filename="..\..\..\src\abstract\MusicalVoiceList.h" />
		<Unit filename="..\..\..\src\abstract\ObjectList.h" />
		<Unit filename="..\..\..\src\abstract\TagList.h" />
		<Unit filename="..\..\..\src\abstract\TagParameter.cpp" />
		<Unit filename="..\..\..\src\abstract\TagParameter.h" />
		<Unit filename="..\..\..\src\abstract\TagParameterFloat.cpp" />
		<Unit filename="..\..\..\src\abstract\TagParameterFloat.h" />
		<Unit filename="..\..\..\src\abstract\TagParameterInt.cpp" />
		<Unit filename="..\..\..\src\abstract\TagParameterInt.h" />
		<Unit filename="..\..\..\src\abstract\TagParameterList.cpp" />
		<Unit filename="..\..\..\src\abstract\TagParameterList.h" />
		<Unit filename="..\..\..\src\abstract\TagParameterString.cpp" />
		<Unit filename="..\..\..\src\abstract\TagParameterString.h" />
		<Unit filename="..\..\..\src\graphic\Bitmap.cpp" />
		<Unit filename="..\..\..\src\graphic\Bitmap.h" />
		<Unit filename="..\..\..\src\graphic\GObject.cpp" />
		<Unit filename="..\..\..\src\graphic\GObject.h" />
		<Unit filename="..\..\..\src\graphic\GRARCompositeNotationElement.cpp" />
		<Unit filename="..\..\..\src\graphic\GRARCompositeNotationElement.h" />
		<Unit filename="..\..\..\src\graphic\GRARNotationElement.cpp" />
		<Unit filename="..\..\..\src\graphic\GRARNotationElement.h" />
		<Unit filename="..\..\..\src\graphic\GRAccelerando.cpp" />
		<Unit filename="..\..\..\src\graphic\GRAccelerando.h" />
		<Unit filename="..\..\..\src\graphic\GRAccidental.cpp" />
		<Unit filename="..\..\..\src\graphic\GRAccidental.h" />
		<Unit filename="..\..\..\src\graphic\GRAccolade.cpp" />
		<Unit filename="..\..\..\src\graphic\GRAccolade.h" />
		<Unit filename="..\..\..\src\graphic\GRArticulation.cpp" />
		<Unit filename="..\..\..\src\graphic\GRArticulation.h" />
		<Unit filename="..\..\..\src\graphic\GRAutoBeam.h" />
		<Unit filename="..\..\..\src\graphic\GRBar.cpp" />
		<Unit filename="..\..\..\src\graphic\GRBar.h" />
		<Unit filename="..\..\..\src\graphic\GRBarFormat.cpp" />
		<Unit filename="..\..\..\src\graphic\GRBarFormat.h" />
		<Unit filename="..\..\..\src\graphic\GRBeam.cpp" />
		<Unit filename="..\..\..\src\graphic\GRBeam.h" />
		<Unit filename="..\..\..\src\graphic\GRBeginSpaceForceFunction2.h" />
		<Unit filename="..\..\..\src\graphic\GRBembel.cpp" />
		<Unit filename="..\..\..\src\graphic\GRBembel.h" />
		<Unit filename="..\..\..\src\graphic\GRBowing.cpp" />
		<Unit filename="..\..\..\src\graphic\GRBowing.h" />
		<Unit filename="..\..\..\src\graphic\GRBreakMatrix.cpp" />
		<Unit filename="..\..\..\src\graphic\GRBreakMatrix.h" />
		<Unit filename="..\..\..\src\graphic\GRBreathMark.cpp" />
		<Unit filename="..\..\..\src\graphic\GRBreathMark.h" />
		<Unit filename="..\..\..\src\graphic\GRChord.cpp" />
		<Unit filename="..\..\..\src\graphic\GRChord.h" />
		<Unit filename="..\..\..\src\graphic\GRChordTag.cpp" />
		<Unit filename="..\..\..\src\graphic\GRChordTag.h" />
		<Unit filename="..\..\..\src\graphic\GRClef.cpp" />
		<Unit filename="..\..\..\src\graphic\GRClef.h" />
		<Unit filename="..\..\..\src\graphic\GRCoda.cpp" />
		<Unit filename="..\..\..\src\graphic\GRCoda.h" />
		<Unit filename="..\..\..\src\graphic\GRComposedNotationElement.cpp" />
		<Unit filename="..\..\..\src\graphic\GRComposedNotationElement.h" />
		<Unit filename="..\..\..\src\graphic\GRCompositeNotationElement.cpp" />
		<Unit filename="..\..\..\src\graphic\GRCompositeNotationElement.h" />
		<Unit filename="..\..\..\src\graphic\GRCompositeNote.h" />
		<Unit filename="..\..\..\src\graphic\GRCompositeRest.h" />
		<Unit filename="..\..\..\src\graphic\GRCrescendo.cpp" />
		<Unit filename="..\..\..\src\graphic\GRCrescendo.h" />
		<Unit filename="..\..\..\src\graphic\GRDefine.h" />
		<Unit filename="..\..\..\src\graphic\GRDiminuendo.cpp" />
		<Unit filename="..\..\..\src\graphic\GRDiminuendo.h" />
		<Unit filename="..\..\..\src\graphic\GRDoubleBar.cpp" />
		<Unit filename="..\..\..\src\graphic\GRDoubleBar.h" />
		<Unit filename="..\..\..\src\graphic\GRDrHoos.cpp" />
		<Unit filename="..\..\..\src\graphic\GRDrHoos.h" />
		<Unit filename="..\..\..\src\graphic\GRDrRenz.cpp" />
		<Unit filename="..\..\..\src\graphic\GRDrRenz.h" />
		<Unit filename="..\..\..\src\graphic\GRDummy.cpp" />
		<Unit filename="..\..\..\src\graphic\GRDummy.h" />
		<Unit filename="..\..\..\src\graphic\GRDynamics.cpp" />
		<Unit filename="..\..\..\src\graphic\GRDynamics.h" />
		<Unit filename="..\..\..\src\graphic\GREmpty.cpp" />
		<Unit filename="..\..\..\src\graphic\GREmpty.h" />
		<Unit filename="..\..\..\src\graphic\GREvent.cpp" />
		<Unit filename="..\..\..\src\graphic\GREvent.h" />
		<Unit filename="..\..\..\src\graphic\GRFermata.h" />
		<Unit filename="..\..\..\src\graphic\GRFinishBar.cpp" />
		<Unit filename="..\..\..\src\graphic\GRFinishBar.h" />
		<Unit filename="..\..\..\src\graphic\GRFlag.cpp" />
		<Unit filename="..\..\..\src\graphic\GRFlag.h" />
		<Unit filename="..\..\..\src\graphic\GRGlobalLocation.cpp" />
		<Unit filename="..\..\..\src\graphic\GRGlobalLocation.h" />
		<Unit filename="..\..\..\src\graphic\GRGlobalStem.cpp" />
		<Unit filename="..\..\..\src\graphic\GRGlobalStem.h" />
		<Unit filename="..\..\..\src\graphic\GRGlue.cpp" />
		<Unit filename="..\..\..\src\graphic\GRGlue.h" />
		<Unit filename="..\..\..\src\graphic\GRGrace.cpp" />
		<Unit filename="..\..\..\src\graphic\GRGrace.h" />
		<Unit filename="..\..\..\src\graphic\GRInstrument.cpp" />
		<Unit filename="..\..\..\src\graphic\GRInstrument.h" />
		<Unit filename="..\..\..\src\graphic\GRIntens.cpp" />
		<Unit filename="..\..\..\src\graphic\GRIntens.h" />
		<Unit filename="..\..\..\src\graphic\GRJump.cpp" />
		<Unit filename="..\..\..\src\graphic\GRJump.h" />
		<Unit filename="..\..\..\src\graphic\GRKey.cpp" />
		<Unit filename="..\..\..\src\graphic\GRKey.h" />
		<Unit filename="..\..\..\src\graphic\GRMeter.cpp" />
		<Unit filename="..\..\..\src\graphic\GRMeter.h" />
		<Unit filename="..\..\..\src\graphic\GRMultipleGRObject.h" />
		<Unit filename="..\..\..\src\graphic\GRMusic.cpp" />
		<Unit filename="..\..\..\src\graphic\GRMusic.h" />
		<Unit filename="..\..\..\src\graphic\GRMusicalObject.cpp" />
		<Unit filename="..\..\..\src\graphic\GRMusicalObject.h" />
		<Unit filename="..\..\..\src\graphic\GRNewTuplet.cpp" />
		<Unit filename="..\..\..\src\graphic\GRNewTuplet.h" />
		<Unit filename="..\..\..\src\graphic\GRNotationElement.cpp" />
		<Unit filename="..\..\..\src\graphic\GRNotationElement.h" />
		<Unit filename="..\..\..\src\graphic\GRNote.cpp" />
		<Unit filename="..\..\..\src\graphic\GRNote.h" />
		<Unit filename="..\..\..\src\graphic\GRNoteDot.cpp" />
		<Unit filename="..\..\..\src\graphic\GRNoteDot.h" />
		<Unit filename="..\..\..\src\graphic\GRNoteFactory.h" />
		<Unit filename="..\..\..\src\graphic\GRNoteHead.cpp" />
		<Unit filename="..\..\..\src\graphic\GRNoteHead.h" />
		<Unit filename="..\..\..\src\graphic\GRPTagARNotationElement.cpp" />
		<Unit filename="..\..\..\src\graphic\GRPTagARNotationElement.h" />
		<Unit filename="..\..\..\src\graphic\GRPage.cpp" />
		<Unit filename="..\..\..\src\graphic\GRPage.h" />
		<Unit filename="..\..\..\src\graphic\GRPageText.cpp" />
		<Unit filename="..\..\..\src\graphic\GRPageText.h" />
		<Unit filename="..\..\..\src\graphic\GRPositionTag.cpp" />
		<Unit filename="..\..\..\src\graphic\GRPositionTag.h" />
		<Unit filename="..\..\..\src\graphic\GRPossibleBreakState.cpp" />
		<Unit filename="..\..\..\src\graphic\GRPossibleBreakState.h" />
		<Unit filename="..\..\..\src\graphic\GRRange.cpp" />
		<Unit filename="..\..\..\src\graphic\GRRange.h" />
		<Unit filename="..\..\..\src\graphic\GRRepeatBegin.cpp" />
		<Unit filename="..\..\..\src\graphic\GRRepeatBegin.h" />
		<Unit filename="..\..\..\src\graphic\GRRepeatEnd.cpp" />
		<Unit filename="..\..\..\src\graphic\GRRepeatEnd.h" />
		<Unit filename="..\..\..\src\graphic\GRRest.cpp" />
		<Unit filename="..\..\..\src\graphic\GRRest.h" />
		<Unit filename="..\..\..\src\graphic\GRRitardando.cpp" />
		<Unit filename="..\..\..\src\graphic\GRRitardando.h" />
		<Unit filename="..\..\..\src\graphic\GRRod.cpp" />
		<Unit filename="..\..\..\src\graphic\GRRod.h" />
		<Unit filename="..\..\..\src\graphic\GRSText.cpp" />
		<Unit filename="..\..\..\src\graphic\GRSText.h" />
		<Unit filename="..\..\..\src\graphic\GRSegno.cpp" />
		<Unit filename="..\..\..\src\graphic\GRSegno.h" />
		<Unit filename="..\..\..\src\graphic\GRSimpleBeam.cpp" />
		<Unit filename="..\..\..\src\graphic\GRSimpleBeam.h" />
		<Unit filename="..\..\..\src\graphic\GRSingleNote.cpp" />
		<Unit filename="..\..\..\src\graphic\GRSingleNote.h" />
		<Unit filename="..\..\..\src\graphic\GRSingleRest.cpp" />
		<Unit filename="..\..\..\src\graphic\GRSingleRest.h" />
		<Unit filename="..\..\..\src\graphic\GRSliceHeight.cpp" />
		<Unit filename="..\..\..\src\graphic\GRSliceHeight.h" />
		<Unit filename="..\..\..\src\graphic\GRSlur.cpp" />
		<Unit filename="..\..\..\src\graphic\GRSlur.h" />
		<Unit filename="..\..\..\src\graphic\GRSpace.cpp" />
		<Unit filename="..\..\..\src\graphic\GRSpace.h" />
		<Unit filename="..\..\..\src\graphic\GRSpaceForceFunction.cpp" />
		<Unit filename="..\..\..\src\graphic\GRSpaceForceFunction.h" />
		<Unit filename="..\..\..\src\graphic\GRSpacingMatrix.cpp" />
		<Unit filename="..\..\..\src\graphic\GRSpacingMatrix.h" />
		<Unit filename="..\..\..\src\graphic\GRSpecial.cpp" />
		<Unit filename="..\..\..\src\graphic\GRSpecial.h" />
		<Unit filename="..\..\..\src\graphic\GRSpring.cpp" />
		<Unit filename="..\..\..\src\graphic\GRSpring.h" />
		<Unit filename="..\..\..\src\graphic\GRSpringCollider.cpp" />
		<Unit filename="..\..\..\src\graphic\GRSpringCollider.h" />
		<Unit filename="..\..\..\src\graphic\GRSpringForceIndex.cpp" />
		<Unit filename="..\..\..\src\graphic\GRSpringForceIndex.h" />
		<Unit filename="..\..\..\src\graphic\GRStaccato.h" />
		<Unit filename="..\..\..\src\graphic\GRStaff.cpp" />
		<Unit filename="..\..\..\src\graphic\GRStaff.h" />
		<Unit filename="..\..\..\src\graphic\GRStaffFormat.cpp" />
		<Unit filename="..\..\..\src\graphic\GRStaffFormat.h" />
		<Unit filename="..\..\..\src\graphic\GRStaffManager.cpp" />
		<Unit filename="..\..\..\src\graphic\GRStaffManager.h" />
		<Unit filename="..\..\..\src\graphic\GRStdNoteHead.cpp" />
		<Unit filename="..\..\..\src\graphic\GRStdNoteHead.h" />
		<Unit filename="..\..\..\src\graphic\GRStem.cpp" />
		<Unit filename="..\..\..\src\graphic\GRStem.h" />
		<Unit filename="..\..\..\src\graphic\GRSystem.cpp" />
		<Unit filename="..\..\..\src\graphic\GRSystem.h" />
		<Unit filename="..\..\..\src\graphic\GRSystemSlice.cpp" />
		<Unit filename="..\..\..\src\graphic\GRSystemSlice.h" />
		<Unit filename="..\..\..\src\graphic\GRSystemTag.cpp" />
		<Unit filename="..\..\..\src\graphic\GRSystemTag.h" />
		<Unit filename="..\..\..\src\graphic\GRSystemTagInterface.cpp" />
		<Unit filename="..\..\..\src\graphic\GRSystemTagInterface.h" />
		<Unit filename="..\..\..\src\graphic\GRTFermata.h" />
		<Unit filename="..\..\..\src\graphic\GRTag.cpp" />
		<Unit filename="..\..\..\src\graphic\GRTag.h" />
		<Unit filename="..\..\..\src\graphic\GRTagARNotationElement.cpp" />
		<Unit filename="..\..\..\src\graphic\GRTagARNotationElement.h" />
		<Unit filename="..\..\..\src\graphic\GRTempo.cpp" />
		<Unit filename="..\..\..\src\graphic\GRTempo.h" />
		<Unit filename="..\..\..\src\graphic\GRText.cpp" />
		<Unit filename="..\..\..\src\graphic\GRText.h" />
		<Unit filename="..\..\..\src\graphic\GRTie.cpp" />
		<Unit filename="..\..\..\src\graphic\GRTie.h" />
		<Unit filename="..\..\..\src\graphic\GRTremolo.cpp" />
		<Unit filename="..\..\..\src\graphic\GRTremolo.h" />
		<Unit filename="..\..\..\src\graphic\GRTrill.cpp" />
		<Unit filename="..\..\..\src\graphic\GRTrill.h" />
		<Unit filename="..\..\..\src\graphic\GRTuplet.cpp" />
		<Unit filename="..\..\..\src\graphic\GRTuplet.h" />
		<Unit filename="..\..\..\src\graphic\GRVoice.cpp" />
		<Unit filename="..\..\..\src\graphic\GRVoice.h" />
		<Unit filename="..\..\..\src\graphic\GRVoiceManager.cpp" />
		<Unit filename="..\..\..\src\graphic\GRVoiceManager.h" />
		<Unit filename="..\..\..\src\graphic\GRVolta.cpp" />
		<Unit filename="..\..\..\src\graphic\GRVolta.h" />
		<Unit filename="..\..\..\src\graphic\GraphTools.cpp" />
		<Unit filename="..\..\..\src\graphic\GraphTools.h" />
		<Unit filename="..\..\..\src\graphic\Image.cpp" />
		<Unit filename="..\..\..\src\graphic\Image.h" />
		<Unit filename="..\..\..\src\graphic\NEList.cpp" />
		<Unit filename="..\..\..\src\graphic\NEList.h" />
		<Unit filename="..\..\..\src\graphic\NEPointerList.cpp" />
		<Unit filename="..\..\..\src\graphic\NEPointerList.h" />
		<Unit filename="..\..\..\src\graphic\NVPoint.cpp" />
		<Unit filename="..\..\..\src\graphic\NVPoint.h" />
		<Unit filename="..\..\..\src\graphic\NVRect.cpp" />
		<Unit filename="..\..\..\src\graphic\NVRect.h" />
		<Unit filename="..\..\..\src\include\GDeviceDefs.h" />
		<Unit filename="..\..\..\src\include\GUIDOEngine.h" />
		<Unit filename="..\..\..\src\include\GUIDOExport.h" />
		<Unit filename="..\..\..\src\include\GUIDOFactory.h" />
		<Unit filename="..\..\..\src\include\GUIDOScoreMap.h" />
		<Unit filename="..\..\..\src\include\GuidoFeedback.h" />
		<Unit filename="..\..\..\src\include\MusicalSymbols.h" />
		<Unit filename="..\..\..\src\include\SVGSystem.h" />
		<Unit filename="..\..\..\src\include\TRect.h" />
		<Unit filename="..\..\..\src\include\VGColor.h" />
		<Unit filename="..\..\..\src\include\VGDevice.h" />
		<Unit filename="..\..\..\src\include\VGFont.h" />
		<Unit filename="..\..\..\src\include\VGPen.h" />
		<Unit filename="..\..\..\src\include\VGSystem.h" />
		<Unit filename="..\..\..\src\lib\FormatStringParser.cpp" />
		<Unit filename="..\..\..\src\lib\FormatStringParser.h" />
		<Unit filename="..\..\..\src\lib\GUIDOEngine.cpp" />
		<Unit filename="..\..\..\src\lib\GUIDOEngineObsolete.cpp" />
		<Unit filename="..\..\..\src\lib\GUIDOEngineParser.cpp" />
		<Unit filename="..\..\..\src\lib\GUIDOFactory.cpp" />
		<Unit filename="..\..\..\src\lib\GUIDOInternal.cpp" />
		<Unit filename="..\..\..\src\lib\GUIDOInternal.h" />
		<Unit filename="..\..\..\src\lib\GUIDOScoreMap.cpp" />
		<Unit filename="..\..\..\src\lib\defines.h" />
		<Unit filename="..\..\..\src\misc\GUIDOTypes.h" />
		<Unit filename="..\..\..\src\misc\ListOfStrings.h" />
		<Unit filename="..\..\..\src\misc\ScoreSymbolMap.h" />
		<Unit filename="..\..\..\src\misc\VScoreSymbolMap.h" />
		<Unit filename="..\..\..\src\misc\kf_ilist.h" />
		<Unit filename="..\..\..\src\misc\kf_ivect.h" />
		<Unit filename="..\..\..\src\misc\kf_list.h" />
		<Unit filename="..\..\..\src\misc\kf_vect.h" />
		<Unit filename="..\..\..\src\misc\kr_hash.h" />
		<Unit filename="..\..\..\src\misc\nvstring.cpp" />
		<Unit filename="..\..\..\src\misc\nvstring.h" />
		<Unit filename="..\..\..\src\parser\GuidoDefs.h" />
		<Unit filename="..\..\..\src\parser\gmntools.cpp" />
		<Unit filename="..\..\..\src\parser\gmntools.h" />
		<Unit filename="..\..\..\src\parser\guido.cpp" />
		<Unit filename="..\..\..\src\parser\guido.h" />
		<Unit filename="..\..\..\src\parser\guidoparse.hpp" />
		<Unit filename="..\..\..\src\tools\SVGSystem.cpp" />
		<Unit filename="..\..\..\src\tools\ScoreSymbolMap.cpp" />
		<Unit filename="..\..\src\GDeviceWin32.cpp" />
		<Unit filename="..\..\src\GDeviceWin32.h" />
		<Unit filename="..\..\src\GFontWin32.cpp" />
		<Unit filename="..\..\src\GFontWin32.h" />
		<Unit filename="..\..\src\GSystemWin32.cpp" />
		<Unit filename="..\..\src\GSystemWin32.h" />
		<Unit filename="..\..\src\GUIDOMainWin32.cpp" />
		<Extensions>
			<code_completion />
			<debugger />
		</Extensions>
	</Project>
</CodeBlocks_project_file>
