
Microsoft Visual Studio Solution File, Format Version 9.00
# Visual Studio 2005
Project("{8BC9CEB8-8B4A-11D0-8D11-00A0C91BC942}") = "Guido", "Guido.vcproj", "{5671A785-1E2E-450C-A797-54AE798DD643}"
EndProject
Global
	GlobalSection(SolutionConfigurationPlatforms) = preSolution
		Debug|Win32 = Debug|Win32
		Release|Win32 = Release|Win32
	EndGlobalSection
	GlobalSection(ProjectConfigurationPlatforms) = postSolution
		{5671A785-1E2E-450C-A797-54AE798DD643}.Debug|Win32.ActiveCfg = Debug|Win32
		{5671A785-1E2E-450C-A797-54AE798DD643}.Debug|Win32.Build.0 = Debug|Win32
		{5671A785-1E2E-450C-A797-54AE798DD643}.Release|Win32.ActiveCfg = Release|Win32
		{5671A785-1E2E-450C-A797-54AE798DD643}.Release|Win32.Build.0 = Release|Win32
	EndGlobalSection
	GlobalSection(SolutionProperties) = preSolution
		HideSolutionNode = FALSE
	EndGlobalSection
EndGlobal
