Microsoft Visual Studio Solution File, Format Version 11.00
# Visual C++ Express 2010
Project("{8BC9CEB8-8B4A-11D0-8D11-00A0C91BC942}") = "GraphicsSceneMainWindow", "GraphicsSceneMainWindow\GraphicsSceneMainWindow.vcxproj", "{5458CFFF-617D-300A-8104-C390313E0097}"
EndProject
Project("{8BC9CEB8-8B4A-11D0-8D11-00A0C91BC942}") = "GuidoQt", "GuidoQt\GuidoQt.vcxproj", "{A2709F6B-F764-34B3-890E-74FE55AFC89F}"
EndProject
Project("{8BC9CEB8-8B4A-11D0-8D11-00A0C91BC942}") = "GuidoQtFontViewer", "GuidoQtFontViewer\GuidoQtFontViewer.vcxproj", "{0BE57B36-B564-3583-B505-37C78E190DDA}"
EndProject
Project("{8BC9CEB8-8B4A-11D0-8D11-00A0C91BC942}") = "GuidoEditor", "GuidoEditor\GuidoEditor.vcxproj", "{3FB55DA7-977B-310D-B7DB-BBCAA9078FD9}"
	ProjectSection(ProjectDependencies) = postProject
		{A2709F6B-F764-34B3-890E-74FE55AFC89F} = {A2709F6B-F764-34B3-890E-74FE55AFC89F}
	EndProjectSection
EndProject
Project("{8BC9CEB8-8B4A-11D0-8D11-00A0C91BC942}") = "GuidoSceneComposer", "GuidoSceneComposer\GuidoSceneComposer.vcxproj", "{D4E3383F-F426-3346-9285-633C62609D6C}"
	ProjectSection(ProjectDependencies) = postProject
		{5458CFFF-617D-300A-8104-C390313E0097} = {5458CFFF-617D-300A-8104-C390313E0097}
		{A2709F6B-F764-34B3-890E-74FE55AFC89F} = {A2709F6B-F764-34B3-890E-74FE55AFC89F}
	EndProjectSection
EndProject
Project("{8BC9CEB8-8B4A-11D0-8D11-00A0C91BC942}") = "guido2Image", "guido2Image\guido2Image.vcxproj", "{A7902FF8-925B-3809-BD12-77345ABF00CD}"
	ProjectSection(ProjectDependencies) = postProject
		{A2709F6B-F764-34B3-890E-74FE55AFC89F} = {A2709F6B-F764-34B3-890E-74FE55AFC89F}
	EndProjectSection
EndProject
Global
	GlobalSection(SolutionConfigurationPlatforms) = preSolution
		Debug|Win32 = Debug|Win32
		Debug|x64 = Debug|x64
		Release|Win32 = Release|Win32
		Release|x64 = Release|x64
	EndGlobalSection
	GlobalSection(ProjectConfigurationPlatforms) = postSolution
		{5458CFFF-617D-300A-8104-C390313E0097}.Debug|Win32.ActiveCfg = Debug|Win32
		{5458CFFF-617D-300A-8104-C390313E0097}.Debug|Win32.Build.0 = Debug|Win32
		{5458CFFF-617D-300A-8104-C390313E0097}.Debug|x64.ActiveCfg = Debug|Win32
		{5458CFFF-617D-300A-8104-C390313E0097}.Release|Win32.ActiveCfg = Release|Win32
		{5458CFFF-617D-300A-8104-C390313E0097}.Release|Win32.Build.0 = Release|Win32
		{5458CFFF-617D-300A-8104-C390313E0097}.Release|x64.ActiveCfg = Release|Win32
		{A2709F6B-F764-34B3-890E-74FE55AFC89F}.Debug|Win32.ActiveCfg = Debug|Win32
		{A2709F6B-F764-34B3-890E-74FE55AFC89F}.Debug|Win32.Build.0 = Debug|Win32
		{A2709F6B-F764-34B3-890E-74FE55AFC89F}.Debug|x64.ActiveCfg = Debug|Win32
		{A2709F6B-F764-34B3-890E-74FE55AFC89F}.Release|Win32.ActiveCfg = Release|Win32
		{A2709F6B-F764-34B3-890E-74FE55AFC89F}.Release|Win32.Build.0 = Release|Win32
		{A2709F6B-F764-34B3-890E-74FE55AFC89F}.Release|x64.ActiveCfg = Release|Win32
		{0BE57B36-B564-3583-B505-37C78E190DDA}.Debug|Win32.ActiveCfg = Debug|Win32
		{0BE57B36-B564-3583-B505-37C78E190DDA}.Debug|Win32.Build.0 = Debug|Win32
		{0BE57B36-B564-3583-B505-37C78E190DDA}.Debug|x64.ActiveCfg = Debug|Win32
		{0BE57B36-B564-3583-B505-37C78E190DDA}.Release|Win32.ActiveCfg = Release|Win32
		{0BE57B36-B564-3583-B505-37C78E190DDA}.Release|Win32.Build.0 = Release|Win32
		{0BE57B36-B564-3583-B505-37C78E190DDA}.Release|x64.ActiveCfg = Release|Win32
		{3FB55DA7-977B-310D-B7DB-BBCAA9078FD9}.Debug|Win32.ActiveCfg = Debug|Win32
		{3FB55DA7-977B-310D-B7DB-BBCAA9078FD9}.Debug|Win32.Build.0 = Debug|Win32
		{3FB55DA7-977B-310D-B7DB-BBCAA9078FD9}.Debug|x64.ActiveCfg = Debug|Win32
		{3FB55DA7-977B-310D-B7DB-BBCAA9078FD9}.Release|Win32.ActiveCfg = Release|Win32
		{3FB55DA7-977B-310D-B7DB-BBCAA9078FD9}.Release|Win32.Build.0 = Release|Win32
		{3FB55DA7-977B-310D-B7DB-BBCAA9078FD9}.Release|x64.ActiveCfg = Release|Win32
		{D4E3383F-F426-3346-9285-633C62609D6C}.Debug|Win32.ActiveCfg = Debug|Win32
		{D4E3383F-F426-3346-9285-633C62609D6C}.Debug|Win32.Build.0 = Debug|Win32
		{D4E3383F-F426-3346-9285-633C62609D6C}.Debug|x64.ActiveCfg = Debug|Win32
		{D4E3383F-F426-3346-9285-633C62609D6C}.Release|Win32.ActiveCfg = Release|Win32
		{D4E3383F-F426-3346-9285-633C62609D6C}.Release|Win32.Build.0 = Release|Win32
		{D4E3383F-F426-3346-9285-633C62609D6C}.Release|x64.ActiveCfg = Release|Win32
		{A7902FF8-925B-3809-BD12-77345ABF00CD}.Debug|Win32.ActiveCfg = Debug|Win32
		{A7902FF8-925B-3809-BD12-77345ABF00CD}.Debug|Win32.Build.0 = Debug|Win32
		{A7902FF8-925B-3809-BD12-77345ABF00CD}.Debug|x64.ActiveCfg = Debug|Win32
		{A7902FF8-925B-3809-BD12-77345ABF00CD}.Release|Win32.ActiveCfg = Release|Win32
		{A7902FF8-925B-3809-BD12-77345ABF00CD}.Release|Win32.Build.0 = Release|Win32
		{A7902FF8-925B-3809-BD12-77345ABF00CD}.Release|x64.ActiveCfg = Release|Win32
	EndGlobalSection
	GlobalSection(SolutionProperties) = preSolution
		HideSolutionNode = FALSE
	EndGlobalSection
EndGlobal
