Microsoft Visual Studio Solution File, Format Version 12.00
# Visual Studio 16
Project("{8BC9CEB8-8B4A-11D0-8D11-00A0C91BC942}") = "ALL_BUILD", "ALL_BUILD.vcxproj", "{5F1214A1-C58D-39B4-B10A-51B3C726B5CF}"
	ProjectSection(ProjectDependencies) = postProject
		{0FDF9A6E-1A72-3F19-85DD-9FE6DA352688} = {0FDF9A6E-1A72-3F19-85DD-9FE6DA352688}
		{DCE5ED1A-5A88-3AFB-85A9-1B47D374D2CB} = {DCE5ED1A-5A88-3AFB-85A9-1B47D374D2CB}
	EndProjectSection
EndProject
Project("{8BC9CEB8-8B4A-11D0-8D11-00A0C91BC942}") = "GUIDOEngine", "..\\GUIDOEngine.vcxproj", "{842FF4CD-676C-370D-AF6D-6720DE5A1403}"
	ProjectSection(ProjectDependencies) = postProject
		{0FDF9A6E-1A72-3F19-85DD-9FE6DA352688} = {0FDF9A6E-1A72-3F19-85DD-9FE6DA352688}
	EndProjectSection
EndProject
Project("{8BC9CEB8-8B4A-11D0-8D11-00A0C91BC942}") = "INSTALL", "INSTALL.vcxproj", "{FE64AE99-8DBC-37DC-B9BB-BB51C25BC125}"
	ProjectSection(ProjectDependencies) = postProject
		{5F1214A1-C58D-39B4-B10A-51B3C726B5CF} = {5F1214A1-C58D-39B4-B10A-51B3C726B5CF}
		{0FDF9A6E-1A72-3F19-85DD-9FE6DA352688} = {0FDF9A6E-1A72-3F19-85DD-9FE6DA352688}
	EndProjectSection
EndProject
Project("{8BC9CEB8-8B4A-11D0-8D11-00A0C91BC942}") = "PACKAGE", "PACKAGE.vcxproj", "{A7E84986-B1FC-3C38-9495-08F877D91135}"
	ProjectSection(ProjectDependencies) = postProject
		{5F1214A1-C58D-39B4-B10A-51B3C726B5CF} = {5F1214A1-C58D-39B4-B10A-51B3C726B5CF}
		{0FDF9A6E-1A72-3F19-85DD-9FE6DA352688} = {0FDF9A6E-1A72-3F19-85DD-9FE6DA352688}
	EndProjectSection
EndProject
Project("{8BC9CEB8-8B4A-11D0-8D11-00A0C91BC942}") = "ZERO_CHECK", "..\\ZERO_CHECK.vcxproj", "{0FDF9A6E-1A72-3F19-85DD-9FE6DA352688}"
	ProjectSection(ProjectDependencies) = postProject
	EndProjectSection
EndProject
Project("{8BC9CEB8-8B4A-11D0-8D11-00A0C91BC942}") = "jniGUIDOEngine", "jniGUIDOEngine.vcxproj", "{DCE5ED1A-5A88-3AFB-85A9-1B47D374D2CB}"
	ProjectSection(ProjectDependencies) = postProject
		{842FF4CD-676C-370D-AF6D-6720DE5A1403} = {842FF4CD-676C-370D-AF6D-6720DE5A1403}
		{0FDF9A6E-1A72-3F19-85DD-9FE6DA352688} = {0FDF9A6E-1A72-3F19-85DD-9FE6DA352688}
	EndProjectSection
EndProject
Global
	GlobalSection(SolutionConfigurationPlatforms) = preSolution
		Debug|Win32 = Debug|Win32
		Release|Win32 = Release|Win32
		MinSizeRel|Win32 = MinSizeRel|Win32
		RelWithDebInfo|Win32 = RelWithDebInfo|Win32
	EndGlobalSection
	GlobalSection(ProjectConfigurationPlatforms) = postSolution
		{5F1214A1-C58D-39B4-B10A-51B3C726B5CF}.Debug|Win32.ActiveCfg = Debug|Win32
		{5F1214A1-C58D-39B4-B10A-51B3C726B5CF}.Debug|Win32.Build.0 = Debug|Win32
		{5F1214A1-C58D-39B4-B10A-51B3C726B5CF}.Release|Win32.ActiveCfg = Release|Win32
		{5F1214A1-C58D-39B4-B10A-51B3C726B5CF}.Release|Win32.Build.0 = Release|Win32
		{5F1214A1-C58D-39B4-B10A-51B3C726B5CF}.MinSizeRel|Win32.ActiveCfg = MinSizeRel|Win32
		{5F1214A1-C58D-39B4-B10A-51B3C726B5CF}.MinSizeRel|Win32.Build.0 = MinSizeRel|Win32
		{5F1214A1-C58D-39B4-B10A-51B3C726B5CF}.RelWithDebInfo|Win32.ActiveCfg = RelWithDebInfo|Win32
		{5F1214A1-C58D-39B4-B10A-51B3C726B5CF}.RelWithDebInfo|Win32.Build.0 = RelWithDebInfo|Win32
		{842FF4CD-676C-370D-AF6D-6720DE5A1403}.Debug|Win32.ActiveCfg = Debug|Win32
		{842FF4CD-676C-370D-AF6D-6720DE5A1403}.Debug|Win32.Build.0 = Debug|Win32
		{842FF4CD-676C-370D-AF6D-6720DE5A1403}.Release|Win32.ActiveCfg = Release|Win32
		{842FF4CD-676C-370D-AF6D-6720DE5A1403}.Release|Win32.Build.0 = Release|Win32
		{842FF4CD-676C-370D-AF6D-6720DE5A1403}.MinSizeRel|Win32.ActiveCfg = MinSizeRel|Win32
		{842FF4CD-676C-370D-AF6D-6720DE5A1403}.MinSizeRel|Win32.Build.0 = MinSizeRel|Win32
		{842FF4CD-676C-370D-AF6D-6720DE5A1403}.RelWithDebInfo|Win32.ActiveCfg = RelWithDebInfo|Win32
		{842FF4CD-676C-370D-AF6D-6720DE5A1403}.RelWithDebInfo|Win32.Build.0 = RelWithDebInfo|Win32
		{FE64AE99-8DBC-37DC-B9BB-BB51C25BC125}.Debug|Win32.ActiveCfg = Debug|Win32
		{FE64AE99-8DBC-37DC-B9BB-BB51C25BC125}.Release|Win32.ActiveCfg = Release|Win32
		{FE64AE99-8DBC-37DC-B9BB-BB51C25BC125}.MinSizeRel|Win32.ActiveCfg = MinSizeRel|Win32
		{FE64AE99-8DBC-37DC-B9BB-BB51C25BC125}.RelWithDebInfo|Win32.ActiveCfg = RelWithDebInfo|Win32
		{A7E84986-B1FC-3C38-9495-08F877D91135}.Debug|Win32.ActiveCfg = Debug|Win32
		{A7E84986-B1FC-3C38-9495-08F877D91135}.Release|Win32.ActiveCfg = Release|Win32
		{A7E84986-B1FC-3C38-9495-08F877D91135}.MinSizeRel|Win32.ActiveCfg = MinSizeRel|Win32
		{A7E84986-B1FC-3C38-9495-08F877D91135}.RelWithDebInfo|Win32.ActiveCfg = RelWithDebInfo|Win32
		{0FDF9A6E-1A72-3F19-85DD-9FE6DA352688}.Debug|Win32.ActiveCfg = Debug|Win32
		{0FDF9A6E-1A72-3F19-85DD-9FE6DA352688}.Debug|Win32.Build.0 = Debug|Win32
		{0FDF9A6E-1A72-3F19-85DD-9FE6DA352688}.Release|Win32.ActiveCfg = Release|Win32
		{0FDF9A6E-1A72-3F19-85DD-9FE6DA352688}.Release|Win32.Build.0 = Release|Win32
		{0FDF9A6E-1A72-3F19-85DD-9FE6DA352688}.MinSizeRel|Win32.ActiveCfg = MinSizeRel|Win32
		{0FDF9A6E-1A72-3F19-85DD-9FE6DA352688}.MinSizeRel|Win32.Build.0 = MinSizeRel|Win32
		{0FDF9A6E-1A72-3F19-85DD-9FE6DA352688}.RelWithDebInfo|Win32.ActiveCfg = RelWithDebInfo|Win32
		{0FDF9A6E-1A72-3F19-85DD-9FE6DA352688}.RelWithDebInfo|Win32.Build.0 = RelWithDebInfo|Win32
		{DCE5ED1A-5A88-3AFB-85A9-1B47D374D2CB}.Debug|Win32.ActiveCfg = Debug|Win32
		{DCE5ED1A-5A88-3AFB-85A9-1B47D374D2CB}.Debug|Win32.Build.0 = Debug|Win32
		{DCE5ED1A-5A88-3AFB-85A9-1B47D374D2CB}.Release|Win32.ActiveCfg = Release|Win32
		{DCE5ED1A-5A88-3AFB-85A9-1B47D374D2CB}.Release|Win32.Build.0 = Release|Win32
		{DCE5ED1A-5A88-3AFB-85A9-1B47D374D2CB}.MinSizeRel|Win32.ActiveCfg = MinSizeRel|Win32
		{DCE5ED1A-5A88-3AFB-85A9-1B47D374D2CB}.MinSizeRel|Win32.Build.0 = MinSizeRel|Win32
		{DCE5ED1A-5A88-3AFB-85A9-1B47D374D2CB}.RelWithDebInfo|Win32.ActiveCfg = RelWithDebInfo|Win32
		{DCE5ED1A-5A88-3AFB-85A9-1B47D374D2CB}.RelWithDebInfo|Win32.Build.0 = RelWithDebInfo|Win32
	EndGlobalSection
	GlobalSection(ExtensibilityGlobals) = postSolution
		SolutionGuid = {5034EC51-7C2C-3BC1-AA01-28BD45D80E32}
	EndGlobalSection
	GlobalSection(ExtensibilityAddIns) = postSolution
	EndGlobalSection
EndGlobal
