// !$*UTF8*$!
{
	archiveVersion = 1;
	classes = {
	};
	objectVersion = 44;
	objects = {

/* Begin PBXBuildFile section */
		508817F209F0CAA80071BF1A /* guido.cpp in Sources */ = {isa = PBXBuildFile; fileRef = 508817F109F0CAA80071BF1A /* guido.cpp */; };
		D324800E1223E6B1002A65FA /* MaxAPI.framework in Frameworks */ = {isa = PBXBuildFile; fileRef = D324800D1223E6B1002A65FA /* MaxAPI.framework */; };
		D376B262122BBA9C00936D72 /* musicxml.cpp in Sources */ = {isa = PBXBuildFile; fileRef = D376B261122BBA9C00936D72 /* musicxml.cpp */; };
		D37825D91225504A003E7CB8 /* GUIDOEngine.framework in Frameworks */ = {isa = PBXBuildFile; fileRef = D37825D81225504A003E7CB8 /* GUIDOEngine.framework */; };
		D378267E12255B9E003E7CB8 /* ApplicationServices.framework in Frameworks */ = {isa = PBXBuildFile; fileRef = D378267D12255B9E003E7CB8 /* ApplicationServices.framework */; };
/* End PBXBuildFile section */

/* Begin PBXFileReference section */
		508817D409F0C9AD0071BF1A /* guido.mxo */ = {isa = PBXFileReference; explicitFileType = wrapper.cfbundle; includeInIndex = 0; path = guido.mxo; sourceTree = BUILT_PRODUCTS_DIR; };
		508817D609F0C9AD0071BF1A /* guido-Info.plist */ = {isa = PBXFileReference; explicitFileType = text.plist.xml; path = "guido-Info.plist"; sourceTree = "<group>"; };
		508817F109F0CAA80071BF1A /* guido.cpp */ = {isa = PBXFileReference; fileEncoding = 4; lastKnownFileType = sourcecode.cpp.cpp; path = guido.cpp; sourceTree = "<group>"; };
		D324800D1223E6B1002A65FA /* MaxAPI.framework */ = {isa = PBXFileReference; lastKnownFileType = wrapper.framework; name = MaxAPI.framework; path = "/Users/fober/src/MaxSDK-5.1.1/c74support/max-includes/MaxAPI.framework"; sourceTree = "<absolute>"; };
		D376B261122BBA9C00936D72 /* musicxml.cpp */ = {isa = PBXFileReference; fileEncoding = 5; lastKnownFileType = sourcecode.cpp.cpp; path = musicxml.cpp; sourceTree = SOURCE_ROOT; };
		D37825D81225504A003E7CB8 /* GUIDOEngine.framework */ = {isa = PBXFileReference; lastKnownFileType = wrapper.framework; name = GUIDOEngine.framework; path = /Users/fober/src/guido/svn/guidosf/branches/mapping/cmake/Release/GUIDOEngine.framework; sourceTree = "<absolute>"; };
		D378267D12255B9E003E7CB8 /* ApplicationServices.framework */ = {isa = PBXFileReference; lastKnownFileType = wrapper.framework; name = ApplicationServices.framework; path = System/Library/Frameworks/ApplicationServices.framework; sourceTree = SDKROOT; };
/* End PBXFileReference section */

/* Begin PBXFrameworksBuildPhase section */
		508817D209F0C9AD0071BF1A /* Frameworks */ = {
			isa = PBXFrameworksBuildPhase;
			buildActionMask = 2147483647;
			files = (
				D324800E1223E6B1002A65FA /* MaxAPI.framework in Frameworks */,
				D37825D91225504A003E7CB8 /* GUIDOEngine.framework in Frameworks */,
				D378267E12255B9E003E7CB8 /* ApplicationServices.framework in Frameworks */,
			);
			runOnlyForDeploymentPostprocessing = 0;
		};
/* End PBXFrameworksBuildPhase section */

/* Begin PBXGroup section */
		508817C209F0C9740071BF1A = {
			isa = PBXGroup;
			children = (
				508817D609F0C9AD0071BF1A /* guido-Info.plist */,
				508817F509F0CAB50071BF1A /* Sources */,
				5088180609F0CDD00071BF1A /* External Frameworks and Libraries */,
				508817D509F0C9AD0071BF1A /* Products */,
			);
			sourceTree = "<group>";
		};
		508817D509F0C9AD0071BF1A /* Products */ = {
			isa = PBXGroup;
			children = (
				508817D409F0C9AD0071BF1A /* guido.mxo */,
			);
			name = Products;
			sourceTree = "<group>";
		};
		508817F509F0CAB50071BF1A /* Sources */ = {
			isa = PBXGroup;
			children = (
				D376B261122BBA9C00936D72 /* musicxml.cpp */,
				508817F109F0CAA80071BF1A /* guido.cpp */,
			);
			name = Sources;
			sourceTree = "<group>";
		};
		5088180609F0CDD00071BF1A /* External Frameworks and Libraries */ = {
			isa = PBXGroup;
			children = (
				D378267D12255B9E003E7CB8 /* ApplicationServices.framework */,
				D324800D1223E6B1002A65FA /* MaxAPI.framework */,
				D37825D81225504A003E7CB8 /* GUIDOEngine.framework */,
			);
			name = "External Frameworks and Libraries";
			sourceTree = "<group>";
		};
/* End PBXGroup section */

/* Begin PBXNativeTarget section */
		508817D309F0C9AD0071BF1A /* guido */ = {
			isa = PBXNativeTarget;
			buildConfigurationList = 508817D709F0C9AE0071BF1A /* Build configuration list for PBXNativeTarget "guido" */;
			buildPhases = (
				508817D009F0C9AD0071BF1A /* Resources */,
				508817D109F0C9AD0071BF1A /* Sources */,
				508817D209F0C9AD0071BF1A /* Frameworks */,
				D3A52B3E1226D492003DF70F /* ShellScript */,
			);
			buildRules = (
			);
			dependencies = (
			);
			name = guido;
			productName = guido;
			productReference = 508817D409F0C9AD0071BF1A /* guido.mxo */;
			productType = "com.apple.product-type.bundle";
		};
/* End PBXNativeTarget section */

/* Begin PBXProject section */
		508817C409F0C9740071BF1A /* Project object */ = {
			isa = PBXProject;
			buildConfigurationList = 508817C509F0C9740071BF1A /* Build configuration list for PBXProject "guido" */;
			compatibilityVersion = "Xcode 3.0";
			developmentRegion = English;
			hasScannedForEncodings = 0;
			knownRegions = (
				English,
				Japanese,
				French,
				German,
			);
			mainGroup = 508817C209F0C9740071BF1A;
			productRefGroup = 508817D509F0C9AD0071BF1A /* Products */;
			projectDirPath = "";
			projectRoot = "";
			targets = (
				508817D309F0C9AD0071BF1A /* guido */,
			);
		};
/* End PBXProject section */

/* Begin PBXResourcesBuildPhase section */
		508817D009F0C9AD0071BF1A /* Resources */ = {
			isa = PBXResourcesBuildPhase;
			buildActionMask = 2147483647;
			files = (
			);
			runOnlyForDeploymentPostprocessing = 0;
		};
/* End PBXResourcesBuildPhase section */

/* Begin PBXShellScriptBuildPhase section */
		D3A52B3E1226D492003DF70F /* ShellScript */ = {
			isa = PBXShellScriptBuildPhase;
			buildActionMask = 2147483647;
			files = (
			);
			inputPaths = (
			);
			outputPaths = (
			);
			runOnlyForDeploymentPostprocessing = 0;
			shellPath = /bin/sh;
			shellScript = "#env | grep Max\ncp -Rf build/Release/guido.mxo .\n\n\n\n\n\n";
			showEnvVarsInLog = 0;
		};
/* End PBXShellScriptBuildPhase section */

/* Begin PBXSourcesBuildPhase section */
		508817D109F0C9AD0071BF1A /* Sources */ = {
			isa = PBXSourcesBuildPhase;
			buildActionMask = 2147483647;
			files = (
				508817F209F0CAA80071BF1A /* guido.cpp in Sources */,
				D376B262122BBA9C00936D72 /* musicxml.cpp in Sources */,
			);
			runOnlyForDeploymentPostprocessing = 0;
		};
/* End PBXSourcesBuildPhase section */

/* Begin XCBuildConfiguration section */
		508817C609F0C9740071BF1A /* Debug */ = {
			isa = XCBuildConfiguration;
			buildSettings = {
				GCC_WARN_ABOUT_RETURN_TYPE = YES;
				GCC_WARN_UNUSED_VARIABLE = YES;
				PREBINDING = NO;
				SDKROOT = "$(DEVELOPER_SDK_DIR)/MacOSX10.5.sdk";
			};
			name = Debug;
		};
		508817C709F0C9740071BF1A /* Release */ = {
			isa = XCBuildConfiguration;
			buildSettings = {
				ARCHS = (
					ppc,
					i386,
				);
				GCC_WARN_ABOUT_RETURN_TYPE = YES;
				GCC_WARN_UNUSED_VARIABLE = YES;
				PREBINDING = NO;
				SDKROOT = "$(DEVELOPER_SDK_DIR)/MacOSX10.5.sdk";
			};
			name = Release;
		};
		508817D809F0C9AE0071BF1A /* Debug */ = {
			isa = XCBuildConfiguration;
			buildSettings = {
				C74SUPPORT = "/Users/fober/src/MaxSDK-5.1.1/c74support";
				COPY_PHASE_STRIP = NO;
				FRAMEWORK_SEARCH_PATHS = (
					"$(inherited)",
					"\"$(SRCROOT)/../../../../../../MaxSDK-5.1.1/c74support/max-includes\"",
					"\"$(SRCROOT)/../cmake/Release\"",
				);
				GCC_DYNAMIC_NO_PIC = NO;
				GCC_ENABLE_FIX_AND_CONTINUE = YES;
				GCC_MODEL_TUNING = "";
				GCC_OPTIMIZATION_LEVEL = 0;
				GCC_PRECOMPILE_PREFIX_HEADER = NO;
				GCC_PREFIX_HEADER = "$(C74SUPPORT)/max-includes/macho-prefix.pch";
				GCC_PREPROCESSOR_DEFINITIONS = (
					"_GLIBCXX_DEBUG=1",
					"_GLIBCXX_DEBUG_PEDANTIC=1",
				);
				GCC_VERSION = 4.0;
				GCC_WARN_ABOUT_DEPRECATED_FUNCTIONS = YES;
				HEADER_SEARCH_PATHS = (
					/Developer/Headers/FlatCarbon,
					"$(C74SUPPORT)/max-includes",
					../src/include,
					../macosx/src,
				);
				MACOSX_DEPLOYMENT_TARGET = 10.4;
				PRODUCT_NAME = guido;
				STANDARD_C_PLUS_PLUS_LIBRARY_TYPE = static;
				VERSION_INFO_FILE = guido_vers.c;
				WRAPPER_EXTENSION = mxo;
				ZERO_LINK = YES;
			};
			name = Debug;
		};
		508817D909F0C9AE0071BF1A /* Release */ = {
			isa = XCBuildConfiguration;
			buildSettings = {
				C74SUPPORT = "/Users/fober/src/MaxSDK-5.1.1/c74support";
				DEBUG_INFORMATION_FORMAT = "dwarf-with-dsym";
				FRAMEWORK_SEARCH_PATHS = (
					"$(inherited)",
					"\"$(SRCROOT)/../../../../../../MaxSDK-5.1.1/c74support/max-includes\"",
					"\"$(SRCROOT)/../cmake/Release\"",
				);
				GCC_MODEL_TUNING = "";
				GCC_PRECOMPILE_PREFIX_HEADER = NO;
				GCC_PREFIX_HEADER = "$(C74SUPPORT)/max-includes/macho-prefix.pch";
				GCC_VERSION = 4.0;
				GCC_WARN_ABOUT_DEPRECATED_FUNCTIONS = YES;
				HEADER_SEARCH_PATHS = (
					/Developer/Headers/FlatCarbon,
					"$(C74SUPPORT)/max-includes",
					../src/include,
					../macosx/src,
				);
				MACOSX_DEPLOYMENT_TARGET = 10.4;
				PRODUCT_NAME = guido;
				STANDARD_C_PLUS_PLUS_LIBRARY_TYPE = static;
				STRIP_INSTALLED_PRODUCT = YES;
				STRIP_STYLE = "non-global";
				VERSION_INFO_FILE = guido_vers.c;
				WRAPPER_EXTENSION = mxo;
			};
			name = Release;
		};
/* End XCBuildConfiguration section */

/* Begin XCConfigurationList section */
		508817C509F0C9740071BF1A /* Build configuration list for PBXProject "guido" */ = {
			isa = XCConfigurationList;
			buildConfigurations = (
				508817C609F0C9740071BF1A /* Debug */,
				508817C709F0C9740071BF1A /* Release */,
			);
			defaultConfigurationIsVisible = 0;
			defaultConfigurationName = Release;
		};
		508817D709F0C9AE0071BF1A /* Build configuration list for PBXNativeTarget "guido" */ = {
			isa = XCConfigurationList;
			buildConfigurations = (
				508817D809F0C9AE0071BF1A /* Debug */,
				508817D909F0C9AE0071BF1A /* Release */,
			);
			defaultConfigurationIsVisible = 0;
			defaultConfigurationName = Release;
		};
/* End XCConfigurationList section */
	};
	rootObject = 508817C409F0C9740071BF1A /* Project object */;
}
