Microsoft Visual Studio Solution File, Format Version 9.00
# Visual Studio 2005
Project("{8BC9CEB8-8B4A-11D0-8D11-00A0C91BC942}") = "GraphicsSceneMainWindow", "GraphicsSceneMainWindow\GraphicsSceneMainWindow.vcproj", "{7A3503F7-08B8-46E9-B0CC-45C170B60BF2}"
	ProjectSection(ProjectDependencies) = postProject
		{0D36CD30-1225-4105-97CC-6FFC83998E50} = {0D36CD30-1225-4105-97CC-6FFC83998E50}
	EndProjectSection
EndProject
Project("{8BC9CEB8-8B4A-11D0-8D11-00A0C91BC942}") = "GuidoQt", "GuidoQt\GuidoQt.vcproj", "{0D36CD30-1225-4105-97CC-6FFC83998E50}"
EndProject
Project("{8BC9CEB8-8B4A-11D0-8D11-00A0C91BC942}") = "GuidoQtFontViewer", "GuidoQtFontViewer\GuidoQtFontViewer.vcproj", "{7C5C30DC-F119-4808-951F-96CB6434691F}"
	ProjectSection(ProjectDependencies) = postProject
		{0D36CD30-1225-4105-97CC-6FFC83998E50} = {0D36CD30-1225-4105-97CC-6FFC83998E50}
	EndProjectSection
EndProject
Project("{8BC9CEB8-8B4A-11D0-8D11-00A0C91BC942}") = "GuidoEditor", "GuidoEditor\GuidoEditor.vcproj", "{13649BFE-B6D9-4BD6-A258-5FF456AA2E48}"
	ProjectSection(ProjectDependencies) = postProject
		{0D36CD30-1225-4105-97CC-6FFC83998E50} = {0D36CD30-1225-4105-97CC-6FFC83998E50}
		{7A3503F7-08B8-46E9-B0CC-45C170B60BF2} = {7A3503F7-08B8-46E9-B0CC-45C170B60BF2}
	EndProjectSection
EndProject
Project("{8BC9CEB8-8B4A-11D0-8D11-00A0C91BC942}") = "GuidoSceneComposer", "GuidoSceneComposer\GuidoSceneComposer.vcproj", "{B6145341-5FBC-4151-BF33-5AAF3E731E8C}"
	ProjectSection(ProjectDependencies) = postProject
		{0D36CD30-1225-4105-97CC-6FFC83998E50} = {0D36CD30-1225-4105-97CC-6FFC83998E50}
		{7A3503F7-08B8-46E9-B0CC-45C170B60BF2} = {7A3503F7-08B8-46E9-B0CC-45C170B60BF2}
	EndProjectSection
EndProject
Project("{8BC9CEB8-8B4A-11D0-8D11-00A0C91BC942}") = "guido2Image", "guido2Image\guido2Image.vcproj", "{CA54286D-C0E9-40FF-AD44-48E820592AEC}"
	ProjectSection(ProjectDependencies) = postProject
		{0D36CD30-1225-4105-97CC-6FFC83998E50} = {0D36CD30-1225-4105-97CC-6FFC83998E50}
	EndProjectSection
EndProject
Global
	GlobalSection(SolutionConfigurationPlatforms) = preSolution
		Debug|Win32 = Debug|Win32
		Release|Win32 = Release|Win32
	EndGlobalSection
	GlobalSection(ProjectConfigurationPlatforms) = postSolution
		{7A3503F7-08B8-46E9-B0CC-45C170B60BF2}.Debug|Win32.ActiveCfg = Debug|Win32
		{7A3503F7-08B8-46E9-B0CC-45C170B60BF2}.Debug|Win32.Build.0 = Debug|Win32
		{7A3503F7-08B8-46E9-B0CC-45C170B60BF2}.Release|Win32.ActiveCfg = Release|Win32
		{7A3503F7-08B8-46E9-B0CC-45C170B60BF2}.Release|Win32.Build.0 = Release|Win32
		{0D36CD30-1225-4105-97CC-6FFC83998E50}.Debug|Win32.ActiveCfg = Debug|Win32
		{0D36CD30-1225-4105-97CC-6FFC83998E50}.Debug|Win32.Build.0 = Debug|Win32
		{0D36CD30-1225-4105-97CC-6FFC83998E50}.Release|Win32.ActiveCfg = Release|Win32
		{0D36CD30-1225-4105-97CC-6FFC83998E50}.Release|Win32.Build.0 = Release|Win32
		{7C5C30DC-F119-4808-951F-96CB6434691F}.Debug|Win32.ActiveCfg = Debug|Win32
		{7C5C30DC-F119-4808-951F-96CB6434691F}.Debug|Win32.Build.0 = Debug|Win32
		{7C5C30DC-F119-4808-951F-96CB6434691F}.Release|Win32.ActiveCfg = Release|Win32
		{7C5C30DC-F119-4808-951F-96CB6434691F}.Release|Win32.Build.0 = Release|Win32
		{13649BFE-B6D9-4BD6-A258-5FF456AA2E48}.Debug|Win32.ActiveCfg = Debug|Win32
		{13649BFE-B6D9-4BD6-A258-5FF456AA2E48}.Debug|Win32.Build.0 = Debug|Win32
		{13649BFE-B6D9-4BD6-A258-5FF456AA2E48}.Release|Win32.ActiveCfg = Release|Win32
		{13649BFE-B6D9-4BD6-A258-5FF456AA2E48}.Release|Win32.Build.0 = Release|Win32
		{B6145341-5FBC-4151-BF33-5AAF3E731E8C}.Debug|Win32.ActiveCfg = Debug|Win32
		{B6145341-5FBC-4151-BF33-5AAF3E731E8C}.Debug|Win32.Build.0 = Debug|Win32
		{B6145341-5FBC-4151-BF33-5AAF3E731E8C}.Release|Win32.ActiveCfg = Release|Win32
		{B6145341-5FBC-4151-BF33-5AAF3E731E8C}.Release|Win32.Build.0 = Release|Win32
		{CA54286D-C0E9-40FF-AD44-48E820592AEC}.Debug|Win32.ActiveCfg = Debug|Win32
		{CA54286D-C0E9-40FF-AD44-48E820592AEC}.Debug|Win32.Build.0 = Debug|Win32
		{CA54286D-C0E9-40FF-AD44-48E820592AEC}.Release|Win32.ActiveCfg = Release|Win32
		{CA54286D-C0E9-40FF-AD44-48E820592AEC}.Release|Win32.Build.0 = Release|Win32
	EndGlobalSection
	GlobalSection(SolutionProperties) = preSolution
		HideSolutionNode = FALSE
	EndGlobalSection
EndGlobal
