Microsoft Visual Studio Solution File, Format Version 11.00
# Visual C++ Express 2010
Project("{8BC9CEB8-8B4A-11D0-8D11-00A0C91BC942}") = "GraphicsSceneMainWindow", "GraphicsSceneMainWindow\GraphicsSceneMainWindow.vcxproj", "{B4B06AB0-49CD-3F7F-A573-7A88854CCAB4}"
EndProject
Project("{8BC9CEB8-8B4A-11D0-8D11-00A0C91BC942}") = "GuidoQt", "GuidoQt\GuidoQt.vcxproj", "{854A922E-532F-35BF-8985-CA1A547CF51C}"
EndProject
Project("{8BC9CEB8-8B4A-11D0-8D11-00A0C91BC942}") = "GuidoQtFontViewer", "GuidoQtFontViewer\GuidoQtFontViewer.vcxproj", "{3C3F449F-FB69-33A2-A6E3-A416A699EF03}"
EndProject
Project("{8BC9CEB8-8B4A-11D0-8D11-00A0C91BC942}") = "GuidoEditor", "GuidoEditor\GuidoEditor.vcxproj", "{59F08951-478D-3404-AC69-24EC3AB7E16E}"
EndProject
Project("{8BC9CEB8-8B4A-11D0-8D11-00A0C91BC942}") = "GuidoSceneComposer", "GuidoSceneComposer\GuidoSceneComposer.vcxproj", "{8CE28371-57F7-3D59-BCED-3CAEFADB040F}"
EndProject
Project("{8BC9CEB8-8B4A-11D0-8D11-00A0C91BC942}") = "guido2Image", "guido2Image\guido2Image.vcxproj", "{FFC6970D-CE29-3345-B6AF-2E7AF76DE7D7}"
EndProject
Global
	GlobalSection(SolutionConfigurationPlatforms) = preSolution
		Debug|Win32 = Debug|Win32
		Release|Win32 = Release|Win32
	EndGlobalSection
	GlobalSection(ProjectConfigurationPlatforms) = postSolution
		{B4B06AB0-49CD-3F7F-A573-7A88854CCAB4}.Debug|Win32.ActiveCfg = Debug|Win32
		{B4B06AB0-49CD-3F7F-A573-7A88854CCAB4}.Debug|Win32.Build.0 = Debug|Win32
		{B4B06AB0-49CD-3F7F-A573-7A88854CCAB4}.Release|Win32.ActiveCfg = Release|Win32
		{B4B06AB0-49CD-3F7F-A573-7A88854CCAB4}.Release|Win32.Build.0 = Release|Win32
		{854A922E-532F-35BF-8985-CA1A547CF51C}.Debug|Win32.ActiveCfg = Debug|Win32
		{854A922E-532F-35BF-8985-CA1A547CF51C}.Debug|Win32.Build.0 = Debug|Win32
		{854A922E-532F-35BF-8985-CA1A547CF51C}.Release|Win32.ActiveCfg = Release|Win32
		{854A922E-532F-35BF-8985-CA1A547CF51C}.Release|Win32.Build.0 = Release|Win32
		{3C3F449F-FB69-33A2-A6E3-A416A699EF03}.Debug|Win32.ActiveCfg = Debug|Win32
		{3C3F449F-FB69-33A2-A6E3-A416A699EF03}.Debug|Win32.Build.0 = Debug|Win32
		{3C3F449F-FB69-33A2-A6E3-A416A699EF03}.Release|Win32.ActiveCfg = Release|Win32
		{3C3F449F-FB69-33A2-A6E3-A416A699EF03}.Release|Win32.Build.0 = Release|Win32
		{59F08951-478D-3404-AC69-24EC3AB7E16E}.Debug|Win32.ActiveCfg = Debug|Win32
		{59F08951-478D-3404-AC69-24EC3AB7E16E}.Debug|Win32.Build.0 = Debug|Win32
		{59F08951-478D-3404-AC69-24EC3AB7E16E}.Release|Win32.ActiveCfg = Release|Win32
		{59F08951-478D-3404-AC69-24EC3AB7E16E}.Release|Win32.Build.0 = Release|Win32
		{8CE28371-57F7-3D59-BCED-3CAEFADB040F}.Debug|Win32.ActiveCfg = Debug|Win32
		{8CE28371-57F7-3D59-BCED-3CAEFADB040F}.Debug|Win32.Build.0 = Debug|Win32
		{8CE28371-57F7-3D59-BCED-3CAEFADB040F}.Release|Win32.ActiveCfg = Release|Win32
		{8CE28371-57F7-3D59-BCED-3CAEFADB040F}.Release|Win32.Build.0 = Release|Win32
		{FFC6970D-CE29-3345-B6AF-2E7AF76DE7D7}.Debug|Win32.ActiveCfg = Debug|Win32
		{FFC6970D-CE29-3345-B6AF-2E7AF76DE7D7}.Debug|Win32.Build.0 = Debug|Win32
		{FFC6970D-CE29-3345-B6AF-2E7AF76DE7D7}.Release|Win32.ActiveCfg = Release|Win32
		{FFC6970D-CE29-3345-B6AF-2E7AF76DE7D7}.Release|Win32.Build.0 = Release|Win32
	EndGlobalSection
	GlobalSection(SolutionProperties) = preSolution
		HideSolutionNode = FALSE
	EndGlobalSection
EndGlobal
