
Microsoft Visual Studio Solution File, Format Version 12.00
# Visual Studio Version 16
Project("{8BC9CEB8-8B4A-11D0-8D11-00A0C91BC942}") = "ALL_BUILD", "ALL_BUILD.vcxproj", "{5F1214A1-C58D-39B4-B10A-51B3C726B5CF}"
	ProjectSection(ProjectDependencies) = postProject
		{0FDF9A6E-1A72-3F19-85DD-9FE6DA352688} = {0FDF9A6E-1A72-3F19-85DD-9FE6DA352688}
		{1D402F2C-76EB-3A2B-8608-673EE69AB61B} = {1D402F2C-76EB-3A2B-8608-673EE69AB61B}
		{52E84872-7F33-3AFC-A0BB-FDD6FED3F8A1} = {52E84872-7F33-3AFC-A0BB-FDD6FED3F8A1}
		{D1DE5D57-3F37-334F-B7C8-496865D53C5B} = {D1DE5D57-3F37-334F-B7C8-496865D53C5B}
		{9AA0B7B6-3031-3940-9AAC-0D7572DB9661} = {9AA0B7B6-3031-3940-9AAC-0D7572DB9661}
		{42DF59C4-AAE2-3BE0-881D-4F86D92D9C92} = {42DF59C4-AAE2-3BE0-881D-4F86D92D9C92}
		{85BBC070-2B80-31C7-85DB-4FEF23D2D1DE} = {85BBC070-2B80-31C7-85DB-4FEF23D2D1DE}
		{542807CD-C489-3F55-BF13-2E012F82829F} = {542807CD-C489-3F55-BF13-2E012F82829F}
		{F5F9DF19-5255-3C60-BF22-6F8E81C75D70} = {F5F9DF19-5255-3C60-BF22-6F8E81C75D70}
		{3DC4BBDB-FE52-3D07-98AD-93CD8011BBDD} = {3DC4BBDB-FE52-3D07-98AD-93CD8011BBDD}
		{A7B00862-DD14-342A-BB2C-1580F01D106C} = {A7B00862-DD14-342A-BB2C-1580F01D106C}
		{687D7206-8ED0-370F-A66E-6C6E07DFC55E} = {687D7206-8ED0-370F-A66E-6C6E07DFC55E}
		{FCD45757-7CBF-394C-987B-1BFE47C4AE7F} = {FCD45757-7CBF-394C-987B-1BFE47C4AE7F}
		{46A3C1C5-8648-32A9-80D4-A53D4FC6C863} = {46A3C1C5-8648-32A9-80D4-A53D4FC6C863}
		{6246A420-65E9-356A-A001-2B6C18469178} = {6246A420-65E9-356A-A001-2B6C18469178}
		{6D3E8F9D-8F69-3905-8B6E-8FAECF73BD09} = {6D3E8F9D-8F69-3905-8B6E-8FAECF73BD09}
		{EFF82734-629B-3D82-94E0-BD5DABD7C8EA} = {EFF82734-629B-3D82-94E0-BD5DABD7C8EA}
		{3B3CFAF3-93D4-378E-9D52-3146F23E5740} = {3B3CFAF3-93D4-378E-9D52-3146F23E5740}
		{1536A57F-5EDF-349F-8A6D-DEABE32962B2} = {1536A57F-5EDF-349F-8A6D-DEABE32962B2}
		{6F1EF5F9-010D-3EAD-9623-468CEEEE1A89} = {6F1EF5F9-010D-3EAD-9623-468CEEEE1A89}
		{6BE60EA5-3BF5-3B25-8AE8-C9BB2AAC489A} = {6BE60EA5-3BF5-3B25-8AE8-C9BB2AAC489A}
	EndProjectSection
EndProject
Project("{8BC9CEB8-8B4A-11D0-8D11-00A0C91BC942}") = "GUIDOEngine", "..\\GUIDOEngine.vcxproj", "{842FF4CD-676C-370D-AF6D-6720DE5A1403}"
	ProjectSection(ProjectDependencies) = postProject
		{0FDF9A6E-1A72-3F19-85DD-9FE6DA352688} = {0FDF9A6E-1A72-3F19-85DD-9FE6DA352688}
	EndProjectSection
EndProject
Project("{8BC9CEB8-8B4A-11D0-8D11-00A0C91BC942}") = "INSTALL", "INSTALL.vcxproj", "{FE64AE99-8DBC-37DC-B9BB-BB51C25BC125}"
	ProjectSection(ProjectDependencies) = postProject
		{5F1214A1-C58D-39B4-B10A-51B3C726B5CF} = {5F1214A1-C58D-39B4-B10A-51B3C726B5CF}
		{0FDF9A6E-1A72-3F19-85DD-9FE6DA352688} = {0FDF9A6E-1A72-3F19-85DD-9FE6DA352688}
	EndProjectSection
EndProject
Project("{8BC9CEB8-8B4A-11D0-8D11-00A0C91BC942}") = "PACKAGE", "PACKAGE.vcxproj", "{A7E84986-B1FC-3C38-9495-08F877D91135}"
	ProjectSection(ProjectDependencies) = postProject
		{5F1214A1-C58D-39B4-B10A-51B3C726B5CF} = {5F1214A1-C58D-39B4-B10A-51B3C726B5CF}
		{0FDF9A6E-1A72-3F19-85DD-9FE6DA352688} = {0FDF9A6E-1A72-3F19-85DD-9FE6DA352688}
	EndProjectSection
EndProject
Project("{8BC9CEB8-8B4A-11D0-8D11-00A0C91BC942}") = "ZERO_CHECK", "..\\ZERO_CHECK.vcxproj", "{0FDF9A6E-1A72-3F19-85DD-9FE6DA352688}"
	ProjectSection(ProjectDependencies) = postProject
	EndProjectSection
EndProject
Project("{8BC9CEB8-8B4A-11D0-8D11-00A0C91BC942}") = "guido2abstract", "guido2abstract.vcxproj", "{1D402F2C-76EB-3A2B-8608-673EE69AB61B}"
	ProjectSection(ProjectDependencies) = postProject
		{842FF4CD-676C-370D-AF6D-6720DE5A1403} = {842FF4CD-676C-370D-AF6D-6720DE5A1403}
		{0FDF9A6E-1A72-3F19-85DD-9FE6DA352688} = {0FDF9A6E-1A72-3F19-85DD-9FE6DA352688}
	EndProjectSection
EndProject
Project("{8BC9CEB8-8B4A-11D0-8D11-00A0C91BC942}") = "guido2midi", "guido2midi.vcxproj", "{52E84872-7F33-3AFC-A0BB-FDD6FED3F8A1}"
	ProjectSection(ProjectDependencies) = postProject
		{842FF4CD-676C-370D-AF6D-6720DE5A1403} = {842FF4CD-676C-370D-AF6D-6720DE5A1403}
		{0FDF9A6E-1A72-3F19-85DD-9FE6DA352688} = {0FDF9A6E-1A72-3F19-85DD-9FE6DA352688}
	EndProjectSection
EndProject
Project("{8BC9CEB8-8B4A-11D0-8D11-00A0C91BC942}") = "guido2proll", "guido2proll.vcxproj", "{D1DE5D57-3F37-334F-B7C8-496865D53C5B}"
	ProjectSection(ProjectDependencies) = postProject
		{842FF4CD-676C-370D-AF6D-6720DE5A1403} = {842FF4CD-676C-370D-AF6D-6720DE5A1403}
		{0FDF9A6E-1A72-3F19-85DD-9FE6DA352688} = {0FDF9A6E-1A72-3F19-85DD-9FE6DA352688}
	EndProjectSection
EndProject
Project("{8BC9CEB8-8B4A-11D0-8D11-00A0C91BC942}") = "guido2rproportional", "guido2rproportional.vcxproj", "{9AA0B7B6-3031-3940-9AAC-0D7572DB9661}"
	ProjectSection(ProjectDependencies) = postProject
		{842FF4CD-676C-370D-AF6D-6720DE5A1403} = {842FF4CD-676C-370D-AF6D-6720DE5A1403}
		{0FDF9A6E-1A72-3F19-85DD-9FE6DA352688} = {0FDF9A6E-1A72-3F19-85DD-9FE6DA352688}
	EndProjectSection
EndProject
Project("{8BC9CEB8-8B4A-11D0-8D11-00A0C91BC942}") = "guido2svg", "guido2svg.vcxproj", "{42DF59C4-AAE2-3BE0-881D-4F86D92D9C92}"
	ProjectSection(ProjectDependencies) = postProject
		{842FF4CD-676C-370D-AF6D-6720DE5A1403} = {842FF4CD-676C-370D-AF6D-6720DE5A1403}
		{0FDF9A6E-1A72-3F19-85DD-9FE6DA352688} = {0FDF9A6E-1A72-3F19-85DD-9FE6DA352688}
	EndProjectSection
EndProject
Project("{8BC9CEB8-8B4A-11D0-8D11-00A0C91BC942}") = "guido2svgmap", "guido2svgmap.vcxproj", "{85BBC070-2B80-31C7-85DB-4FEF23D2D1DE}"
	ProjectSection(ProjectDependencies) = postProject
		{842FF4CD-676C-370D-AF6D-6720DE5A1403} = {842FF4CD-676C-370D-AF6D-6720DE5A1403}
		{0FDF9A6E-1A72-3F19-85DD-9FE6DA352688} = {0FDF9A6E-1A72-3F19-85DD-9FE6DA352688}
	EndProjectSection
EndProject
Project("{8BC9CEB8-8B4A-11D0-8D11-00A0C91BC942}") = "guidoar2gr", "guidoar2gr.vcxproj", "{542807CD-C489-3F55-BF13-2E012F82829F}"
	ProjectSection(ProjectDependencies) = postProject
		{842FF4CD-676C-370D-AF6D-6720DE5A1403} = {842FF4CD-676C-370D-AF6D-6720DE5A1403}
		{0FDF9A6E-1A72-3F19-85DD-9FE6DA352688} = {0FDF9A6E-1A72-3F19-85DD-9FE6DA352688}
	EndProjectSection
EndProject
Project("{8BC9CEB8-8B4A-11D0-8D11-00A0C91BC942}") = "guidodraw", "guidodraw.vcxproj", "{F5F9DF19-5255-3C60-BF22-6F8E81C75D70}"
	ProjectSection(ProjectDependencies) = postProject
		{842FF4CD-676C-370D-AF6D-6720DE5A1403} = {842FF4CD-676C-370D-AF6D-6720DE5A1403}
		{0FDF9A6E-1A72-3F19-85DD-9FE6DA352688} = {0FDF9A6E-1A72-3F19-85DD-9FE6DA352688}
	EndProjectSection
EndProject
Project("{8BC9CEB8-8B4A-11D0-8D11-00A0C91BC942}") = "guidogetmeters", "guidogetmeters.vcxproj", "{3DC4BBDB-FE52-3D07-98AD-93CD8011BBDD}"
	ProjectSection(ProjectDependencies) = postProject
		{842FF4CD-676C-370D-AF6D-6720DE5A1403} = {842FF4CD-676C-370D-AF6D-6720DE5A1403}
		{0FDF9A6E-1A72-3F19-85DD-9FE6DA352688} = {0FDF9A6E-1A72-3F19-85DD-9FE6DA352688}
	EndProjectSection
EndProject
Project("{8BC9CEB8-8B4A-11D0-8D11-00A0C91BC942}") = "guidogetpagecount", "guidogetpagecount.vcxproj", "{A7B00862-DD14-342A-BB2C-1580F01D106C}"
	ProjectSection(ProjectDependencies) = postProject
		{842FF4CD-676C-370D-AF6D-6720DE5A1403} = {842FF4CD-676C-370D-AF6D-6720DE5A1403}
		{0FDF9A6E-1A72-3F19-85DD-9FE6DA352688} = {0FDF9A6E-1A72-3F19-85DD-9FE6DA352688}
	EndProjectSection
EndProject
Project("{8BC9CEB8-8B4A-11D0-8D11-00A0C91BC942}") = "guidogetpagemap", "guidogetpagemap.vcxproj", "{687D7206-8ED0-370F-A66E-6C6E07DFC55E}"
	ProjectSection(ProjectDependencies) = postProject
		{842FF4CD-676C-370D-AF6D-6720DE5A1403} = {842FF4CD-676C-370D-AF6D-6720DE5A1403}
		{0FDF9A6E-1A72-3F19-85DD-9FE6DA352688} = {0FDF9A6E-1A72-3F19-85DD-9FE6DA352688}
	EndProjectSection
EndProject
Project("{8BC9CEB8-8B4A-11D0-8D11-00A0C91BC942}") = "guidogetstaffmap", "guidogetstaffmap.vcxproj", "{FCD45757-7CBF-394C-987B-1BFE47C4AE7F}"
	ProjectSection(ProjectDependencies) = postProject
		{842FF4CD-676C-370D-AF6D-6720DE5A1403} = {842FF4CD-676C-370D-AF6D-6720DE5A1403}
		{0FDF9A6E-1A72-3F19-85DD-9FE6DA352688} = {0FDF9A6E-1A72-3F19-85DD-9FE6DA352688}
	EndProjectSection
EndProject
Project("{8BC9CEB8-8B4A-11D0-8D11-00A0C91BC942}") = "guidogetsystemmap", "guidogetsystemmap.vcxproj", "{46A3C1C5-8648-32A9-80D4-A53D4FC6C863}"
	ProjectSection(ProjectDependencies) = postProject
		{842FF4CD-676C-370D-AF6D-6720DE5A1403} = {842FF4CD-676C-370D-AF6D-6720DE5A1403}
		{0FDF9A6E-1A72-3F19-85DD-9FE6DA352688} = {0FDF9A6E-1A72-3F19-85DD-9FE6DA352688}
	EndProjectSection
EndProject
Project("{8BC9CEB8-8B4A-11D0-8D11-00A0C91BC942}") = "guidogettempi", "guidogettempi.vcxproj", "{6246A420-65E9-356A-A001-2B6C18469178}"
	ProjectSection(ProjectDependencies) = postProject
		{842FF4CD-676C-370D-AF6D-6720DE5A1403} = {842FF4CD-676C-370D-AF6D-6720DE5A1403}
		{0FDF9A6E-1A72-3F19-85DD-9FE6DA352688} = {0FDF9A6E-1A72-3F19-85DD-9FE6DA352688}
	EndProjectSection
EndProject
Project("{8BC9CEB8-8B4A-11D0-8D11-00A0C91BC942}") = "guidogettimemap", "guidogettimemap.vcxproj", "{6D3E8F9D-8F69-3905-8B6E-8FAECF73BD09}"
	ProjectSection(ProjectDependencies) = postProject
		{842FF4CD-676C-370D-AF6D-6720DE5A1403} = {842FF4CD-676C-370D-AF6D-6720DE5A1403}
		{0FDF9A6E-1A72-3F19-85DD-9FE6DA352688} = {0FDF9A6E-1A72-3F19-85DD-9FE6DA352688}
	EndProjectSection
EndProject
Project("{8BC9CEB8-8B4A-11D0-8D11-00A0C91BC942}") = "guidogetversion", "guidogetversion.vcxproj", "{EFF82734-629B-3D82-94E0-BD5DABD7C8EA}"
	ProjectSection(ProjectDependencies) = postProject
		{842FF4CD-676C-370D-AF6D-6720DE5A1403} = {842FF4CD-676C-370D-AF6D-6720DE5A1403}
		{0FDF9A6E-1A72-3F19-85DD-9FE6DA352688} = {0FDF9A6E-1A72-3F19-85DD-9FE6DA352688}
	EndProjectSection
EndProject
Project("{8BC9CEB8-8B4A-11D0-8D11-00A0C91BC942}") = "guidogetvoicecount", "guidogetvoicecount.vcxproj", "{3B3CFAF3-93D4-378E-9D52-3146F23E5740}"
	ProjectSection(ProjectDependencies) = postProject
		{842FF4CD-676C-370D-AF6D-6720DE5A1403} = {842FF4CD-676C-370D-AF6D-6720DE5A1403}
		{0FDF9A6E-1A72-3F19-85DD-9FE6DA352688} = {0FDF9A6E-1A72-3F19-85DD-9FE6DA352688}
	EndProjectSection
EndProject
Project("{8BC9CEB8-8B4A-11D0-8D11-00A0C91BC942}") = "guidogetvoicemap", "guidogetvoicemap.vcxproj", "{1536A57F-5EDF-349F-8A6D-DEABE32962B2}"
	ProjectSection(ProjectDependencies) = postProject
		{842FF4CD-676C-370D-AF6D-6720DE5A1403} = {842FF4CD-676C-370D-AF6D-6720DE5A1403}
		{0FDF9A6E-1A72-3F19-85DD-9FE6DA352688} = {0FDF9A6E-1A72-3F19-85DD-9FE6DA352688}
	EndProjectSection
EndProject
Project("{8BC9CEB8-8B4A-11D0-8D11-00A0C91BC942}") = "guidoparse", "guidoparse.vcxproj", "{6F1EF5F9-010D-3EAD-9623-468CEEEE1A89}"
	ProjectSection(ProjectDependencies) = postProject
		{842FF4CD-676C-370D-AF6D-6720DE5A1403} = {842FF4CD-676C-370D-AF6D-6720DE5A1403}
		{0FDF9A6E-1A72-3F19-85DD-9FE6DA352688} = {0FDF9A6E-1A72-3F19-85DD-9FE6DA352688}
	EndProjectSection
EndProject
Project("{8BC9CEB8-8B4A-11D0-8D11-00A0C91BC942}") = "midi2proll", "midi2proll.vcxproj", "{6BE60EA5-3BF5-3B25-8AE8-C9BB2AAC489A}"
	ProjectSection(ProjectDependencies) = postProject
		{842FF4CD-676C-370D-AF6D-6720DE5A1403} = {842FF4CD-676C-370D-AF6D-6720DE5A1403}
		{0FDF9A6E-1A72-3F19-85DD-9FE6DA352688} = {0FDF9A6E-1A72-3F19-85DD-9FE6DA352688}
	EndProjectSection
EndProject
Global
	GlobalSection(SolutionConfigurationPlatforms) = preSolution
		Debug|Win32 = Debug|Win32
		Release|Win32 = Release|Win32
		MinSizeRel|Win32 = MinSizeRel|Win32
		RelWithDebInfo|Win32 = RelWithDebInfo|Win32
	EndGlobalSection
	GlobalSection(ProjectConfigurationPlatforms) = postSolution
		{5F1214A1-C58D-39B4-B10A-51B3C726B5CF}.Debug|Win32.ActiveCfg = Debug|Win32
		{5F1214A1-C58D-39B4-B10A-51B3C726B5CF}.Debug|Win32.Build.0 = Debug|Win32
		{5F1214A1-C58D-39B4-B10A-51B3C726B5CF}.Release|Win32.ActiveCfg = Release|Win32
		{5F1214A1-C58D-39B4-B10A-51B3C726B5CF}.Release|Win32.Build.0 = Release|Win32
		{5F1214A1-C58D-39B4-B10A-51B3C726B5CF}.MinSizeRel|Win32.ActiveCfg = MinSizeRel|Win32
		{5F1214A1-C58D-39B4-B10A-51B3C726B5CF}.MinSizeRel|Win32.Build.0 = MinSizeRel|Win32
		{5F1214A1-C58D-39B4-B10A-51B3C726B5CF}.RelWithDebInfo|Win32.ActiveCfg = RelWithDebInfo|Win32
		{5F1214A1-C58D-39B4-B10A-51B3C726B5CF}.RelWithDebInfo|Win32.Build.0 = RelWithDebInfo|Win32
		{842FF4CD-676C-370D-AF6D-6720DE5A1403}.Debug|Win32.ActiveCfg = Debug|Win32
		{842FF4CD-676C-370D-AF6D-6720DE5A1403}.Debug|Win32.Build.0 = Debug|Win32
		{842FF4CD-676C-370D-AF6D-6720DE5A1403}.Release|Win32.ActiveCfg = Release|Win32
		{842FF4CD-676C-370D-AF6D-6720DE5A1403}.Release|Win32.Build.0 = Release|Win32
		{842FF4CD-676C-370D-AF6D-6720DE5A1403}.MinSizeRel|Win32.ActiveCfg = MinSizeRel|Win32
		{842FF4CD-676C-370D-AF6D-6720DE5A1403}.MinSizeRel|Win32.Build.0 = MinSizeRel|Win32
		{842FF4CD-676C-370D-AF6D-6720DE5A1403}.RelWithDebInfo|Win32.ActiveCfg = RelWithDebInfo|Win32
		{842FF4CD-676C-370D-AF6D-6720DE5A1403}.RelWithDebInfo|Win32.Build.0 = RelWithDebInfo|Win32
		{FE64AE99-8DBC-37DC-B9BB-BB51C25BC125}.Debug|Win32.ActiveCfg = Debug|Win32
		{FE64AE99-8DBC-37DC-B9BB-BB51C25BC125}.Release|Win32.ActiveCfg = Release|Win32
		{FE64AE99-8DBC-37DC-B9BB-BB51C25BC125}.MinSizeRel|Win32.ActiveCfg = MinSizeRel|Win32
		{FE64AE99-8DBC-37DC-B9BB-BB51C25BC125}.RelWithDebInfo|Win32.ActiveCfg = RelWithDebInfo|Win32
		{A7E84986-B1FC-3C38-9495-08F877D91135}.Debug|Win32.ActiveCfg = Debug|Win32
		{A7E84986-B1FC-3C38-9495-08F877D91135}.Release|Win32.ActiveCfg = Release|Win32
		{A7E84986-B1FC-3C38-9495-08F877D91135}.MinSizeRel|Win32.ActiveCfg = MinSizeRel|Win32
		{A7E84986-B1FC-3C38-9495-08F877D91135}.RelWithDebInfo|Win32.ActiveCfg = RelWithDebInfo|Win32
		{0FDF9A6E-1A72-3F19-85DD-9FE6DA352688}.Debug|Win32.ActiveCfg = Debug|Win32
		{0FDF9A6E-1A72-3F19-85DD-9FE6DA352688}.Debug|Win32.Build.0 = Debug|Win32
		{0FDF9A6E-1A72-3F19-85DD-9FE6DA352688}.Release|Win32.ActiveCfg = Release|Win32
		{0FDF9A6E-1A72-3F19-85DD-9FE6DA352688}.Release|Win32.Build.0 = Release|Win32
		{0FDF9A6E-1A72-3F19-85DD-9FE6DA352688}.MinSizeRel|Win32.ActiveCfg = MinSizeRel|Win32
		{0FDF9A6E-1A72-3F19-85DD-9FE6DA352688}.MinSizeRel|Win32.Build.0 = MinSizeRel|Win32
		{0FDF9A6E-1A72-3F19-85DD-9FE6DA352688}.RelWithDebInfo|Win32.ActiveCfg = RelWithDebInfo|Win32
		{0FDF9A6E-1A72-3F19-85DD-9FE6DA352688}.RelWithDebInfo|Win32.Build.0 = RelWithDebInfo|Win32
		{1D402F2C-76EB-3A2B-8608-673EE69AB61B}.Debug|Win32.ActiveCfg = Debug|Win32
		{1D402F2C-76EB-3A2B-8608-673EE69AB61B}.Debug|Win32.Build.0 = Debug|Win32
		{1D402F2C-76EB-3A2B-8608-673EE69AB61B}.Release|Win32.ActiveCfg = Release|Win32
		{1D402F2C-76EB-3A2B-8608-673EE69AB61B}.Release|Win32.Build.0 = Release|Win32
		{1D402F2C-76EB-3A2B-8608-673EE69AB61B}.MinSizeRel|Win32.ActiveCfg = MinSizeRel|Win32
		{1D402F2C-76EB-3A2B-8608-673EE69AB61B}.MinSizeRel|Win32.Build.0 = MinSizeRel|Win32
		{1D402F2C-76EB-3A2B-8608-673EE69AB61B}.RelWithDebInfo|Win32.ActiveCfg = RelWithDebInfo|Win32
		{1D402F2C-76EB-3A2B-8608-673EE69AB61B}.RelWithDebInfo|Win32.Build.0 = RelWithDebInfo|Win32
		{52E84872-7F33-3AFC-A0BB-FDD6FED3F8A1}.Debug|Win32.ActiveCfg = Debug|Win32
		{52E84872-7F33-3AFC-A0BB-FDD6FED3F8A1}.Debug|Win32.Build.0 = Debug|Win32
		{52E84872-7F33-3AFC-A0BB-FDD6FED3F8A1}.Release|Win32.ActiveCfg = Release|Win32
		{52E84872-7F33-3AFC-A0BB-FDD6FED3F8A1}.Release|Win32.Build.0 = Release|Win32
		{52E84872-7F33-3AFC-A0BB-FDD6FED3F8A1}.MinSizeRel|Win32.ActiveCfg = MinSizeRel|Win32
		{52E84872-7F33-3AFC-A0BB-FDD6FED3F8A1}.MinSizeRel|Win32.Build.0 = MinSizeRel|Win32
		{52E84872-7F33-3AFC-A0BB-FDD6FED3F8A1}.RelWithDebInfo|Win32.ActiveCfg = RelWithDebInfo|Win32
		{52E84872-7F33-3AFC-A0BB-FDD6FED3F8A1}.RelWithDebInfo|Win32.Build.0 = RelWithDebInfo|Win32
		{D1DE5D57-3F37-334F-B7C8-496865D53C5B}.Debug|Win32.ActiveCfg = Debug|Win32
		{D1DE5D57-3F37-334F-B7C8-496865D53C5B}.Debug|Win32.Build.0 = Debug|Win32
		{D1DE5D57-3F37-334F-B7C8-496865D53C5B}.Release|Win32.ActiveCfg = Release|Win32
		{D1DE5D57-3F37-334F-B7C8-496865D53C5B}.Release|Win32.Build.0 = Release|Win32
		{D1DE5D57-3F37-334F-B7C8-496865D53C5B}.MinSizeRel|Win32.ActiveCfg = MinSizeRel|Win32
		{D1DE5D57-3F37-334F-B7C8-496865D53C5B}.MinSizeRel|Win32.Build.0 = MinSizeRel|Win32
		{D1DE5D57-3F37-334F-B7C8-496865D53C5B}.RelWithDebInfo|Win32.ActiveCfg = RelWithDebInfo|Win32
		{D1DE5D57-3F37-334F-B7C8-496865D53C5B}.RelWithDebInfo|Win32.Build.0 = RelWithDebInfo|Win32
		{9AA0B7B6-3031-3940-9AAC-0D7572DB9661}.Debug|Win32.ActiveCfg = Debug|Win32
		{9AA0B7B6-3031-3940-9AAC-0D7572DB9661}.Debug|Win32.Build.0 = Debug|Win32
		{9AA0B7B6-3031-3940-9AAC-0D7572DB9661}.Release|Win32.ActiveCfg = Release|Win32
		{9AA0B7B6-3031-3940-9AAC-0D7572DB9661}.Release|Win32.Build.0 = Release|Win32
		{9AA0B7B6-3031-3940-9AAC-0D7572DB9661}.MinSizeRel|Win32.ActiveCfg = MinSizeRel|Win32
		{9AA0B7B6-3031-3940-9AAC-0D7572DB9661}.MinSizeRel|Win32.Build.0 = MinSizeRel|Win32
		{9AA0B7B6-3031-3940-9AAC-0D7572DB9661}.RelWithDebInfo|Win32.ActiveCfg = RelWithDebInfo|Win32
		{9AA0B7B6-3031-3940-9AAC-0D7572DB9661}.RelWithDebInfo|Win32.Build.0 = RelWithDebInfo|Win32
		{42DF59C4-AAE2-3BE0-881D-4F86D92D9C92}.Debug|Win32.ActiveCfg = Debug|Win32
		{42DF59C4-AAE2-3BE0-881D-4F86D92D9C92}.Debug|Win32.Build.0 = Debug|Win32
		{42DF59C4-AAE2-3BE0-881D-4F86D92D9C92}.Release|Win32.ActiveCfg = Release|Win32
		{42DF59C4-AAE2-3BE0-881D-4F86D92D9C92}.Release|Win32.Build.0 = Release|Win32
		{42DF59C4-AAE2-3BE0-881D-4F86D92D9C92}.MinSizeRel|Win32.ActiveCfg = MinSizeRel|Win32
		{42DF59C4-AAE2-3BE0-881D-4F86D92D9C92}.MinSizeRel|Win32.Build.0 = MinSizeRel|Win32
		{42DF59C4-AAE2-3BE0-881D-4F86D92D9C92}.RelWithDebInfo|Win32.ActiveCfg = RelWithDebInfo|Win32
		{42DF59C4-AAE2-3BE0-881D-4F86D92D9C92}.RelWithDebInfo|Win32.Build.0 = RelWithDebInfo|Win32
		{85BBC070-2B80-31C7-85DB-4FEF23D2D1DE}.Debug|Win32.ActiveCfg = Debug|Win32
		{85BBC070-2B80-31C7-85DB-4FEF23D2D1DE}.Debug|Win32.Build.0 = Debug|Win32
		{85BBC070-2B80-31C7-85DB-4FEF23D2D1DE}.Release|Win32.ActiveCfg = Release|Win32
		{85BBC070-2B80-31C7-85DB-4FEF23D2D1DE}.Release|Win32.Build.0 = Release|Win32
		{85BBC070-2B80-31C7-85DB-4FEF23D2D1DE}.MinSizeRel|Win32.ActiveCfg = MinSizeRel|Win32
		{85BBC070-2B80-31C7-85DB-4FEF23D2D1DE}.MinSizeRel|Win32.Build.0 = MinSizeRel|Win32
		{85BBC070-2B80-31C7-85DB-4FEF23D2D1DE}.RelWithDebInfo|Win32.ActiveCfg = RelWithDebInfo|Win32
		{85BBC070-2B80-31C7-85DB-4FEF23D2D1DE}.RelWithDebInfo|Win32.Build.0 = RelWithDebInfo|Win32
		{542807CD-C489-3F55-BF13-2E012F82829F}.Debug|Win32.ActiveCfg = Debug|Win32
		{542807CD-C489-3F55-BF13-2E012F82829F}.Debug|Win32.Build.0 = Debug|Win32
		{542807CD-C489-3F55-BF13-2E012F82829F}.Release|Win32.ActiveCfg = Release|Win32
		{542807CD-C489-3F55-BF13-2E012F82829F}.Release|Win32.Build.0 = Release|Win32
		{542807CD-C489-3F55-BF13-2E012F82829F}.MinSizeRel|Win32.ActiveCfg = MinSizeRel|Win32
		{542807CD-C489-3F55-BF13-2E012F82829F}.MinSizeRel|Win32.Build.0 = MinSizeRel|Win32
		{542807CD-C489-3F55-BF13-2E012F82829F}.RelWithDebInfo|Win32.ActiveCfg = RelWithDebInfo|Win32
		{542807CD-C489-3F55-BF13-2E012F82829F}.RelWithDebInfo|Win32.Build.0 = RelWithDebInfo|Win32
		{F5F9DF19-5255-3C60-BF22-6F8E81C75D70}.Debug|Win32.ActiveCfg = Debug|Win32
		{F5F9DF19-5255-3C60-BF22-6F8E81C75D70}.Debug|Win32.Build.0 = Debug|Win32
		{F5F9DF19-5255-3C60-BF22-6F8E81C75D70}.Release|Win32.ActiveCfg = Release|Win32
		{F5F9DF19-5255-3C60-BF22-6F8E81C75D70}.Release|Win32.Build.0 = Release|Win32
		{F5F9DF19-5255-3C60-BF22-6F8E81C75D70}.MinSizeRel|Win32.ActiveCfg = MinSizeRel|Win32
		{F5F9DF19-5255-3C60-BF22-6F8E81C75D70}.MinSizeRel|Win32.Build.0 = MinSizeRel|Win32
		{F5F9DF19-5255-3C60-BF22-6F8E81C75D70}.RelWithDebInfo|Win32.ActiveCfg = RelWithDebInfo|Win32
		{F5F9DF19-5255-3C60-BF22-6F8E81C75D70}.RelWithDebInfo|Win32.Build.0 = RelWithDebInfo|Win32
		{3DC4BBDB-FE52-3D07-98AD-93CD8011BBDD}.Debug|Win32.ActiveCfg = Debug|Win32
		{3DC4BBDB-FE52-3D07-98AD-93CD8011BBDD}.Debug|Win32.Build.0 = Debug|Win32
		{3DC4BBDB-FE52-3D07-98AD-93CD8011BBDD}.Release|Win32.ActiveCfg = Release|Win32
		{3DC4BBDB-FE52-3D07-98AD-93CD8011BBDD}.Release|Win32.Build.0 = Release|Win32
		{3DC4BBDB-FE52-3D07-98AD-93CD8011BBDD}.MinSizeRel|Win32.ActiveCfg = MinSizeRel|Win32
		{3DC4BBDB-FE52-3D07-98AD-93CD8011BBDD}.MinSizeRel|Win32.Build.0 = MinSizeRel|Win32
		{3DC4BBDB-FE52-3D07-98AD-93CD8011BBDD}.RelWithDebInfo|Win32.ActiveCfg = RelWithDebInfo|Win32
		{3DC4BBDB-FE52-3D07-98AD-93CD8011BBDD}.RelWithDebInfo|Win32.Build.0 = RelWithDebInfo|Win32
		{A7B00862-DD14-342A-BB2C-1580F01D106C}.Debug|Win32.ActiveCfg = Debug|Win32
		{A7B00862-DD14-342A-BB2C-1580F01D106C}.Debug|Win32.Build.0 = Debug|Win32
		{A7B00862-DD14-342A-BB2C-1580F01D106C}.Release|Win32.ActiveCfg = Release|Win32
		{A7B00862-DD14-342A-BB2C-1580F01D106C}.Release|Win32.Build.0 = Release|Win32
		{A7B00862-DD14-342A-BB2C-1580F01D106C}.MinSizeRel|Win32.ActiveCfg = MinSizeRel|Win32
		{A7B00862-DD14-342A-BB2C-1580F01D106C}.MinSizeRel|Win32.Build.0 = MinSizeRel|Win32
		{A7B00862-DD14-342A-BB2C-1580F01D106C}.RelWithDebInfo|Win32.ActiveCfg = RelWithDebInfo|Win32
		{A7B00862-DD14-342A-BB2C-1580F01D106C}.RelWithDebInfo|Win32.Build.0 = RelWithDebInfo|Win32
		{687D7206-8ED0-370F-A66E-6C6E07DFC55E}.Debug|Win32.ActiveCfg = Debug|Win32
		{687D7206-8ED0-370F-A66E-6C6E07DFC55E}.Debug|Win32.Build.0 = Debug|Win32
		{687D7206-8ED0-370F-A66E-6C6E07DFC55E}.Release|Win32.ActiveCfg = Release|Win32
		{687D7206-8ED0-370F-A66E-6C6E07DFC55E}.Release|Win32.Build.0 = Release|Win32
		{687D7206-8ED0-370F-A66E-6C6E07DFC55E}.MinSizeRel|Win32.ActiveCfg = MinSizeRel|Win32
		{687D7206-8ED0-370F-A66E-6C6E07DFC55E}.MinSizeRel|Win32.Build.0 = MinSizeRel|Win32
		{687D7206-8ED0-370F-A66E-6C6E07DFC55E}.RelWithDebInfo|Win32.ActiveCfg = RelWithDebInfo|Win32
		{687D7206-8ED0-370F-A66E-6C6E07DFC55E}.RelWithDebInfo|Win32.Build.0 = RelWithDebInfo|Win32
		{FCD45757-7CBF-394C-987B-1BFE47C4AE7F}.Debug|Win32.ActiveCfg = Debug|Win32
		{FCD45757-7CBF-394C-987B-1BFE47C4AE7F}.Debug|Win32.Build.0 = Debug|Win32
		{FCD45757-7CBF-394C-987B-1BFE47C4AE7F}.Release|Win32.ActiveCfg = Release|Win32
		{FCD45757-7CBF-394C-987B-1BFE47C4AE7F}.Release|Win32.Build.0 = Release|Win32
		{FCD45757-7CBF-394C-987B-1BFE47C4AE7F}.MinSizeRel|Win32.ActiveCfg = MinSizeRel|Win32
		{FCD45757-7CBF-394C-987B-1BFE47C4AE7F}.MinSizeRel|Win32.Build.0 = MinSizeRel|Win32
		{FCD45757-7CBF-394C-987B-1BFE47C4AE7F}.RelWithDebInfo|Win32.ActiveCfg = RelWithDebInfo|Win32
		{FCD45757-7CBF-394C-987B-1BFE47C4AE7F}.RelWithDebInfo|Win32.Build.0 = RelWithDebInfo|Win32
		{46A3C1C5-8648-32A9-80D4-A53D4FC6C863}.Debug|Win32.ActiveCfg = Debug|Win32
		{46A3C1C5-8648-32A9-80D4-A53D4FC6C863}.Debug|Win32.Build.0 = Debug|Win32
		{46A3C1C5-8648-32A9-80D4-A53D4FC6C863}.Release|Win32.ActiveCfg = Release|Win32
		{46A3C1C5-8648-32A9-80D4-A53D4FC6C863}.Release|Win32.Build.0 = Release|Win32
		{46A3C1C5-8648-32A9-80D4-A53D4FC6C863}.MinSizeRel|Win32.ActiveCfg = MinSizeRel|Win32
		{46A3C1C5-8648-32A9-80D4-A53D4FC6C863}.MinSizeRel|Win32.Build.0 = MinSizeRel|Win32
		{46A3C1C5-8648-32A9-80D4-A53D4FC6C863}.RelWithDebInfo|Win32.ActiveCfg = RelWithDebInfo|Win32
		{46A3C1C5-8648-32A9-80D4-A53D4FC6C863}.RelWithDebInfo|Win32.Build.0 = RelWithDebInfo|Win32
		{6246A420-65E9-356A-A001-2B6C18469178}.Debug|Win32.ActiveCfg = Debug|Win32
		{6246A420-65E9-356A-A001-2B6C18469178}.Debug|Win32.Build.0 = Debug|Win32
		{6246A420-65E9-356A-A001-2B6C18469178}.Release|Win32.ActiveCfg = Release|Win32
		{6246A420-65E9-356A-A001-2B6C18469178}.Release|Win32.Build.0 = Release|Win32
		{6246A420-65E9-356A-A001-2B6C18469178}.MinSizeRel|Win32.ActiveCfg = MinSizeRel|Win32
		{6246A420-65E9-356A-A001-2B6C18469178}.MinSizeRel|Win32.Build.0 = MinSizeRel|Win32
		{6246A420-65E9-356A-A001-2B6C18469178}.RelWithDebInfo|Win32.ActiveCfg = RelWithDebInfo|Win32
		{6246A420-65E9-356A-A001-2B6C18469178}.RelWithDebInfo|Win32.Build.0 = RelWithDebInfo|Win32
		{6D3E8F9D-8F69-3905-8B6E-8FAECF73BD09}.Debug|Win32.ActiveCfg = Debug|Win32
		{6D3E8F9D-8F69-3905-8B6E-8FAECF73BD09}.Debug|Win32.Build.0 = Debug|Win32
		{6D3E8F9D-8F69-3905-8B6E-8FAECF73BD09}.Release|Win32.ActiveCfg = Release|Win32
		{6D3E8F9D-8F69-3905-8B6E-8FAECF73BD09}.Release|Win32.Build.0 = Release|Win32
		{6D3E8F9D-8F69-3905-8B6E-8FAECF73BD09}.MinSizeRel|Win32.ActiveCfg = MinSizeRel|Win32
		{6D3E8F9D-8F69-3905-8B6E-8FAECF73BD09}.MinSizeRel|Win32.Build.0 = MinSizeRel|Win32
		{6D3E8F9D-8F69-3905-8B6E-8FAECF73BD09}.RelWithDebInfo|Win32.ActiveCfg = RelWithDebInfo|Win32
		{6D3E8F9D-8F69-3905-8B6E-8FAECF73BD09}.RelWithDebInfo|Win32.Build.0 = RelWithDebInfo|Win32
		{EFF82734-629B-3D82-94E0-BD5DABD7C8EA}.Debug|Win32.ActiveCfg = Debug|Win32
		{EFF82734-629B-3D82-94E0-BD5DABD7C8EA}.Debug|Win32.Build.0 = Debug|Win32
		{EFF82734-629B-3D82-94E0-BD5DABD7C8EA}.Release|Win32.ActiveCfg = Release|Win32
		{EFF82734-629B-3D82-94E0-BD5DABD7C8EA}.Release|Win32.Build.0 = Release|Win32
		{EFF82734-629B-3D82-94E0-BD5DABD7C8EA}.MinSizeRel|Win32.ActiveCfg = MinSizeRel|Win32
		{EFF82734-629B-3D82-94E0-BD5DABD7C8EA}.MinSizeRel|Win32.Build.0 = MinSizeRel|Win32
		{EFF82734-629B-3D82-94E0-BD5DABD7C8EA}.RelWithDebInfo|Win32.ActiveCfg = RelWithDebInfo|Win32
		{EFF82734-629B-3D82-94E0-BD5DABD7C8EA}.RelWithDebInfo|Win32.Build.0 = RelWithDebInfo|Win32
		{3B3CFAF3-93D4-378E-9D52-3146F23E5740}.Debug|Win32.ActiveCfg = Debug|Win32
		{3B3CFAF3-93D4-378E-9D52-3146F23E5740}.Debug|Win32.Build.0 = Debug|Win32
		{3B3CFAF3-93D4-378E-9D52-3146F23E5740}.Release|Win32.ActiveCfg = Release|Win32
		{3B3CFAF3-93D4-378E-9D52-3146F23E5740}.Release|Win32.Build.0 = Release|Win32
		{3B3CFAF3-93D4-378E-9D52-3146F23E5740}.MinSizeRel|Win32.ActiveCfg = MinSizeRel|Win32
		{3B3CFAF3-93D4-378E-9D52-3146F23E5740}.MinSizeRel|Win32.Build.0 = MinSizeRel|Win32
		{3B3CFAF3-93D4-378E-9D52-3146F23E5740}.RelWithDebInfo|Win32.ActiveCfg = RelWithDebInfo|Win32
		{3B3CFAF3-93D4-378E-9D52-3146F23E5740}.RelWithDebInfo|Win32.Build.0 = RelWithDebInfo|Win32
		{1536A57F-5EDF-349F-8A6D-DEABE32962B2}.Debug|Win32.ActiveCfg = Debug|Win32
		{1536A57F-5EDF-349F-8A6D-DEABE32962B2}.Debug|Win32.Build.0 = Debug|Win32
		{1536A57F-5EDF-349F-8A6D-DEABE32962B2}.Release|Win32.ActiveCfg = Release|Win32
		{1536A57F-5EDF-349F-8A6D-DEABE32962B2}.Release|Win32.Build.0 = Release|Win32
		{1536A57F-5EDF-349F-8A6D-DEABE32962B2}.MinSizeRel|Win32.ActiveCfg = MinSizeRel|Win32
		{1536A57F-5EDF-349F-8A6D-DEABE32962B2}.MinSizeRel|Win32.Build.0 = MinSizeRel|Win32
		{1536A57F-5EDF-349F-8A6D-DEABE32962B2}.RelWithDebInfo|Win32.ActiveCfg = RelWithDebInfo|Win32
		{1536A57F-5EDF-349F-8A6D-DEABE32962B2}.RelWithDebInfo|Win32.Build.0 = RelWithDebInfo|Win32
		{6F1EF5F9-010D-3EAD-9623-468CEEEE1A89}.Debug|Win32.ActiveCfg = Debug|Win32
		{6F1EF5F9-010D-3EAD-9623-468CEEEE1A89}.Debug|Win32.Build.0 = Debug|Win32
		{6F1EF5F9-010D-3EAD-9623-468CEEEE1A89}.Release|Win32.ActiveCfg = Release|Win32
		{6F1EF5F9-010D-3EAD-9623-468CEEEE1A89}.Release|Win32.Build.0 = Release|Win32
		{6F1EF5F9-010D-3EAD-9623-468CEEEE1A89}.MinSizeRel|Win32.ActiveCfg = MinSizeRel|Win32
		{6F1EF5F9-010D-3EAD-9623-468CEEEE1A89}.MinSizeRel|Win32.Build.0 = MinSizeRel|Win32
		{6F1EF5F9-010D-3EAD-9623-468CEEEE1A89}.RelWithDebInfo|Win32.ActiveCfg = RelWithDebInfo|Win32
		{6F1EF5F9-010D-3EAD-9623-468CEEEE1A89}.RelWithDebInfo|Win32.Build.0 = RelWithDebInfo|Win32
		{6BE60EA5-3BF5-3B25-8AE8-C9BB2AAC489A}.Debug|Win32.ActiveCfg = Debug|Win32
		{6BE60EA5-3BF5-3B25-8AE8-C9BB2AAC489A}.Debug|Win32.Build.0 = Debug|Win32
		{6BE60EA5-3BF5-3B25-8AE8-C9BB2AAC489A}.Release|Win32.ActiveCfg = Release|Win32
		{6BE60EA5-3BF5-3B25-8AE8-C9BB2AAC489A}.Release|Win32.Build.0 = Release|Win32
		{6BE60EA5-3BF5-3B25-8AE8-C9BB2AAC489A}.MinSizeRel|Win32.ActiveCfg = MinSizeRel|Win32
		{6BE60EA5-3BF5-3B25-8AE8-C9BB2AAC489A}.MinSizeRel|Win32.Build.0 = MinSizeRel|Win32
		{6BE60EA5-3BF5-3B25-8AE8-C9BB2AAC489A}.RelWithDebInfo|Win32.ActiveCfg = RelWithDebInfo|Win32
		{6BE60EA5-3BF5-3B25-8AE8-C9BB2AAC489A}.RelWithDebInfo|Win32.Build.0 = RelWithDebInfo|Win32
	EndGlobalSection
	GlobalSection(ExtensibilityGlobals) = postSolution
		SolutionGuid = {ED514A9C-59A3-3D63-A488-60F1C0EDE9CA}
	EndGlobalSection
	GlobalSection(ExtensibilityAddIns) = postSolution
	EndGlobalSection
EndGlobal
