// !$*UTF8*$!
{
	archiveVersion = 1;
	classes = {
	};
	objectVersion = 42;
	objects = {

/* Begin PBXAggregateTarget section */
		D31EB7BE0E0A96D5006D60A5 /* all */ = {
			isa = PBXAggregateTarget;
			buildConfigurationList = D31EB7C50E0A9701006D60A5 /* Build configuration list for PBXAggregateTarget "all" */;
			buildPhases = (
			);
			dependencies = (
				D31EB8110E0A9FC2006D60A5 /* PBXTargetDependency */,
				D31EB7C40E0A96E3006D60A5 /* PBXTargetDependency */,
			);
			name = all;
			productName = all;
		};
/* End PBXAggregateTarget section */

/* Begin PBXBuildFile section */
		D31EB7EB0E0A9DF3006D60A5 /* FontDrawer.cp in Sources */ = {isa = PBXBuildFile; fileRef = D31EB7D80E0A9DF3006D60A5 /* FontDrawer.cp */; };
		D31EB7EC0E0A9DF3006D60A5 /* guido.icns in Resources */ = {isa = PBXBuildFile; fileRef = D31EB7DA0E0A9DF3006D60A5 /* guido.icns */; };
		D31EB7ED0E0A9DF3006D60A5 /* TApplication.cp in Sources */ = {isa = PBXBuildFile; fileRef = D31EB7DD0E0A9DF3006D60A5 /* TApplication.cp */; };
		D31EB7EE0E0A9DF3006D60A5 /* TCarbonEvent.cp in Sources */ = {isa = PBXBuildFile; fileRef = D31EB7DF0E0A9DF3006D60A5 /* TCarbonEvent.cp */; };
		D31EB7EF0E0A9DF3006D60A5 /* TEventHandler.cp in Sources */ = {isa = PBXBuildFile; fileRef = D31EB7E10E0A9DF3006D60A5 /* TEventHandler.cp */; };
		D31EB7F00E0A9DF3006D60A5 /* TNib.cp in Sources */ = {isa = PBXBuildFile; fileRef = D31EB7E30E0A9DF3006D60A5 /* TNib.cp */; };
		D31EB7F10E0A9DF3006D60A5 /* TWindow.cp in Sources */ = {isa = PBXBuildFile; fileRef = D31EB7E50E0A9DF3006D60A5 /* TWindow.cp */; };
		D31EB7F20E0A9DF3006D60A5 /* Info.plist in Resources */ = {isa = PBXBuildFile; fileRef = D31EB7E70E0A9DF3006D60A5 /* Info.plist */; };
		D31EB7F30E0A9DF3006D60A5 /* main.cp in Sources */ = {isa = PBXBuildFile; fileRef = D31EB7E80E0A9DF3006D60A5 /* main.cp */; };
		D31EB8440E0A9FDB006D60A5 /* CarbonControlUtils.cpp in Sources */ = {isa = PBXBuildFile; fileRef = D31EB8140E0A9FDB006D60A5 /* CarbonControlUtils.cpp */; };
		D31EB8460E0A9FDB006D60A5 /* ExportImageDialog.cpp in Sources */ = {isa = PBXBuildFile; fileRef = D31EB8160E0A9FDB006D60A5 /* ExportImageDialog.cpp */; };
		D31EB8470E0A9FDB006D60A5 /* ExportImageWizard.cpp in Sources */ = {isa = PBXBuildFile; fileRef = D31EB8180E0A9FDB006D60A5 /* ExportImageWizard.cpp */; };
		D31EB8480E0A9FDB006D60A5 /* guido.icns in Resources */ = {isa = PBXBuildFile; fileRef = D31EB81A0E0A9FDB006D60A5 /* guido.icns */; };
		D31EB8490E0A9FDB006D60A5 /* GuidoCarbonControl.cpp in Sources */ = {isa = PBXBuildFile; fileRef = D31EB81B0E0A9FDB006D60A5 /* GuidoCarbonControl.cpp */; };
		D31EB84B0E0A9FDB006D60A5 /* GuidoDocWindow.cpp in Sources */ = {isa = PBXBuildFile; fileRef = D31EB81F0E0A9FDB006D60A5 /* GuidoDocWindow.cpp */; };
		D31EB84C0E0A9FDB006D60A5 /* GuidoGfxExporter.cpp in Sources */ = {isa = PBXBuildFile; fileRef = D31EB8210E0A9FDB006D60A5 /* GuidoGfxExporter.cpp */; };
		D31EB84E0E0A9FDB006D60A5 /* GuidoPrefs.cpp in Sources */ = {isa = PBXBuildFile; fileRef = D31EB8250E0A9FDB006D60A5 /* GuidoPrefs.cpp */; };
		D31EB84F0E0A9FDB006D60A5 /* GuidoQuartzEventHandlers.cpp in Sources */ = {isa = PBXBuildFile; fileRef = D31EB8270E0A9FDB006D60A5 /* GuidoQuartzEventHandlers.cpp */; };
		D31EB8500E0A9FDB006D60A5 /* GuidoQuartzViewer.nib in Resources */ = {isa = PBXBuildFile; fileRef = D31EB8280E0A9FDB006D60A5 /* GuidoQuartzViewer.nib */; };
		D31EB8510E0A9FDB006D60A5 /* GuidoQuartzViewerApp.cpp in Sources */ = {isa = PBXBuildFile; fileRef = D31EB8290E0A9FDB006D60A5 /* GuidoQuartzViewerApp.cpp */; };
		D31EB8530E0A9FDB006D60A5 /* MacAlertBox.cpp in Sources */ = {isa = PBXBuildFile; fileRef = D31EB82D0E0A9FDB006D60A5 /* MacAlertBox.cpp */; };
		D31EB8540E0A9FDB006D60A5 /* MacCarbonTimer.cpp in Sources */ = {isa = PBXBuildFile; fileRef = D31EB82F0E0A9FDB006D60A5 /* MacCarbonTimer.cpp */; };
		D31EB8550E0A9FDB006D60A5 /* MacDialogBox.cpp in Sources */ = {isa = PBXBuildFile; fileRef = D31EB8310E0A9FDB006D60A5 /* MacDialogBox.cpp */; };
		D31EB8560E0A9FDB006D60A5 /* MacFileSelector.cpp in Sources */ = {isa = PBXBuildFile; fileRef = D31EB8330E0A9FDB006D60A5 /* MacFileSelector.cpp */; };
		D31EB8570E0A9FDB006D60A5 /* MacFileTools.cpp in Sources */ = {isa = PBXBuildFile; fileRef = D31EB8350E0A9FDB006D60A5 /* MacFileTools.cpp */; };
		D31EB8580E0A9FDB006D60A5 /* MacGfxExporter.cpp in Sources */ = {isa = PBXBuildFile; fileRef = D31EB8360E0A9FDB006D60A5 /* MacGfxExporter.cpp */; };
		D31EB8590E0A9FDB006D60A5 /* MacGuidoPrintTask.cpp in Sources */ = {isa = PBXBuildFile; fileRef = D31EB8380E0A9FDB006D60A5 /* MacGuidoPrintTask.cpp */; };
		D31EB85A0E0A9FDB006D60A5 /* MacPrintTask.cpp in Sources */ = {isa = PBXBuildFile; fileRef = D31EB83A0E0A9FDB006D60A5 /* MacPrintTask.cpp */; };
		D31EB85B0E0A9FDB006D60A5 /* MacStringTools.cpp in Sources */ = {isa = PBXBuildFile; fileRef = D31EB83C0E0A9FDB006D60A5 /* MacStringTools.cpp */; };
		D31EB85C0E0A9FDB006D60A5 /* MStrings.cpp in Sources */ = {isa = PBXBuildFile; fileRef = D31EB83F0E0A9FDB006D60A5 /* MStrings.cpp */; };
		D31EB85F0E0AA00E006D60A5 /* Carbon.framework in Frameworks */ = {isa = PBXBuildFile; fileRef = D31EB7AB0E0A95B8006D60A5 /* Carbon.framework */; };
		D31EB8650E0AA042006D60A5 /* CGuidoDoc.cpp in Sources */ = {isa = PBXBuildFile; fileRef = D31EB8630E0AA042006D60A5 /* CGuidoDoc.cpp */; };
		D31EB8FE0E0AA52D006D60A5 /* GuidoQuartzFontViewer-Info.plist in Resources */ = {isa = PBXBuildFile; fileRef = D31EB8FD0E0AA52D006D60A5 /* GuidoQuartzFontViewer-Info.plist */; };
		D31EB9010E0AA56D006D60A5 /* main.nib in Resources */ = {isa = PBXBuildFile; fileRef = D31EB9000E0AA56D006D60A5 /* main.nib */; };
		D322CC8710427F0000C141C2 /* GUIDOEngine.framework in Frameworks */ = {isa = PBXBuildFile; fileRef = D322CC8610427F0000C141C2 /* GUIDOEngine.framework */; };
		D39C6ED91046839F004CA6AF /* guido2.ttf in Resources */ = {isa = PBXBuildFile; fileRef = D31EB8BD0E0AA329006D60A5 /* guido2.ttf */; };
		D3B3154C1067A97C00C25BBF /* GUIDOEngine.framework in Frameworks */ = {isa = PBXBuildFile; fileRef = D322CC8610427F0000C141C2 /* GUIDOEngine.framework */; };
		D3F789930F3701AA00E5011B /* QuickTime.framework in Frameworks */ = {isa = PBXBuildFile; fileRef = D3F7898A0F3700F100E5011B /* QuickTime.framework */; };
/* End PBXBuildFile section */

/* Begin PBXContainerItemProxy section */
		D31EB7C30E0A96E3006D60A5 /* PBXContainerItemProxy */ = {
			isa = PBXContainerItemProxy;
			containerPortal = 0867D690FE84028FC02AAC07 /* Project object */;
			proxyType = 1;
			remoteGlobalIDString = D31EB7B70E0A9683006D60A5;
			remoteInfo = GuidoQuartzFontViewer;
		};
		D31EB8100E0A9FC2006D60A5 /* PBXContainerItemProxy */ = {
			isa = PBXContainerItemProxy;
			containerPortal = 0867D690FE84028FC02AAC07 /* Project object */;
			proxyType = 1;
			remoteGlobalIDString = D31EB8090E0A9FB8006D60A5;
			remoteInfo = GuidoQuartzViewer;
		};
/* End PBXContainerItemProxy section */

/* Begin PBXFileReference section */
		D31EB7AB0E0A95B8006D60A5 /* Carbon.framework */ = {isa = PBXFileReference; lastKnownFileType = wrapper.framework; name = Carbon.framework; path = /System/Library/Frameworks/Carbon.framework; sourceTree = "<absolute>"; };
		D31EB7B80E0A9683006D60A5 /* GuidoQuartzFontViewer.app */ = {isa = PBXFileReference; explicitFileType = wrapper.application; includeInIndex = 0; path = GuidoQuartzFontViewer.app; sourceTree = BUILT_PRODUCTS_DIR; };
		D31EB7D80E0A9DF3006D60A5 /* FontDrawer.cp */ = {isa = PBXFileReference; fileEncoding = 5; lastKnownFileType = sourcecode.cpp.cpp; name = FontDrawer.cp; path = GuidoQuartzFontViewer/FontDrawer.cp; sourceTree = SOURCE_ROOT; };
		D31EB7D90E0A9DF3006D60A5 /* FontDrawer.h */ = {isa = PBXFileReference; fileEncoding = 5; lastKnownFileType = sourcecode.c.h; name = FontDrawer.h; path = GuidoQuartzFontViewer/FontDrawer.h; sourceTree = SOURCE_ROOT; };
		D31EB7DA0E0A9DF3006D60A5 /* guido.icns */ = {isa = PBXFileReference; lastKnownFileType = image.icns; name = guido.icns; path = GuidoQuartzFontViewer/guido.icns; sourceTree = SOURCE_ROOT; };
		D31EB7DC0E0A9DF3006D60A5 /* HIFramework.h */ = {isa = PBXFileReference; fileEncoding = 5; lastKnownFileType = sourcecode.c.h; name = HIFramework.h; path = GuidoQuartzFontViewer/HIFramework/HIFramework.h; sourceTree = SOURCE_ROOT; };
		D31EB7DD0E0A9DF3006D60A5 /* TApplication.cp */ = {isa = PBXFileReference; fileEncoding = 5; lastKnownFileType = sourcecode.cpp.cpp; name = TApplication.cp; path = GuidoQuartzFontViewer/HIFramework/TApplication.cp; sourceTree = SOURCE_ROOT; };
		D31EB7DE0E0A9DF3006D60A5 /* TApplication.h */ = {isa = PBXFileReference; fileEncoding = 5; lastKnownFileType = sourcecode.c.h; name = TApplication.h; path = GuidoQuartzFontViewer/HIFramework/TApplication.h; sourceTree = SOURCE_ROOT; };
		D31EB7DF0E0A9DF3006D60A5 /* TCarbonEvent.cp */ = {isa = PBXFileReference; fileEncoding = 5; lastKnownFileType = sourcecode.cpp.cpp; name = TCarbonEvent.cp; path = GuidoQuartzFontViewer/HIFramework/TCarbonEvent.cp; sourceTree = SOURCE_ROOT; };
		D31EB7E00E0A9DF3006D60A5 /* TCarbonEvent.h */ = {isa = PBXFileReference; fileEncoding = 5; lastKnownFileType = sourcecode.c.h; name = TCarbonEvent.h; path = GuidoQuartzFontViewer/HIFramework/TCarbonEvent.h; sourceTree = SOURCE_ROOT; };
		D31EB7E10E0A9DF3006D60A5 /* TEventHandler.cp */ = {isa = PBXFileReference; fileEncoding = 5; lastKnownFileType = sourcecode.cpp.cpp; name = TEventHandler.cp; path = GuidoQuartzFontViewer/HIFramework/TEventHandler.cp; sourceTree = SOURCE_ROOT; };
		D31EB7E20E0A9DF3006D60A5 /* TEventHandler.h */ = {isa = PBXFileReference; fileEncoding = 5; lastKnownFileType = sourcecode.c.h; name = TEventHandler.h; path = GuidoQuartzFontViewer/HIFramework/TEventHandler.h; sourceTree = SOURCE_ROOT; };
		D31EB7E30E0A9DF3006D60A5 /* TNib.cp */ = {isa = PBXFileReference; fileEncoding = 5; lastKnownFileType = sourcecode.cpp.cpp; name = TNib.cp; path = GuidoQuartzFontViewer/HIFramework/TNib.cp; sourceTree = SOURCE_ROOT; };
		D31EB7E40E0A9DF3006D60A5 /* TNib.h */ = {isa = PBXFileReference; fileEncoding = 5; lastKnownFileType = sourcecode.c.h; name = TNib.h; path = GuidoQuartzFontViewer/HIFramework/TNib.h; sourceTree = SOURCE_ROOT; };
		D31EB7E50E0A9DF3006D60A5 /* TWindow.cp */ = {isa = PBXFileReference; fileEncoding = 5; lastKnownFileType = sourcecode.cpp.cpp; name = TWindow.cp; path = GuidoQuartzFontViewer/HIFramework/TWindow.cp; sourceTree = SOURCE_ROOT; };
		D31EB7E60E0A9DF3006D60A5 /* TWindow.h */ = {isa = PBXFileReference; fileEncoding = 5; lastKnownFileType = sourcecode.c.h; name = TWindow.h; path = GuidoQuartzFontViewer/HIFramework/TWindow.h; sourceTree = SOURCE_ROOT; };
		D31EB7E70E0A9DF3006D60A5 /* Info.plist */ = {isa = PBXFileReference; fileEncoding = 5; lastKnownFileType = text.plist.xml; name = Info.plist; path = GuidoQuartzFontViewer/Info.plist; sourceTree = SOURCE_ROOT; };
		D31EB7E80E0A9DF3006D60A5 /* main.cp */ = {isa = PBXFileReference; fileEncoding = 5; lastKnownFileType = sourcecode.cpp.cpp; name = main.cp; path = GuidoQuartzFontViewer/main.cp; sourceTree = SOURCE_ROOT; };
		D31EB80A0E0A9FB8006D60A5 /* GuidoQuartzViewer.app */ = {isa = PBXFileReference; explicitFileType = wrapper.application; includeInIndex = 0; path = GuidoQuartzViewer.app; sourceTree = BUILT_PRODUCTS_DIR; };
		D31EB80C0E0A9FB8006D60A5 /* GuidoQuartzViewer-Info.plist */ = {isa = PBXFileReference; lastKnownFileType = text.plist.xml; path = "GuidoQuartzViewer-Info.plist"; sourceTree = "<group>"; };
		D31EB8140E0A9FDB006D60A5 /* CarbonControlUtils.cpp */ = {isa = PBXFileReference; fileEncoding = 5; lastKnownFileType = sourcecode.cpp.cpp; path = CarbonControlUtils.cpp; sourceTree = "<group>"; };
		D31EB8160E0A9FDB006D60A5 /* ExportImageDialog.cpp */ = {isa = PBXFileReference; fileEncoding = 5; lastKnownFileType = sourcecode.cpp.cpp; path = ExportImageDialog.cpp; sourceTree = "<group>"; };
		D31EB8170E0A9FDB006D60A5 /* ExportImageDialog.h */ = {isa = PBXFileReference; fileEncoding = 5; lastKnownFileType = sourcecode.c.h; path = ExportImageDialog.h; sourceTree = "<group>"; };
		D31EB8180E0A9FDB006D60A5 /* ExportImageWizard.cpp */ = {isa = PBXFileReference; fileEncoding = 5; lastKnownFileType = sourcecode.cpp.cpp; path = ExportImageWizard.cpp; sourceTree = "<group>"; };
		D31EB8190E0A9FDB006D60A5 /* ExportImageWizard.h */ = {isa = PBXFileReference; fileEncoding = 5; lastKnownFileType = sourcecode.c.h; path = ExportImageWizard.h; sourceTree = "<group>"; };
		D31EB81A0E0A9FDB006D60A5 /* guido.icns */ = {isa = PBXFileReference; lastKnownFileType = image.icns; path = guido.icns; sourceTree = "<group>"; };
		D31EB81B0E0A9FDB006D60A5 /* GuidoCarbonControl.cpp */ = {isa = PBXFileReference; fileEncoding = 5; lastKnownFileType = sourcecode.cpp.cpp; path = GuidoCarbonControl.cpp; sourceTree = "<group>"; };
		D31EB81C0E0A9FDB006D60A5 /* GuidoCarbonControl.h */ = {isa = PBXFileReference; fileEncoding = 5; lastKnownFileType = sourcecode.c.h; path = GuidoCarbonControl.h; sourceTree = "<group>"; };
		D31EB81E0E0A9FDB006D60A5 /* GuidoDocInfos.h */ = {isa = PBXFileReference; fileEncoding = 5; lastKnownFileType = sourcecode.c.h; path = GuidoDocInfos.h; sourceTree = "<group>"; };
		D31EB81F0E0A9FDB006D60A5 /* GuidoDocWindow.cpp */ = {isa = PBXFileReference; fileEncoding = 5; lastKnownFileType = sourcecode.cpp.cpp; path = GuidoDocWindow.cpp; sourceTree = "<group>"; };
		D31EB8200E0A9FDB006D60A5 /* GuidoDocWindow.h */ = {isa = PBXFileReference; fileEncoding = 5; lastKnownFileType = sourcecode.c.h; path = GuidoDocWindow.h; sourceTree = "<group>"; };
		D31EB8210E0A9FDB006D60A5 /* GuidoGfxExporter.cpp */ = {isa = PBXFileReference; fileEncoding = 5; lastKnownFileType = sourcecode.cpp.cpp; path = GuidoGfxExporter.cpp; sourceTree = "<group>"; };
		D31EB8220E0A9FDB006D60A5 /* GuidoGfxExporter.h */ = {isa = PBXFileReference; fileEncoding = 5; lastKnownFileType = sourcecode.c.h; path = GuidoGfxExporter.h; sourceTree = "<group>"; };
		D31EB8250E0A9FDB006D60A5 /* GuidoPrefs.cpp */ = {isa = PBXFileReference; fileEncoding = 5; lastKnownFileType = sourcecode.cpp.cpp; path = GuidoPrefs.cpp; sourceTree = "<group>"; };
		D31EB8260E0A9FDB006D60A5 /* GuidoPrefs.h */ = {isa = PBXFileReference; fileEncoding = 5; lastKnownFileType = sourcecode.c.h; path = GuidoPrefs.h; sourceTree = "<group>"; };
		D31EB8270E0A9FDB006D60A5 /* GuidoQuartzEventHandlers.cpp */ = {isa = PBXFileReference; fileEncoding = 5; lastKnownFileType = sourcecode.cpp.cpp; path = GuidoQuartzEventHandlers.cpp; sourceTree = "<group>"; };
		D31EB8280E0A9FDB006D60A5 /* GuidoQuartzViewer.nib */ = {isa = PBXFileReference; lastKnownFileType = wrapper.nib; path = GuidoQuartzViewer.nib; sourceTree = "<group>"; };
		D31EB8290E0A9FDB006D60A5 /* GuidoQuartzViewerApp.cpp */ = {isa = PBXFileReference; fileEncoding = 5; lastKnownFileType = sourcecode.cpp.cpp; path = GuidoQuartzViewerApp.cpp; sourceTree = "<group>"; };
		D31EB82A0E0A9FDB006D60A5 /* GuidoQuartzViewerApp.h */ = {isa = PBXFileReference; fileEncoding = 5; lastKnownFileType = sourcecode.c.h; path = GuidoQuartzViewerApp.h; sourceTree = "<group>"; };
		D31EB82B0E0A9FDB006D60A5 /* GuidoViewerConsts.h */ = {isa = PBXFileReference; fileEncoding = 5; lastKnownFileType = sourcecode.c.h; path = GuidoViewerConsts.h; sourceTree = "<group>"; };
		D31EB82D0E0A9FDB006D60A5 /* MacAlertBox.cpp */ = {isa = PBXFileReference; fileEncoding = 5; lastKnownFileType = sourcecode.cpp.cpp; path = MacAlertBox.cpp; sourceTree = "<group>"; };
		D31EB82E0E0A9FDB006D60A5 /* MacAlertBox.h */ = {isa = PBXFileReference; fileEncoding = 5; lastKnownFileType = sourcecode.c.h; path = MacAlertBox.h; sourceTree = "<group>"; };
		D31EB82F0E0A9FDB006D60A5 /* MacCarbonTimer.cpp */ = {isa = PBXFileReference; fileEncoding = 5; lastKnownFileType = sourcecode.cpp.cpp; path = MacCarbonTimer.cpp; sourceTree = "<group>"; };
		D31EB8300E0A9FDB006D60A5 /* MacCarbonTimer.h */ = {isa = PBXFileReference; fileEncoding = 5; lastKnownFileType = sourcecode.c.h; path = MacCarbonTimer.h; sourceTree = "<group>"; };
		D31EB8310E0A9FDB006D60A5 /* MacDialogBox.cpp */ = {isa = PBXFileReference; fileEncoding = 5; lastKnownFileType = sourcecode.cpp.cpp; path = MacDialogBox.cpp; sourceTree = "<group>"; };
		D31EB8320E0A9FDB006D60A5 /* MacDialogBox.h */ = {isa = PBXFileReference; fileEncoding = 5; lastKnownFileType = sourcecode.c.h; path = MacDialogBox.h; sourceTree = "<group>"; };
		D31EB8330E0A9FDB006D60A5 /* MacFileSelector.cpp */ = {isa = PBXFileReference; fileEncoding = 5; lastKnownFileType = sourcecode.cpp.cpp; path = MacFileSelector.cpp; sourceTree = "<group>"; };
		D31EB8340E0A9FDB006D60A5 /* MacFileSelector.h */ = {isa = PBXFileReference; fileEncoding = 5; lastKnownFileType = sourcecode.c.h; path = MacFileSelector.h; sourceTree = "<group>"; };
		D31EB8350E0A9FDB006D60A5 /* MacFileTools.cpp */ = {isa = PBXFileReference; fileEncoding = 5; lastKnownFileType = sourcecode.cpp.cpp; path = MacFileTools.cpp; sourceTree = "<group>"; };
		D31EB8360E0A9FDB006D60A5 /* MacGfxExporter.cpp */ = {isa = PBXFileReference; fileEncoding = 5; lastKnownFileType = sourcecode.cpp.cpp; path = MacGfxExporter.cpp; sourceTree = "<group>"; };
		D31EB8370E0A9FDB006D60A5 /* MacGfxExporter.h */ = {isa = PBXFileReference; fileEncoding = 5; lastKnownFileType = sourcecode.c.h; path = MacGfxExporter.h; sourceTree = "<group>"; };
		D31EB8380E0A9FDB006D60A5 /* MacGuidoPrintTask.cpp */ = {isa = PBXFileReference; fileEncoding = 5; lastKnownFileType = sourcecode.cpp.cpp; path = MacGuidoPrintTask.cpp; sourceTree = "<group>"; };
		D31EB8390E0A9FDB006D60A5 /* MacGuidoPrintTask.h */ = {isa = PBXFileReference; fileEncoding = 5; lastKnownFileType = sourcecode.c.h; path = MacGuidoPrintTask.h; sourceTree = "<group>"; };
		D31EB83A0E0A9FDB006D60A5 /* MacPrintTask.cpp */ = {isa = PBXFileReference; fileEncoding = 5; lastKnownFileType = sourcecode.cpp.cpp; path = MacPrintTask.cpp; sourceTree = "<group>"; };
		D31EB83B0E0A9FDB006D60A5 /* MacPrintTask.h */ = {isa = PBXFileReference; fileEncoding = 5; lastKnownFileType = sourcecode.c.h; path = MacPrintTask.h; sourceTree = "<group>"; };
		D31EB83C0E0A9FDB006D60A5 /* MacStringTools.cpp */ = {isa = PBXFileReference; fileEncoding = 5; lastKnownFileType = sourcecode.cpp.cpp; path = MacStringTools.cpp; sourceTree = "<group>"; };
		D31EB83D0E0A9FDB006D60A5 /* MacTools.h */ = {isa = PBXFileReference; fileEncoding = 5; lastKnownFileType = sourcecode.c.h; path = MacTools.h; sourceTree = "<group>"; };
		D31EB83E0E0A9FDB006D60A5 /* MClock.h */ = {isa = PBXFileReference; fileEncoding = 5; lastKnownFileType = sourcecode.c.h; path = MClock.h; sourceTree = "<group>"; };
		D31EB83F0E0A9FDB006D60A5 /* MStrings.cpp */ = {isa = PBXFileReference; fileEncoding = 5; lastKnownFileType = sourcecode.cpp.cpp; path = MStrings.cpp; sourceTree = "<group>"; };
		D31EB8400E0A9FDB006D60A5 /* MStrings.h */ = {isa = PBXFileReference; fileEncoding = 5; lastKnownFileType = sourcecode.c.h; path = MStrings.h; sourceTree = "<group>"; };
		D31EB8630E0AA042006D60A5 /* CGuidoDoc.cpp */ = {isa = PBXFileReference; fileEncoding = 5; lastKnownFileType = sourcecode.cpp.cpp; name = CGuidoDoc.cpp; path = ../src/tools/CGuidoDoc.cpp; sourceTree = SOURCE_ROOT; };
		D31EB8640E0AA042006D60A5 /* CGuidoDoc.h */ = {isa = PBXFileReference; fileEncoding = 5; lastKnownFileType = sourcecode.c.h; name = CGuidoDoc.h; path = ../src/tools/CGuidoDoc.h; sourceTree = SOURCE_ROOT; };
		D31EB8BD0E0AA329006D60A5 /* guido2.ttf */ = {isa = PBXFileReference; lastKnownFileType = file; name = guido2.ttf; path = ../src/guido2.ttf; sourceTree = SOURCE_ROOT; };
		D31EB8FD0E0AA52D006D60A5 /* GuidoQuartzFontViewer-Info.plist */ = {isa = PBXFileReference; fileEncoding = 5; lastKnownFileType = text.plist.xml; path = "GuidoQuartzFontViewer-Info.plist"; sourceTree = "<group>"; };
		D31EB9000E0AA56D006D60A5 /* main.nib */ = {isa = PBXFileReference; lastKnownFileType = wrapper.nib; name = main.nib; path = GuidoQuartzFontViewer/main.nib; sourceTree = SOURCE_ROOT; };
		D322CC8610427F0000C141C2 /* GUIDOEngine.framework */ = {isa = PBXFileReference; lastKnownFileType = wrapper.framework; name = GUIDOEngine.framework; path = ../cmake/Release/GUIDOEngine.framework; sourceTree = SOURCE_ROOT; };
		D32F2295104814A6001D8820 /* GUIDOEngine.framework */ = {isa = PBXFileReference; lastKnownFileType = wrapper.framework; name = GUIDOEngine.framework; path = ../cmake/Debug/GUIDOEngine.framework; sourceTree = SOURCE_ROOT; };
		D39C6E911046730A004CA6AF /* GDeviceDefs.h */ = {isa = PBXFileReference; fileEncoding = 5; lastKnownFileType = sourcecode.c.h; name = GDeviceDefs.h; path = ../src/include/GDeviceDefs.h; sourceTree = SOURCE_ROOT; };
		D39C6E921046730A004CA6AF /* GUIDOEngine.h */ = {isa = PBXFileReference; fileEncoding = 5; lastKnownFileType = sourcecode.c.h; name = GUIDOEngine.h; path = ../src/include/GUIDOEngine.h; sourceTree = SOURCE_ROOT; };
		D39C6E931046730A004CA6AF /* GUIDOExport.h */ = {isa = PBXFileReference; fileEncoding = 5; lastKnownFileType = sourcecode.c.h; name = GUIDOExport.h; path = ../src/include/GUIDOExport.h; sourceTree = SOURCE_ROOT; };
		D39C6E941046730A004CA6AF /* GUIDOFactory.h */ = {isa = PBXFileReference; fileEncoding = 5; lastKnownFileType = sourcecode.c.h; name = GUIDOFactory.h; path = ../src/include/GUIDOFactory.h; sourceTree = SOURCE_ROOT; };
		D39C6E951046730A004CA6AF /* GuidoFeedback.h */ = {isa = PBXFileReference; fileEncoding = 5; lastKnownFileType = sourcecode.c.h; name = GuidoFeedback.h; path = ../src/include/GuidoFeedback.h; sourceTree = SOURCE_ROOT; };
		D39C6E961046730A004CA6AF /* GUIDOScoreMap.h */ = {isa = PBXFileReference; fileEncoding = 5; lastKnownFileType = sourcecode.c.h; name = GUIDOScoreMap.h; path = ../src/include/GUIDOScoreMap.h; sourceTree = SOURCE_ROOT; };
		D39C6E971046730A004CA6AF /* MusicalSymbols.h */ = {isa = PBXFileReference; fileEncoding = 5; lastKnownFileType = sourcecode.c.h; name = MusicalSymbols.h; path = ../src/include/MusicalSymbols.h; sourceTree = SOURCE_ROOT; };
		D39C6E981046730A004CA6AF /* SVGSystem.h */ = {isa = PBXFileReference; fileEncoding = 5; lastKnownFileType = sourcecode.c.h; name = SVGSystem.h; path = ../src/include/SVGSystem.h; sourceTree = SOURCE_ROOT; };
		D39C6E991046730A004CA6AF /* TRect.h */ = {isa = PBXFileReference; fileEncoding = 5; lastKnownFileType = sourcecode.c.h; name = TRect.h; path = ../src/include/TRect.h; sourceTree = SOURCE_ROOT; };
		D39C6E9A1046730A004CA6AF /* VGColor.h */ = {isa = PBXFileReference; fileEncoding = 5; lastKnownFileType = sourcecode.c.h; name = VGColor.h; path = ../src/include/VGColor.h; sourceTree = SOURCE_ROOT; };
		D39C6E9B1046730A004CA6AF /* VGDevice.h */ = {isa = PBXFileReference; fileEncoding = 5; lastKnownFileType = sourcecode.c.h; name = VGDevice.h; path = ../src/include/VGDevice.h; sourceTree = SOURCE_ROOT; };
		D39C6E9C1046730A004CA6AF /* VGFont.h */ = {isa = PBXFileReference; fileEncoding = 5; lastKnownFileType = sourcecode.c.h; name = VGFont.h; path = ../src/include/VGFont.h; sourceTree = SOURCE_ROOT; };
		D39C6E9D1046730A004CA6AF /* VGPen.h */ = {isa = PBXFileReference; fileEncoding = 5; lastKnownFileType = sourcecode.c.h; name = VGPen.h; path = ../src/include/VGPen.h; sourceTree = SOURCE_ROOT; };
		D39C6E9E1046730A004CA6AF /* VGSystem.h */ = {isa = PBXFileReference; fileEncoding = 5; lastKnownFileType = sourcecode.c.h; name = VGSystem.h; path = ../src/include/VGSystem.h; sourceTree = SOURCE_ROOT; };
		D39C6EA310467314004CA6AF /* GDeviceOSX.h */ = {isa = PBXFileReference; fileEncoding = 5; lastKnownFileType = sourcecode.c.h; name = GDeviceOSX.h; path = src/GDeviceOSX.h; sourceTree = SOURCE_ROOT; };
		D39C6EA710467314004CA6AF /* GFontOSX.h */ = {isa = PBXFileReference; fileEncoding = 5; lastKnownFileType = sourcecode.c.h; name = GFontOSX.h; path = src/GFontOSX.h; sourceTree = SOURCE_ROOT; };
		D39C6EAD10467314004CA6AF /* GSystemOSX.h */ = {isa = PBXFileReference; fileEncoding = 5; lastKnownFileType = sourcecode.c.h; name = GSystemOSX.h; path = src/GSystemOSX.h; sourceTree = SOURCE_ROOT; };
		D3B5B9560E0AEB2C00A76F44 /* GUIDOEngine-Info.plist */ = {isa = PBXFileReference; fileEncoding = 5; lastKnownFileType = text.plist.xml; path = "GUIDOEngine-Info.plist"; sourceTree = SOURCE_ROOT; };
		D3F7898A0F3700F100E5011B /* QuickTime.framework */ = {isa = PBXFileReference; lastKnownFileType = wrapper.framework; name = QuickTime.framework; path = /System/Library/Frameworks/QuickTime.framework; sourceTree = "<absolute>"; };
/* End PBXFileReference section */

/* Begin PBXFrameworksBuildPhase section */
		D31EB7B60E0A9683006D60A5 /* Frameworks */ = {
			isa = PBXFrameworksBuildPhase;
			buildActionMask = 2147483647;
			files = (
				D322CC8710427F0000C141C2 /* GUIDOEngine.framework in Frameworks */,
			);
			runOnlyForDeploymentPostprocessing = 0;
		};
		D31EB8080E0A9FB8006D60A5 /* Frameworks */ = {
			isa = PBXFrameworksBuildPhase;
			buildActionMask = 2147483647;
			files = (
				D31EB85F0E0AA00E006D60A5 /* Carbon.framework in Frameworks */,
				D3F789930F3701AA00E5011B /* QuickTime.framework in Frameworks */,
				D3B3154C1067A97C00C25BBF /* GUIDOEngine.framework in Frameworks */,
			);
			runOnlyForDeploymentPostprocessing = 0;
		};
/* End PBXFrameworksBuildPhase section */

/* Begin PBXGroup section */
		034768DDFF38A45A11DB9C8B /* Products */ = {
			isa = PBXGroup;
			children = (
				D31EB7B80E0A9683006D60A5 /* GuidoQuartzFontViewer.app */,
				D31EB80A0E0A9FB8006D60A5 /* GuidoQuartzViewer.app */,
			);
			name = Products;
			sourceTree = "<group>";
		};
		0867D691FE84028FC02AAC07 /* GUIDOEngine */ = {
			isa = PBXGroup;
			children = (
				D31EB8120E0A9FDB006D60A5 /* GuidoQuartz */,
				D31EB7D30E0A9DF3006D60A5 /* GuidoQuartzFontViewer */,
				089C1665FE841158C02AAC07 /* Resources */,
				0867D69AFE84028FC02AAC07 /* External Frameworks and Libraries */,
				034768DDFF38A45A11DB9C8B /* Products */,
			);
			name = GUIDOEngine;
			sourceTree = "<group>";
		};
		0867D69AFE84028FC02AAC07 /* External Frameworks and Libraries */ = {
			isa = PBXGroup;
			children = (
				D32F2295104814A6001D8820 /* GUIDOEngine.framework */,
				D322CC8610427F0000C141C2 /* GUIDOEngine.framework */,
				D3F7898A0F3700F100E5011B /* QuickTime.framework */,
				D31EB7AB0E0A95B8006D60A5 /* Carbon.framework */,
			);
			name = "External Frameworks and Libraries";
			sourceTree = "<group>";
		};
		089C1665FE841158C02AAC07 /* Resources */ = {
			isa = PBXGroup;
			children = (
				D3B5B9560E0AEB2C00A76F44 /* GUIDOEngine-Info.plist */,
			);
			name = Resources;
			sourceTree = "<group>";
		};
		D31EB7D30E0A9DF3006D60A5 /* GuidoQuartzFontViewer */ = {
			isa = PBXGroup;
			children = (
				D31EB8FF0E0AA55F006D60A5 /* resources */,
				D31EB8FA0E0AA4F9006D60A5 /* sources */,
				D31EB7D80E0A9DF3006D60A5 /* FontDrawer.cp */,
				D31EB7D90E0A9DF3006D60A5 /* FontDrawer.h */,
				D31EB7DA0E0A9DF3006D60A5 /* guido.icns */,
				D31EB7DB0E0A9DF3006D60A5 /* HIFramework */,
				D31EB7E70E0A9DF3006D60A5 /* Info.plist */,
				D31EB7E80E0A9DF3006D60A5 /* main.cp */,
			);
			path = GuidoQuartzFontViewer;
			sourceTree = SOURCE_ROOT;
		};
		D31EB7DB0E0A9DF3006D60A5 /* HIFramework */ = {
			isa = PBXGroup;
			children = (
				D31EB7DC0E0A9DF3006D60A5 /* HIFramework.h */,
				D31EB7DD0E0A9DF3006D60A5 /* TApplication.cp */,
				D31EB7DE0E0A9DF3006D60A5 /* TApplication.h */,
				D31EB7DF0E0A9DF3006D60A5 /* TCarbonEvent.cp */,
				D31EB7E00E0A9DF3006D60A5 /* TCarbonEvent.h */,
				D31EB7E10E0A9DF3006D60A5 /* TEventHandler.cp */,
				D31EB7E20E0A9DF3006D60A5 /* TEventHandler.h */,
				D31EB7E30E0A9DF3006D60A5 /* TNib.cp */,
				D31EB7E40E0A9DF3006D60A5 /* TNib.h */,
				D31EB7E50E0A9DF3006D60A5 /* TWindow.cp */,
				D31EB7E60E0A9DF3006D60A5 /* TWindow.h */,
			);
			name = HIFramework;
			path = GuidoQuartzFontViewer/HIFramework;
			sourceTree = SOURCE_ROOT;
		};
		D31EB8120E0A9FDB006D60A5 /* GuidoQuartz */ = {
			isa = PBXGroup;
			children = (
				D3B64FEA104D041500137A9E /* src */,
				D39C6E9F10467314004CA6AF /* devices */,
				D39C6E901046730A004CA6AF /* include */,
				D31EB8AF0E0AA1DD006D60A5 /* resources */,
				D31EB8620E0AA02A006D60A5 /* tools */,
			);
			path = GuidoQuartz;
			sourceTree = SOURCE_ROOT;
		};
		D31EB8620E0AA02A006D60A5 /* tools */ = {
			isa = PBXGroup;
			children = (
				D31EB8630E0AA042006D60A5 /* CGuidoDoc.cpp */,
				D31EB8640E0AA042006D60A5 /* CGuidoDoc.h */,
			);
			name = tools;
			sourceTree = "<group>";
		};
		D31EB8AF0E0AA1DD006D60A5 /* resources */ = {
			isa = PBXGroup;
			children = (
				D31EB8BD0E0AA329006D60A5 /* guido2.ttf */,
				D31EB8280E0A9FDB006D60A5 /* GuidoQuartzViewer.nib */,
				D31EB80C0E0A9FB8006D60A5 /* GuidoQuartzViewer-Info.plist */,
				D31EB81A0E0A9FDB006D60A5 /* guido.icns */,
			);
			name = resources;
			sourceTree = "<group>";
		};
		D31EB8FA0E0AA4F9006D60A5 /* sources */ = {
			isa = PBXGroup;
			children = (
			);
			name = sources;
			sourceTree = "<group>";
		};
		D31EB8FF0E0AA55F006D60A5 /* resources */ = {
			isa = PBXGroup;
			children = (
				D31EB9000E0AA56D006D60A5 /* main.nib */,
				D31EB8FD0E0AA52D006D60A5 /* GuidoQuartzFontViewer-Info.plist */,
			);
			name = resources;
			sourceTree = "<group>";
		};
		D39C6E901046730A004CA6AF /* include */ = {
			isa = PBXGroup;
			children = (
				D39C6E911046730A004CA6AF /* GDeviceDefs.h */,
				D39C6E921046730A004CA6AF /* GUIDOEngine.h */,
				D39C6E931046730A004CA6AF /* GUIDOExport.h */,
				D39C6E941046730A004CA6AF /* GUIDOFactory.h */,
				D39C6E951046730A004CA6AF /* GuidoFeedback.h */,
				D39C6E961046730A004CA6AF /* GUIDOScoreMap.h */,
				D39C6E971046730A004CA6AF /* MusicalSymbols.h */,
				D39C6E981046730A004CA6AF /* SVGSystem.h */,
				D39C6E991046730A004CA6AF /* TRect.h */,
				D39C6E9A1046730A004CA6AF /* VGColor.h */,
				D39C6E9B1046730A004CA6AF /* VGDevice.h */,
				D39C6E9C1046730A004CA6AF /* VGFont.h */,
				D39C6E9D1046730A004CA6AF /* VGPen.h */,
				D39C6E9E1046730A004CA6AF /* VGSystem.h */,
			);
			name = include;
			path = ../src/include;
			sourceTree = SOURCE_ROOT;
		};
		D39C6E9F10467314004CA6AF /* devices */ = {
			isa = PBXGroup;
			children = (
				D39C6EA310467314004CA6AF /* GDeviceOSX.h */,
				D39C6EA710467314004CA6AF /* GFontOSX.h */,
				D39C6EAD10467314004CA6AF /* GSystemOSX.h */,
			);
			name = devices;
			path = src;
			sourceTree = SOURCE_ROOT;
		};
		D3B64FEA104D041500137A9E /* src */ = {
			isa = PBXGroup;
			children = (
				D31EB8140E0A9FDB006D60A5 /* CarbonControlUtils.cpp */,
				D31EB8160E0A9FDB006D60A5 /* ExportImageDialog.cpp */,
				D31EB8170E0A9FDB006D60A5 /* ExportImageDialog.h */,
				D31EB8180E0A9FDB006D60A5 /* ExportImageWizard.cpp */,
				D31EB8190E0A9FDB006D60A5 /* ExportImageWizard.h */,
				D31EB81B0E0A9FDB006D60A5 /* GuidoCarbonControl.cpp */,
				D31EB81C0E0A9FDB006D60A5 /* GuidoCarbonControl.h */,
				D31EB81E0E0A9FDB006D60A5 /* GuidoDocInfos.h */,
				D31EB81F0E0A9FDB006D60A5 /* GuidoDocWindow.cpp */,
				D31EB8200E0A9FDB006D60A5 /* GuidoDocWindow.h */,
				D31EB8210E0A9FDB006D60A5 /* GuidoGfxExporter.cpp */,
				D31EB8220E0A9FDB006D60A5 /* GuidoGfxExporter.h */,
				D31EB8250E0A9FDB006D60A5 /* GuidoPrefs.cpp */,
				D31EB8260E0A9FDB006D60A5 /* GuidoPrefs.h */,
				D31EB8270E0A9FDB006D60A5 /* GuidoQuartzEventHandlers.cpp */,
				D31EB8290E0A9FDB006D60A5 /* GuidoQuartzViewerApp.cpp */,
				D31EB82A0E0A9FDB006D60A5 /* GuidoQuartzViewerApp.h */,
				D31EB82B0E0A9FDB006D60A5 /* GuidoViewerConsts.h */,
				D31EB82D0E0A9FDB006D60A5 /* MacAlertBox.cpp */,
				D31EB82E0E0A9FDB006D60A5 /* MacAlertBox.h */,
				D31EB82F0E0A9FDB006D60A5 /* MacCarbonTimer.cpp */,
				D31EB8300E0A9FDB006D60A5 /* MacCarbonTimer.h */,
				D31EB8310E0A9FDB006D60A5 /* MacDialogBox.cpp */,
				D31EB8320E0A9FDB006D60A5 /* MacDialogBox.h */,
				D31EB8330E0A9FDB006D60A5 /* MacFileSelector.cpp */,
				D31EB8340E0A9FDB006D60A5 /* MacFileSelector.h */,
				D31EB8350E0A9FDB006D60A5 /* MacFileTools.cpp */,
				D31EB8360E0A9FDB006D60A5 /* MacGfxExporter.cpp */,
				D31EB8370E0A9FDB006D60A5 /* MacGfxExporter.h */,
				D31EB8380E0A9FDB006D60A5 /* MacGuidoPrintTask.cpp */,
				D31EB8390E0A9FDB006D60A5 /* MacGuidoPrintTask.h */,
				D31EB83A0E0A9FDB006D60A5 /* MacPrintTask.cpp */,
				D31EB83B0E0A9FDB006D60A5 /* MacPrintTask.h */,
				D31EB83C0E0A9FDB006D60A5 /* MacStringTools.cpp */,
				D31EB83D0E0A9FDB006D60A5 /* MacTools.h */,
				D31EB83E0E0A9FDB006D60A5 /* MClock.h */,
				D31EB83F0E0A9FDB006D60A5 /* MStrings.cpp */,
				D31EB8400E0A9FDB006D60A5 /* MStrings.h */,
			);
			name = src;
			sourceTree = "<group>";
		};
/* End PBXGroup section */

/* Begin PBXNativeTarget section */
		D31EB7B70E0A9683006D60A5 /* GuidoQuartzFontViewer */ = {
			isa = PBXNativeTarget;
			buildConfigurationList = D31EB7BD0E0A9684006D60A5 /* Build configuration list for PBXNativeTarget "GuidoQuartzFontViewer" */;
			buildPhases = (
				D31EB7B40E0A9683006D60A5 /* Resources */,
				D31EB7B50E0A9683006D60A5 /* Sources */,
				D31EB7B60E0A9683006D60A5 /* Frameworks */,
			);
			buildRules = (
			);
			dependencies = (
			);
			name = GuidoQuartzFontViewer;
			productName = GuidoQuartzFontViewer;
			productReference = D31EB7B80E0A9683006D60A5 /* GuidoQuartzFontViewer.app */;
			productType = "com.apple.product-type.application";
		};
		D31EB8090E0A9FB8006D60A5 /* GuidoQuartzViewer */ = {
			isa = PBXNativeTarget;
			buildConfigurationList = D31EB80F0E0A9FB9006D60A5 /* Build configuration list for PBXNativeTarget "GuidoQuartzViewer" */;
			buildPhases = (
				D31EB8060E0A9FB8006D60A5 /* Resources */,
				D31EB8070E0A9FB8006D60A5 /* Sources */,
				D31EB8080E0A9FB8006D60A5 /* Frameworks */,
			);
			buildRules = (
			);
			dependencies = (
			);
			name = GuidoQuartzViewer;
			productName = GuidoQuartzViewer;
			productReference = D31EB80A0E0A9FB8006D60A5 /* GuidoQuartzViewer.app */;
			productType = "com.apple.product-type.application";
		};
/* End PBXNativeTarget section */

/* Begin PBXProject section */
		0867D690FE84028FC02AAC07 /* Project object */ = {
			isa = PBXProject;
			buildConfigurationList = 4FADC24608B4156D00ABE55E /* Build configuration list for PBXProject "GUIDOQuartz" */;
			compatibilityVersion = "Xcode 2.4";
			developmentRegion = English;
			hasScannedForEncodings = 1;
			knownRegions = (
				English,
				Japanese,
				French,
				German,
			);
			mainGroup = 0867D691FE84028FC02AAC07 /* GUIDOEngine */;
			productRefGroup = 034768DDFF38A45A11DB9C8B /* Products */;
			projectDirPath = "";
			projectRoot = ../..;
			targets = (
				D31EB7BE0E0A96D5006D60A5 /* all */,
				D31EB7B70E0A9683006D60A5 /* GuidoQuartzFontViewer */,
				D31EB8090E0A9FB8006D60A5 /* GuidoQuartzViewer */,
			);
		};
/* End PBXProject section */

/* Begin PBXResourcesBuildPhase section */
		D31EB7B40E0A9683006D60A5 /* Resources */ = {
			isa = PBXResourcesBuildPhase;
			buildActionMask = 2147483647;
			files = (
				D31EB7EC0E0A9DF3006D60A5 /* guido.icns in Resources */,
				D31EB7F20E0A9DF3006D60A5 /* Info.plist in Resources */,
				D31EB8FE0E0AA52D006D60A5 /* GuidoQuartzFontViewer-Info.plist in Resources */,
				D31EB9010E0AA56D006D60A5 /* main.nib in Resources */,
			);
			runOnlyForDeploymentPostprocessing = 0;
		};
		D31EB8060E0A9FB8006D60A5 /* Resources */ = {
			isa = PBXResourcesBuildPhase;
			buildActionMask = 2147483647;
			files = (
				D31EB8480E0A9FDB006D60A5 /* guido.icns in Resources */,
				D31EB8500E0A9FDB006D60A5 /* GuidoQuartzViewer.nib in Resources */,
				D39C6ED91046839F004CA6AF /* guido2.ttf in Resources */,
			);
			runOnlyForDeploymentPostprocessing = 0;
		};
/* End PBXResourcesBuildPhase section */

/* Begin PBXSourcesBuildPhase section */
		D31EB7B50E0A9683006D60A5 /* Sources */ = {
			isa = PBXSourcesBuildPhase;
			buildActionMask = 2147483647;
			files = (
				D31EB7EB0E0A9DF3006D60A5 /* FontDrawer.cp in Sources */,
				D31EB7ED0E0A9DF3006D60A5 /* TApplication.cp in Sources */,
				D31EB7EE0E0A9DF3006D60A5 /* TCarbonEvent.cp in Sources */,
				D31EB7EF0E0A9DF3006D60A5 /* TEventHandler.cp in Sources */,
				D31EB7F00E0A9DF3006D60A5 /* TNib.cp in Sources */,
				D31EB7F10E0A9DF3006D60A5 /* TWindow.cp in Sources */,
				D31EB7F30E0A9DF3006D60A5 /* main.cp in Sources */,
			);
			runOnlyForDeploymentPostprocessing = 0;
		};
		D31EB8070E0A9FB8006D60A5 /* Sources */ = {
			isa = PBXSourcesBuildPhase;
			buildActionMask = 2147483647;
			files = (
				D31EB8440E0A9FDB006D60A5 /* CarbonControlUtils.cpp in Sources */,
				D31EB8460E0A9FDB006D60A5 /* ExportImageDialog.cpp in Sources */,
				D31EB8470E0A9FDB006D60A5 /* ExportImageWizard.cpp in Sources */,
				D31EB8490E0A9FDB006D60A5 /* GuidoCarbonControl.cpp in Sources */,
				D31EB84B0E0A9FDB006D60A5 /* GuidoDocWindow.cpp in Sources */,
				D31EB84C0E0A9FDB006D60A5 /* GuidoGfxExporter.cpp in Sources */,
				D31EB84E0E0A9FDB006D60A5 /* GuidoPrefs.cpp in Sources */,
				D31EB84F0E0A9FDB006D60A5 /* GuidoQuartzEventHandlers.cpp in Sources */,
				D31EB8510E0A9FDB006D60A5 /* GuidoQuartzViewerApp.cpp in Sources */,
				D31EB8530E0A9FDB006D60A5 /* MacAlertBox.cpp in Sources */,
				D31EB8540E0A9FDB006D60A5 /* MacCarbonTimer.cpp in Sources */,
				D31EB8550E0A9FDB006D60A5 /* MacDialogBox.cpp in Sources */,
				D31EB8560E0A9FDB006D60A5 /* MacFileSelector.cpp in Sources */,
				D31EB8570E0A9FDB006D60A5 /* MacFileTools.cpp in Sources */,
				D31EB8580E0A9FDB006D60A5 /* MacGfxExporter.cpp in Sources */,
				D31EB8590E0A9FDB006D60A5 /* MacGuidoPrintTask.cpp in Sources */,
				D31EB85A0E0A9FDB006D60A5 /* MacPrintTask.cpp in Sources */,
				D31EB85B0E0A9FDB006D60A5 /* MacStringTools.cpp in Sources */,
				D31EB85C0E0A9FDB006D60A5 /* MStrings.cpp in Sources */,
				D31EB8650E0AA042006D60A5 /* CGuidoDoc.cpp in Sources */,
			);
			runOnlyForDeploymentPostprocessing = 0;
		};
/* End PBXSourcesBuildPhase section */

/* Begin PBXTargetDependency section */
		D31EB7C40E0A96E3006D60A5 /* PBXTargetDependency */ = {
			isa = PBXTargetDependency;
			target = D31EB7B70E0A9683006D60A5 /* GuidoQuartzFontViewer */;
			targetProxy = D31EB7C30E0A96E3006D60A5 /* PBXContainerItemProxy */;
		};
		D31EB8110E0A9FC2006D60A5 /* PBXTargetDependency */ = {
			isa = PBXTargetDependency;
			target = D31EB8090E0A9FB8006D60A5 /* GuidoQuartzViewer */;
			targetProxy = D31EB8100E0A9FC2006D60A5 /* PBXContainerItemProxy */;
		};
/* End PBXTargetDependency section */

/* Begin XCBuildConfiguration section */
		4FADC24708B4156D00ABE55E /* Debug */ = {
			isa = XCBuildConfiguration;
			buildSettings = {
				GCC_WARN_ABOUT_RETURN_TYPE = YES;
				GCC_WARN_UNUSED_VARIABLE = YES;
				PREBINDING = NO;
				SDKROOT = /Developer/SDKs/MacOSX10.5.sdk;
			};
			name = Debug;
		};
		4FADC24808B4156D00ABE55E /* Release */ = {
			isa = XCBuildConfiguration;
			buildSettings = {
				GCC_WARN_ABOUT_RETURN_TYPE = YES;
				GCC_WARN_UNUSED_VARIABLE = YES;
				PREBINDING = NO;
				SDKROOT = /Developer/SDKs/MacOSX10.5.sdk;
			};
			name = Release;
		};
		D31EB7BB0E0A9684006D60A5 /* Debug */ = {
			isa = XCBuildConfiguration;
			buildSettings = {
				COPY_PHASE_STRIP = NO;
				FRAMEWORK_SEARCH_PATHS = (
					"$(inherited)",
					"$(FRAMEWORK_SEARCH_PATHS_QUOTED_FOR_TARGET_1)",
					"$(FRAMEWORK_SEARCH_PATHS_QUOTED_FOR_TARGET_2)",
				);
				FRAMEWORK_SEARCH_PATHS_QUOTED_FOR_TARGET_1 = "\"$(SRCROOT)/build/Release\"";
				FRAMEWORK_SEARCH_PATHS_QUOTED_FOR_TARGET_2 = "\"$(SRCROOT)/../cmake/Release\"";
				GCC_DYNAMIC_NO_PIC = NO;
				GCC_ENABLE_FIX_AND_CONTINUE = YES;
				GCC_MODEL_TUNING = G5;
				GCC_OPTIMIZATION_LEVEL = 0;
				GCC_PRECOMPILE_PREFIX_HEADER = YES;
				GCC_PREFIX_HEADER = "$(SYSTEM_LIBRARY_DIR)/Frameworks/Carbon.framework/Headers/Carbon.h";
				INFOPLIST_FILE = "GuidoQuartzFontViewer/GuidoQuartzFontViewer-Info.plist";
				INSTALL_PATH = "$(HOME)/Applications";
				OTHER_LDFLAGS = (
					"-framework",
					Carbon,
				);
				PREBINDING = NO;
				PRODUCT_NAME = GuidoQuartzFontViewer;
				SDKROOT = /Developer/SDKs/MacOSX10.5.sdk;
				WRAPPER_EXTENSION = app;
				ZERO_LINK = YES;
			};
			name = Debug;
		};
		D31EB7BC0E0A9684006D60A5 /* Release */ = {
			isa = XCBuildConfiguration;
			buildSettings = {
				COPY_PHASE_STRIP = YES;
				DEBUG_INFORMATION_FORMAT = "dwarf-with-dsym";
				FRAMEWORK_SEARCH_PATHS = (
					"$(inherited)",
					"$(FRAMEWORK_SEARCH_PATHS_QUOTED_FOR_TARGET_1)",
					"$(FRAMEWORK_SEARCH_PATHS_QUOTED_FOR_TARGET_2)",
				);
				FRAMEWORK_SEARCH_PATHS_QUOTED_FOR_TARGET_1 = "\"$(SRCROOT)/build/Release\"";
				FRAMEWORK_SEARCH_PATHS_QUOTED_FOR_TARGET_2 = "\"$(SRCROOT)/../cmake/Release\"";
				GCC_ENABLE_FIX_AND_CONTINUE = NO;
				GCC_MODEL_TUNING = G5;
				GCC_PRECOMPILE_PREFIX_HEADER = YES;
				GCC_PREFIX_HEADER = "$(SYSTEM_LIBRARY_DIR)/Frameworks/Carbon.framework/Headers/Carbon.h";
				INFOPLIST_FILE = "GuidoQuartzFontViewer/GuidoQuartzFontViewer-Info.plist";
				INSTALL_PATH = "$(HOME)/Applications";
				OTHER_LDFLAGS = (
					"-framework",
					Carbon,
				);
				PREBINDING = NO;
				PRODUCT_NAME = GuidoQuartzFontViewer;
				SDKROOT = /Developer/SDKs/MacOSX10.5.sdk;
				WRAPPER_EXTENSION = app;
				ZERO_LINK = NO;
			};
			name = Release;
		};
		D31EB7BF0E0A96D5006D60A5 /* Debug */ = {
			isa = XCBuildConfiguration;
			buildSettings = {
				COPY_PHASE_STRIP = NO;
				GCC_DYNAMIC_NO_PIC = NO;
				GCC_OPTIMIZATION_LEVEL = 0;
				PRODUCT_NAME = all;
				SDKROOT = /Developer/SDKs/MacOSX10.4u.sdk;
			};
			name = Debug;
		};
		D31EB7C00E0A96D5006D60A5 /* Release */ = {
			isa = XCBuildConfiguration;
			buildSettings = {
				COPY_PHASE_STRIP = YES;
				DEBUG_INFORMATION_FORMAT = "dwarf-with-dsym";
				GCC_ENABLE_FIX_AND_CONTINUE = NO;
				PRODUCT_NAME = all;
				SDKROOT = /Developer/SDKs/MacOSX10.4u.sdk;
				ZERO_LINK = NO;
			};
			name = Release;
		};
		D31EB80D0E0A9FB9006D60A5 /* Debug */ = {
			isa = XCBuildConfiguration;
			buildSettings = {
				COPY_PHASE_STRIP = NO;
				DYLIB_COMPATIBILITY_VERSION = "";
				DYLIB_CURRENT_VERSION = "";
				FRAMEWORK_SEARCH_PATHS = (
					"$(inherited)",
					"$(FRAMEWORK_SEARCH_PATHS_QUOTED_FOR_TARGET_1)",
					"$(FRAMEWORK_SEARCH_PATHS_QUOTED_FOR_TARGET_2)",
					"$(FRAMEWORK_SEARCH_PATHS_QUOTED_FOR_TARGET_3)",
					"$(FRAMEWORK_SEARCH_PATHS_QUOTED_FOR_TARGET_4)",
					"$(FRAMEWORK_SEARCH_PATHS_QUOTED_FOR_TARGET_5)",
					"$(FRAMEWORK_SEARCH_PATHS_QUOTED_1)",
					"$(FRAMEWORK_SEARCH_PATHS_QUOTED_FOR_TARGET_6)",
					"$(FRAMEWORK_SEARCH_PATHS_QUOTED_FOR_TARGET_7)",
				);
				FRAMEWORK_SEARCH_PATHS_QUOTED_1 = "\"$(SRCROOT)/../../branches/notation/cmake/Release\"";
				FRAMEWORK_SEARCH_PATHS_QUOTED_FOR_TARGET_1 = "\"$(SRCROOT)/build/Release\"";
				FRAMEWORK_SEARCH_PATHS_QUOTED_FOR_TARGET_2 = "\"$(SRCROOT)/../cmake/Release\"";
				FRAMEWORK_SEARCH_PATHS_QUOTED_FOR_TARGET_3 = "\"$(SRCROOT)/../cmake/Debug\"";
				FRAMEWORK_SEARCH_PATHS_QUOTED_FOR_TARGET_4 = "\"$(SRCROOT)/../cmake/Debug\"";
				FRAMEWORK_SEARCH_PATHS_QUOTED_FOR_TARGET_5 = "\"$(SRCROOT)/../cmake/Release\"";
				FRAMEWORK_SEARCH_PATHS_QUOTED_FOR_TARGET_6 = "\"$(SRCROOT)/../cmake/Debug\"";
				FRAMEWORK_SEARCH_PATHS_QUOTED_FOR_TARGET_7 = "\"$(SRCROOT)/../cmake/Release\"";
				GCC_DYNAMIC_NO_PIC = NO;
				GCC_ENABLE_FIX_AND_CONTINUE = YES;
				GCC_MODEL_TUNING = G5;
				GCC_OPTIMIZATION_LEVEL = 0;
				GCC_PRECOMPILE_PREFIX_HEADER = YES;
				GCC_PREFIX_HEADER = "$(SYSTEM_LIBRARY_DIR)/Frameworks/Carbon.framework/Headers/Carbon.h";
				INFOPLIST_FILE = "GuidoQuartz/GuidoQuartzViewer-Info.plist";
				INSTALL_PATH = "$(HOME)/Applications";
				OTHER_LDFLAGS = (
					"-framework",
					Carbon,
				);
				PREBINDING = NO;
				PRODUCT_NAME = GuidoQuartzViewer;
				SDKROOT = /Developer/SDKs/MacOSX10.5.sdk;
				WRAPPER_EXTENSION = app;
				ZERO_LINK = YES;
			};
			name = Debug;
		};
		D31EB80E0E0A9FB9006D60A5 /* Release */ = {
			isa = XCBuildConfiguration;
			buildSettings = {
				ARCHS = (
					i386,
					ppc,
				);
				COPY_PHASE_STRIP = YES;
				DEBUG_INFORMATION_FORMAT = "dwarf-with-dsym";
				DYLIB_COMPATIBILITY_VERSION = "";
				DYLIB_CURRENT_VERSION = "";
				FRAMEWORK_SEARCH_PATHS = (
					"$(inherited)",
					"$(FRAMEWORK_SEARCH_PATHS_QUOTED_FOR_TARGET_1)",
					"$(FRAMEWORK_SEARCH_PATHS_QUOTED_FOR_TARGET_2)",
					"$(FRAMEWORK_SEARCH_PATHS_QUOTED_FOR_TARGET_3)",
					"$(FRAMEWORK_SEARCH_PATHS_QUOTED_FOR_TARGET_4)",
					"$(FRAMEWORK_SEARCH_PATHS_QUOTED_FOR_TARGET_5)",
					"$(FRAMEWORK_SEARCH_PATHS_QUOTED_FOR_TARGET_6)",
					"$(FRAMEWORK_SEARCH_PATHS_QUOTED_FOR_TARGET_7)",
					"$(FRAMEWORK_SEARCH_PATHS_QUOTED_FOR_TARGET_8)",
				);
				FRAMEWORK_SEARCH_PATHS_QUOTED_FOR_TARGET_1 = "\"$(SRCROOT)/build/Release\"";
				FRAMEWORK_SEARCH_PATHS_QUOTED_FOR_TARGET_2 = "\"$(SRCROOT)/../cmake/Release\"";
				FRAMEWORK_SEARCH_PATHS_QUOTED_FOR_TARGET_3 = "\"$(SRCROOT)/../cmake/Debug\"";
				FRAMEWORK_SEARCH_PATHS_QUOTED_FOR_TARGET_4 = "\"$(SRCROOT)/../cmake/Debug\"";
				FRAMEWORK_SEARCH_PATHS_QUOTED_FOR_TARGET_5 = "\"$(SRCROOT)/../cmake/Release\"";
				FRAMEWORK_SEARCH_PATHS_QUOTED_FOR_TARGET_6 = "\"$(SRCROOT)/../../branches/notation/cmake/Release\"";
				FRAMEWORK_SEARCH_PATHS_QUOTED_FOR_TARGET_7 = "\"$(SRCROOT)/../cmake/Debug\"";
				FRAMEWORK_SEARCH_PATHS_QUOTED_FOR_TARGET_8 = "\"$(SRCROOT)/../cmake/Release\"";
				GCC_ENABLE_FIX_AND_CONTINUE = NO;
				GCC_MODEL_TUNING = G5;
				GCC_OPTIMIZATION_LEVEL = s;
				GCC_PRECOMPILE_PREFIX_HEADER = YES;
				GCC_PREFIX_HEADER = "$(SYSTEM_LIBRARY_DIR)/Frameworks/Carbon.framework/Headers/Carbon.h";
				INFOPLIST_FILE = "GuidoQuartz/GuidoQuartzViewer-Info.plist";
				INSTALL_PATH = "$(HOME)/Applications";
				OTHER_LDFLAGS = (
					"-framework",
					Carbon,
				);
				PREBINDING = NO;
				PRODUCT_NAME = GuidoQuartzViewer;
				SDKROOT = /Developer/SDKs/MacOSX10.5.sdk;
				WRAPPER_EXTENSION = app;
				ZERO_LINK = NO;
			};
			name = Release;
		};
/* End XCBuildConfiguration section */

/* Begin XCConfigurationList section */
		4FADC24608B4156D00ABE55E /* Build configuration list for PBXProject "GUIDOQuartz" */ = {
			isa = XCConfigurationList;
			buildConfigurations = (
				4FADC24708B4156D00ABE55E /* Debug */,
				4FADC24808B4156D00ABE55E /* Release */,
			);
			defaultConfigurationIsVisible = 0;
			defaultConfigurationName = Release;
		};
		D31EB7BD0E0A9684006D60A5 /* Build configuration list for PBXNativeTarget "GuidoQuartzFontViewer" */ = {
			isa = XCConfigurationList;
			buildConfigurations = (
				D31EB7BB0E0A9684006D60A5 /* Debug */,
				D31EB7BC0E0A9684006D60A5 /* Release */,
			);
			defaultConfigurationIsVisible = 0;
			defaultConfigurationName = Release;
		};
		D31EB7C50E0A9701006D60A5 /* Build configuration list for PBXAggregateTarget "all" */ = {
			isa = XCConfigurationList;
			buildConfigurations = (
				D31EB7BF0E0A96D5006D60A5 /* Debug */,
				D31EB7C00E0A96D5006D60A5 /* Release */,
			);
			defaultConfigurationIsVisible = 0;
			defaultConfigurationName = Release;
		};
		D31EB80F0E0A9FB9006D60A5 /* Build configuration list for PBXNativeTarget "GuidoQuartzViewer" */ = {
			isa = XCConfigurationList;
			buildConfigurations = (
				D31EB80D0E0A9FB9006D60A5 /* Debug */,
				D31EB80E0E0A9FB9006D60A5 /* Release */,
			);
			defaultConfigurationIsVisible = 0;
			defaultConfigurationName = Release;
		};
/* End XCConfigurationList section */
	};
	rootObject = 0867D690FE84028FC02AAC07 /* Project object */;
}
